{
  "version": 4,
  "terraform_version": "0.12.9",
  "serial": 354,
  "lineage": "306f0634-59bf-9f1e-2bd1-9d78ba6f5a47",
  "outputs": {
    "ConfigMap": {
      "value": "apiVersion: v1\nkind: ConfigMap\nmetadata:\n  name: aws-auth\n  namespace: kube-system\ndata:\n  mapRoles: |\n    - rolearn: arn:aws:iam::536969602909:role/eks-node-role\n      username: system:node:{{EC2PrivateDNSName}}\n      groups:\n        - system:bootstrappers\n        - system:nodes\n",
      "type": "string"
    },
    "key_name": {
      "value": "ambitious_key",
      "type": "string"
    },
    "kubectl_config": {
      "value": "apiVersion: v1\nclusters:\n- cluster:\n    server: https://816E5EB0D7C5C046EDA9355F41FA09BD.gr7.us-east-1.eks.amazonaws.com\n    certificate-authority-data: LS0tLS1CRUdJTiBDRVJUSUZJQ0FURS0tLS0tCk1JSUN5RENDQWJDZ0F3SUJBZ0lCQURBTkJna3Foa2lHOXcwQkFRc0ZBREFWTVJNd0VRWURWUVFERXdwcmRXSmwKY201bGRHVnpNQjRYRFRJd01URXdOekEzTURnME1Gb1hEVE13TVRFd05UQTNNRGcwTUZvd0ZURVRNQkVHQTFVRQpBeE1LYTNWaVpYSnVaWFJsY3pDQ0FTSXdEUVlKS29aSWh2Y05BUUVCQlFBRGdnRVBBRENDQVFvQ2dnRUJBSzhBCmZtL2Z3dFpZVW5BQjQzVkdNc3NINlZpZ2VIQ0ZlR2xhbjEyWnEvaXpMNXZZUTJORSsxamdvYW5tMDc2YnNZZEYKZFN5OHlvdDFwcU5OUVJ4bkNYNXB1ckJBZmRkSXJ5TXpDa054VDlNcnNpbHF5dk9VSHZtbmN3ejgxM2JvN3piSQpWUmhmTzZMUWdrUTRHUWlSMWxyaklxU3FDU3IvRzlZVnE5aW1oYVYvZEowa2tCeFI4VmJXR1JiN2pPcUpjdzhSCjAvNlRYaS9zclN0eVNkVGpXYUljd1RVTFFWbDZSMUNiR0poK09Ra0E1ZGNsWnBOalN4K095T0VNTDVOWjhVcTAKb21NeTN6OSs3U0lReTNyTWcxNHFnTEdZRkpXQ1ExTk5wTkpvTzVseU1oY0pOYXhuMm0zUGpZSDJ4UUhTYlNGMgpQYjRsTGE4ZDdLOTRVT0s1WTJzQ0F3RUFBYU1qTUNFd0RnWURWUjBQQVFIL0JBUURBZ0trTUE4R0ExVWRFd0VCCi93UUZNQU1CQWY4d0RRWUpLb1pJaHZjTkFRRUxCUUFEZ2dFQkFBTm5pWUU4ZWhINmJxRUZlUEhFei9QZDQxQkUKcUNTVjVsWkM5b0VMN1Jua0ppemZxV0RKYjA2U05aRCtjc0VDaEo5SGY4dUJ1TGJpaEtFdGRkNzdrQll4cCtMegpVMFBMVjlqK2hGZ2laYnp4cVJONUFWVTZrdUtWbitpYUYzTmp0c2dQK0JGRmk0cEUzcUZ2blhEcVZBQUlFYTNPCjV1NlZGS3V0V0dKV2hEV1BkUXNGZlVybGlOZFZRK0hrenVnNjA1Q3FvSzZVQU51M1ZvSTlNVmxaWTdteXBETW0KQm1YeE03VFlkalVFc01zSXlVay80OVF6WnFVTS9uejg2L2FqZkFYbzJqRFdmcmMxdWhRbXZ4Wmt0UmkwSGlrdgpkSmx5MGhtSkJpeTU0UWhKNXlqMFJPNzRCSS9iOGdXcW5DdmJCRHE4MGR5YTV1V0l5anVhMVAzZU5QWT0KLS0tLS1FTkQgQ0VSVElGSUNBVEUtLS0tLQo=\n  name: kubernetes\ncontexts:\n- context:\n    cluster: kubernetes\n    user: aws\n  name: aws\ncurrent-context: aws\nkind: Config\npreferences: {}\nusers:\n- name: aws\n  user:\n    exec:\n      apiVersion: client.authentication.k8s.io/v1alpha1\n      command: aws-iam-authenticator\n      args:\n        - \"token\"\n        - \"-i\"\n        - \"eks-dev-amb-cluster\"\n",
      "type": "string"
    },
    "private_key_file": {
      "value": "./ambitious_key.id_rsa",
      "type": "string"
    },
    "private_key_pem": {
      "value": "-----BEGIN RSA PRIVATE KEY-----\nMIIJKAIBAAKCAgEAsIFP0HwXd/Xjz5JpUPGSGruIwt5KuKzAvbE3eQqaNFye8w92\nmERJ7+9jjHiQ7izTaleKXi8YtZQGsg5ojzaG1sIX7EoEqL6r72BdrsywEZWfGE7P\n/XqFRGXs3pcu/niHEgM1ymv4ZLXAdbuoaW9sk1OrWToCag5HXPaNHbzhoDL/7yQz\nSJwNe9SVvcbyPjVd1uZKTUFB82tJmNPfOKYQtvnxnkMzI9AnXJ+Mjsbws+OpF4de\n6x8e55Hf0s3aslrqQSXBJa/CSsykc/bIq6rgAmBpBLXzqe7aTlnymWVC62TsrKMt\nv1pi8yg7v7oBEuNHmIVM7Nit82Q0yeNGLPtYXx6p60SUJ+eJ3njGdNlBt6cjXfKg\n17mxZWWEBHhqqoGqtwtxkttTGJNKuOv7winN1WUhacFWQCrAXd8QWhBeOTRKnp5m\n/6WHhSDggnjKBVIawNQyw03j8kv6V0PduhHVKrR7SNw0VoduzvNcnIbxVTTcUSID\nEiYvEvRQfzh9j2ToNY2209AOzt0A0oh2lsmglGQ9F6oLTRGL1TkftQH9+yJp0Oky\n7BKlEHVChOcMkXM+Sbd4wEmJluOVphbDIi0RXvI9ux6Xbm4SjFfWqudKHuve72Q+\nmC4pM4xBbfe11jSZ7BJUoc5yanaOxDMuFc3XojiaiPZ+3lH/Fi5QMyYxbIMCAwEA\nAQKCAgEAn6oaHSpjwGx6S4bSJhqgY/ZI3J5hUXVUVUQ+PgxNOhie4JiYW11K1PTk\nRGm8EPgTtxrBXDmWTIs/E0rdYs+cYiDpqyG53Tu+JKgzlrAqhX2nkUGZ/F4ct6bM\nAv8Xz7IP3UdyHU5WQCP5mYbL7bSRryP82JYVIQMRoxKUzNXT9CquQhGpIoGn4OCJ\nJEcXUxbLcF6Z0BC8LApdZRYj0wbGD/9BhjybwkXFlY/ugimMC+5hQ5t9TYu1VR0s\nL3Fv5+8+APi6I/E9/JPqH8yZ8lB8mynDVjOR26Lpb/8F6aUkR/Pf9LsX4wVMhVFb\n2y/TUNawKVRMJeRMVuPKrOYe0Qn9AW3A80jVPMM9aUCDSNxyfNd4qrXtWktgW3zM\nvHNt3JsUfFfelNYmN1sT/4DIFap+HlgdcvuhKFXA/WT0RmNHI1KB26VKoh0eoDEo\ndN5w/YTfSM/5gA4X6g4KAw3lG/esLGinaRFaq5dn80ALWpgVAMzyYgrbvpjsPOon\nV/EnYK9QnmfSiNt4smrgTIgtQFjPb08QtFoXHWAWbTKM8TnUL4fjACKTOZlNPTrS\nNHm9/4/HFD+ze1de6wdCe2AIBgGsmxCwyOCVxfT6WIGl4rO3mdSHItSG90dtC2EF\n4asMnA+WvuMrldqwk8zPh5kDut3nJ9ntfzD2ewe+r/275VcGKqECggEBAN1wlB3o\nzmWKFijdsMTOyBc68IE02ZCFvjXjTknQ/SW1feOnDgoPaT3bjixq+oaP6akRAJcM\nHHpa7qFcxPknNlgzFBVs4xidRf1CAbB1r57/NbpTyeeB0ImIbc3ax2sf10DyPOR/\n+mkcbO4NsfT5+IOlCr4pHEhdxZV3vkPjGHRP/XOSC1iOxtB1UOVOTztvkFRQSFzH\n/v54dmt9hMSkaSJuLTWkAPQoH3jOEDwaORCxOtrBeuNvEpAazxiZqPhVmcm+/CUq\ncu7AbjQZyUIdR74P0sgh2v4aQ2xOxIauVtrWH+KuE9JfR6OPlFdveZ9Wcov6RTVD\n4sOejCMwgC/7AL0CggEBAMwNaUefob2UtNH0KPitWMeN6J8S1GjKwfQw7xzINb23\nmLCPyc1C3dgAhgyEgW4PVR+gFvoC9VnRvRTB/aCl21CyCXWNc3NvOWNjMmLYAWIT\n1RnTkvTvj5JOL+ZaX+pdflYIwRqhmPYltDjSXjswg5CbwVCrv9oBXU2ONmzyIiLV\n5JGq1ZF0VGEZzVvzgkYlyb0M1gawSAPkzB5XDYJmgHNR2Qzcgc38DuKVLGYNVkUf\nwXfToxvSIjCiVNBxi0QYUIbW9/f2nkgQVifAhkPm8rp94W9IGDR6keSPAOgqyiQW\nDqS/2ta4cXGmeN48GO+bDaRqZz1hRsUA5qQcAbaMFj8CggEAYtvBpGCs1DQDlJb0\nNcjDF2vetzAq+RRcSJ6D8vx0J4ORAjMwV1lt+ImuPTI9ShmxjSLkCosDo7Q42J0b\n6seQwWt8SdxkvjZoapovOuIvV2JEUDzb5JjVyrC3pLFJWg/K/1mlybVAy/A+yUAf\n9GgshEkINMERuVTzwrjEnnYiErsrQY8vtYd4RtQ5G0YMpVI3MwzsYU+ADYcmBvLw\ndQGZVh+t20aujlHjSwFjyhFC7KrSxZqfDC4oMWFml2ryPnuovqKe2tDKosAR8vyY\nFwYPY1CZH3PN2qdK9m1r21y1tdjmP0LL4p1a1DBjX22K9JGZbdh7UT5PXFnJ4mPi\ntojuWQKCAQBKBK9k8M399BxncJcQJelncd2pHm54mNwkVT/Xg/Sinh/AJFiCobfR\na9c0YTiGEP/C2hKbnEkdzMw25Gu5Q5C7w+lUf/waKoV5vPkBC/PsfN83YB0VxnSh\nEMWlXLEgVcvHL6PEokvXNjQazIysEdwXr7g/KB4O2aHbyTOK74ZcdpRUFtEj0zvs\ngSySJ1HhWkHE1wwoHvfwmaVFeDSJUd9UdaMzXCWl78IChTQ2zK23o15NtjKbm+0V\nET2M4zMuf1duojoO86HU6EAoaVkK9pKj/ZeyA0fseW3Ep+8fSK5MyseDEakzbHKS\nVF3R16EAAZHAS2ypwkimm74OV65zZnuHAoIBAAOoLChUNbknjsbeKVorGnEdAO8K\nMfCmvG3jTJlFUkZS17qCaISqTd/k4E4R8bK2RVQGvtoOsxyTz1gAF5gTZp+7erB+\niryGmqE7Tqfq3lGVtaFcEKW17pHhxLTSW0aOnZQt38Xho+uwiBgw6B4WyJBisRwM\nYtt/kCVOOHNGiBOXmgQTXC7jTZ5TGTsuvtEZrmpwpU3mtVm3/MZ35Fcddc2qtwt8\n4OLCXM/s3Yd+fqhHYGB8eB3YoIJAhFIwwRHkjfj7F+kNiucpVI0X5BbCmSpKpbxk\nHmnZSuFAFob89YRK2RkVlOklxYhFkNz3xPrHfGsIxevLBj/i58M1DTWG94E=\n-----END RSA PRIVATE KEY-----\n",
      "type": "string"
    },
    "public_key_file": {
      "value": "./ambitious_key.id_rsa.pub",
      "type": "string"
    },
    "public_key_openssh": {
      "value": "ssh-rsa AAAAB3NzaC1yc2EAAAADAQABAAACAQCwgU/QfBd39ePPkmlQ8ZIau4jC3kq4rMC9sTd5Cpo0XJ7zD3aYREnv72OMeJDuLNNqV4peLxi1lAayDmiPNobWwhfsSgSovqvvYF2uzLARlZ8YTs/9eoVEZezely7+eIcSAzXKa/hktcB1u6hpb2yTU6tZOgJqDkdc9o0dvOGgMv/vJDNInA171JW9xvI+NV3W5kpNQUHza0mY0984phC2+fGeQzMj0Cdcn4yOxvCz46kXh17rHx7nkd/SzdqyWupBJcElr8JKzKRz9sirquACYGkEtfOp7tpOWfKZZULrZOysoy2/WmLzKDu/ugES40eYhUzs2K3zZDTJ40Ys+1hfHqnrRJQn54neeMZ02UG3pyNd8qDXubFlZYQEeGqqgaq3C3GS21MYk0q46/vCKc3VZSFpwVZAKsBd3xBaEF45NEqenmb/pYeFIOCCeMoFUhrA1DLDTePyS/pXQ926EdUqtHtI3DRWh27O81ychvFVNNxRIgMSJi8S9FB/OH2PZOg1jbbT0A7O3QDSiHaWyaCUZD0XqgtNEYvVOR+1Af37ImnQ6TLsEqUQdUKE5wyRcz5Jt3jASYmW45WmFsMiLRFe8j27HpdubhKMV9aq50oe697vZD6YLikzjEFt97XWNJnsElShznJqdo7EMy4VzdeiOJqI9n7eUf8WLlAzJjFsgw==\n",
      "type": "string"
    }
  },
  "resources": [
    {
      "mode": "data",
      "type": "aws_ami",
      "name": "eks-gpu-node",
      "provider": "provider.aws",
      "instances": [
        {
          "schema_version": 0,
          "attributes": {
            "architecture": "x86_64",
            "arn": "arn:aws:ec2:us-east-1::image/ami-07976b5eda30dedb8",
            "block_device_mappings": [
              {
                "device_name": "/dev/xvda",
                "ebs": {
                  "delete_on_termination": "true",
                  "encrypted": "false",
                  "iops": "0",
                  "snapshot_id": "snap-02f23b620689201ca",
                  "volume_size": "20",
                  "volume_type": "gp2"
                },
                "no_device": "",
                "virtual_name": ""
              }
            ],
            "creation_date": "2020-10-07T22:08:03.000Z",
            "description": "EKS Kubernetes Worker AMI for Machine Learning Accelerated Workloads on AmazonLinux2 image (k8s: 1.18.8, docker:19.03.6ce-4.amzn2)",
            "executable_users": null,
            "filter": [
              {
                "name": "name",
                "values": [
                  "amazon-eks-gpu-node-1.18-*"
                ]
              }
            ],
            "hypervisor": "xen",
            "id": "ami-07976b5eda30dedb8",
            "image_id": "ami-07976b5eda30dedb8",
            "image_location": "amazon/amazon-eks-gpu-node-1.18-v20201007",
            "image_owner_alias": "amazon",
            "image_type": "machine",
            "kernel_id": null,
            "most_recent": true,
            "name": "amazon-eks-gpu-node-1.18-v20201007",
            "name_regex": null,
            "owner_id": "602401143452",
            "owners": [
              "amazon"
            ],
            "platform": null,
            "product_codes": [],
            "public": true,
            "ramdisk_id": null,
            "root_device_name": "/dev/xvda",
            "root_device_type": "ebs",
            "root_snapshot_id": "snap-02f23b620689201ca",
            "sriov_net_support": "simple",
            "state": "available",
            "state_reason": {
              "code": "UNSET",
              "message": "UNSET"
            },
            "tags": {},
            "virtualization_type": "hvm"
          }
        }
      ]
    },
    {
      "mode": "data",
      "type": "aws_ami",
      "name": "eks-node",
      "provider": "provider.aws",
      "instances": [
        {
          "schema_version": 0,
          "attributes": {
            "architecture": "x86_64",
            "arn": "arn:aws:ec2:us-east-1::image/ami-0fae38e27c6113140",
            "block_device_mappings": [
              {
                "device_name": "/dev/xvda",
                "ebs": {
                  "delete_on_termination": "true",
                  "encrypted": "false",
                  "iops": "0",
                  "snapshot_id": "snap-0e66305aac4292574",
                  "volume_size": "20",
                  "volume_type": "gp2"
                },
                "no_device": "",
                "virtual_name": ""
              }
            ],
            "creation_date": "2020-10-07T21:57:55.000Z",
            "description": "EKS Kubernetes Worker AMI with AmazonLinux2 image, (k8s: 1.18.8, docker:19.03.6ce-4.amzn2)",
            "executable_users": null,
            "filter": [
              {
                "name": "name",
                "values": [
                  "amazon-eks-node-1.18-*"
                ]
              }
            ],
            "hypervisor": "xen",
            "id": "ami-0fae38e27c6113140",
            "image_id": "ami-0fae38e27c6113140",
            "image_location": "amazon/amazon-eks-node-1.18-v20201007",
            "image_owner_alias": "amazon",
            "image_type": "machine",
            "kernel_id": null,
            "most_recent": true,
            "name": "amazon-eks-node-1.18-v20201007",
            "name_regex": null,
            "owner_id": "602401143452",
            "owners": [
              "amazon"
            ],
            "platform": null,
            "product_codes": [],
            "public": true,
            "ramdisk_id": null,
            "root_device_name": "/dev/xvda",
            "root_device_type": "ebs",
            "root_snapshot_id": "snap-0e66305aac4292574",
            "sriov_net_support": "simple",
            "state": "available",
            "state_reason": {
              "code": "UNSET",
              "message": "UNSET"
            },
            "tags": {},
            "virtualization_type": "hvm"
          }
        }
      ]
    },
    {
      "mode": "data",
      "type": "aws_availability_zones",
      "name": "available",
      "provider": "provider.aws",
      "instances": [
        {
          "schema_version": 0,
          "attributes": {
            "all_availability_zones": null,
            "exclude_names": null,
            "exclude_zone_ids": null,
            "filter": null,
            "group_names": [
              "us-east-1"
            ],
            "id": "2020-11-07 06:58:23.483756 +0000 UTC",
            "names": [
              "us-east-1a",
              "us-east-1b",
              "us-east-1c",
              "us-east-1d",
              "us-east-1e",
              "us-east-1f"
            ],
            "state": null,
            "zone_ids": [
              "use1-az4",
              "use1-az6",
              "use1-az1",
              "use1-az2",
              "use1-az3",
              "use1-az5"
            ]
          }
        }
      ]
    },
    {
      "mode": "managed",
      "type": "aws_autoscaling_group",
      "name": "eks-asg",
      "provider": "provider.aws",
      "instances": [
        {
          "schema_version": 0,
          "attributes": {
            "arn": "arn:aws:autoscaling:us-east-1:536969602909:autoScalingGroup:7d540187-e9ce-4c86-9c01-fb0c11c38d92:autoScalingGroupName/EKS cluster nodes",
            "availability_zones": [
              "us-east-1a",
              "us-east-1b",
              "us-east-1c"
            ],
            "default_cooldown": 300,
            "desired_capacity": 3,
            "enabled_metrics": null,
            "force_delete": false,
            "health_check_grace_period": 300,
            "health_check_type": "EC2",
            "id": "EKS cluster nodes",
            "initial_lifecycle_hook": [],
            "launch_configuration": "eks-node20201107071341078000000008",
            "launch_template": [],
            "load_balancers": null,
            "max_instance_lifetime": 0,
            "max_size": 3,
            "metrics_granularity": "1Minute",
            "min_elb_capacity": null,
            "min_size": 3,
            "mixed_instances_policy": [],
            "name": "EKS cluster nodes",
            "name_prefix": null,
            "placement_group": "",
            "protect_from_scale_in": false,
            "service_linked_role_arn": "arn:aws:iam::536969602909:role/aws-service-role/autoscaling.amazonaws.com/AWSServiceRoleForAutoScaling",
            "suspended_processes": null,
            "tag": [
              {
                "key": "Environment",
                "propagate_at_launch": true,
                "value": "dev"
              },
              {
                "key": "Name",
                "propagate_at_launch": true,
                "value": "eks-dev-nodes"
              },
              {
                "key": "Project",
                "propagate_at_launch": true,
                "value": "eks"
              },
              {
                "key": "Terraform",
                "propagate_at_launch": true,
                "value": "true"
              },
              {
                "key": "kubernetes.io/cluster/eks-dev-amb-cluster",
                "propagate_at_launch": true,
                "value": "owned"
              }
            ],
            "tags": null,
            "target_group_arns": null,
            "termination_policies": null,
            "timeouts": null,
            "vpc_zone_identifier": [
              "subnet-07595ffdc30609303",
              "subnet-0e3c5b8d50972c493",
              "subnet-0f4940d40c387d799"
            ],
            "wait_for_capacity_timeout": "10m",
            "wait_for_elb_capacity": null
          },
          "private": "eyJlMmJmYjczMC1lY2FhLTExZTYtOGY4OC0zNDM2M2JjN2M0YzAiOnsiZGVsZXRlIjo2MDAwMDAwMDAwMDB9fQ==",
          "depends_on": [
            "aws_launch_configuration.eks-lc",
            "aws_subnet.subnet"
          ]
        }
      ]
    },
    {
      "mode": "managed",
      "type": "aws_eks_cluster",
      "name": "eks-cluster",
      "provider": "provider.aws",
      "instances": [
        {
          "schema_version": 0,
          "attributes": {
            "arn": "arn:aws:eks:us-east-1:536969602909:cluster/eks-dev-amb-cluster",
            "certificate_authority": [
              {
                "data": "LS0tLS1CRUdJTiBDRVJUSUZJQ0FURS0tLS0tCk1JSUN5RENDQWJDZ0F3SUJBZ0lCQURBTkJna3Foa2lHOXcwQkFRc0ZBREFWTVJNd0VRWURWUVFERXdwcmRXSmwKY201bGRHVnpNQjRYRFRJd01URXdOekEzTURnME1Gb1hEVE13TVRFd05UQTNNRGcwTUZvd0ZURVRNQkVHQTFVRQpBeE1LYTNWaVpYSnVaWFJsY3pDQ0FTSXdEUVlKS29aSWh2Y05BUUVCQlFBRGdnRVBBRENDQVFvQ2dnRUJBSzhBCmZtL2Z3dFpZVW5BQjQzVkdNc3NINlZpZ2VIQ0ZlR2xhbjEyWnEvaXpMNXZZUTJORSsxamdvYW5tMDc2YnNZZEYKZFN5OHlvdDFwcU5OUVJ4bkNYNXB1ckJBZmRkSXJ5TXpDa054VDlNcnNpbHF5dk9VSHZtbmN3ejgxM2JvN3piSQpWUmhmTzZMUWdrUTRHUWlSMWxyaklxU3FDU3IvRzlZVnE5aW1oYVYvZEowa2tCeFI4VmJXR1JiN2pPcUpjdzhSCjAvNlRYaS9zclN0eVNkVGpXYUljd1RVTFFWbDZSMUNiR0poK09Ra0E1ZGNsWnBOalN4K095T0VNTDVOWjhVcTAKb21NeTN6OSs3U0lReTNyTWcxNHFnTEdZRkpXQ1ExTk5wTkpvTzVseU1oY0pOYXhuMm0zUGpZSDJ4UUhTYlNGMgpQYjRsTGE4ZDdLOTRVT0s1WTJzQ0F3RUFBYU1qTUNFd0RnWURWUjBQQVFIL0JBUURBZ0trTUE4R0ExVWRFd0VCCi93UUZNQU1CQWY4d0RRWUpLb1pJaHZjTkFRRUxCUUFEZ2dFQkFBTm5pWUU4ZWhINmJxRUZlUEhFei9QZDQxQkUKcUNTVjVsWkM5b0VMN1Jua0ppemZxV0RKYjA2U05aRCtjc0VDaEo5SGY4dUJ1TGJpaEtFdGRkNzdrQll4cCtMegpVMFBMVjlqK2hGZ2laYnp4cVJONUFWVTZrdUtWbitpYUYzTmp0c2dQK0JGRmk0cEUzcUZ2blhEcVZBQUlFYTNPCjV1NlZGS3V0V0dKV2hEV1BkUXNGZlVybGlOZFZRK0hrenVnNjA1Q3FvSzZVQU51M1ZvSTlNVmxaWTdteXBETW0KQm1YeE03VFlkalVFc01zSXlVay80OVF6WnFVTS9uejg2L2FqZkFYbzJqRFdmcmMxdWhRbXZ4Wmt0UmkwSGlrdgpkSmx5MGhtSkJpeTU0UWhKNXlqMFJPNzRCSS9iOGdXcW5DdmJCRHE4MGR5YTV1V0l5anVhMVAzZU5QWT0KLS0tLS1FTkQgQ0VSVElGSUNBVEUtLS0tLQo="
              }
            ],
            "created_at": "2020-11-07 07:00:14 +0000 UTC",
            "enabled_cluster_log_types": null,
            "encryption_config": [],
            "endpoint": "https://816E5EB0D7C5C046EDA9355F41FA09BD.gr7.us-east-1.eks.amazonaws.com",
            "id": "eks-dev-amb-cluster",
            "identity": [
              {
                "oidc": [
                  {
                    "issuer": "https://oidc.eks.us-east-1.amazonaws.com/id/816E5EB0D7C5C046EDA9355F41FA09BD"
                  }
                ]
              }
            ],
            "name": "eks-dev-amb-cluster",
            "platform_version": "eks.2",
            "role_arn": "arn:aws:iam::536969602909:role/eks-master-role",
            "status": "ACTIVE",
            "tags": null,
            "timeouts": null,
            "version": "1.18",
            "vpc_config": [
              {
                "cluster_security_group_id": "sg-0d81b0a5d56f60f4e",
                "endpoint_private_access": false,
                "endpoint_public_access": true,
                "public_access_cidrs": [
                  "0.0.0.0/0"
                ],
                "security_group_ids": [
                  "sg-0c2e4b10f6a228a91"
                ],
                "subnet_ids": [
                  "subnet-07595ffdc30609303",
                  "subnet-0e3c5b8d50972c493",
                  "subnet-0f4940d40c387d799"
                ],
                "vpc_id": "vpc-0f624c1fb1a4c8ee3"
              }
            ]
          },
          "private": "eyJlMmJmYjczMC1lY2FhLTExZTYtOGY4OC0zNDM2M2JjN2M0YzAiOnsiY3JlYXRlIjoxODAwMDAwMDAwMDAwLCJkZWxldGUiOjkwMDAwMDAwMDAwMCwidXBkYXRlIjozNjAwMDAwMDAwMDAwfX0=",
          "depends_on": [
            "aws_iam_role.eks-master-role",
            "aws_iam_role_policy_attachment.eks-cluster-policy",
            "aws_iam_role_policy_attachment.eks-service-policy",
            "aws_security_group.cluster-master",
            "aws_subnet.subnet"
          ]
        }
      ]
    },
    {
      "mode": "managed",
      "type": "aws_eks_node_group",
      "name": "eks-cluster-node-group",
      "provider": "provider.aws",
      "instances": [
        {
          "schema_version": 0,
          "attributes": {
            "ami_type": "AL2_x86_64",
            "arn": "arn:aws:eks:us-east-1:536969602909:nodegroup/eks-dev-amb-cluster/eks-cluster-node-group/a0bad0c6-d851-5b0f-56c4-e64f243ae3c6",
            "cluster_name": "eks-dev-amb-cluster",
            "disk_size": 20,
            "force_update_version": null,
            "id": "eks-dev-amb-cluster:eks-cluster-node-group",
            "instance_types": [
              "t3.medium"
            ],
            "labels": null,
            "node_group_name": "eks-cluster-node-group",
            "node_role_arn": "arn:aws:iam::536969602909:role/eks-node-role",
            "release_version": "1.18.8-20201007",
            "remote_access": [],
            "resources": [
              {
                "autoscaling_groups": [
                  {
                    "name": "eks-a0bad0c6-d851-5b0f-56c4-e64f243ae3c6"
                  }
                ],
                "remote_access_security_group_id": ""
              }
            ],
            "scaling_config": [
              {
                "desired_size": 3,
                "max_size": 3,
                "min_size": 3
              }
            ],
            "status": "ACTIVE",
            "subnet_ids": [
              "subnet-07595ffdc30609303",
              "subnet-0e3c5b8d50972c493",
              "subnet-0f4940d40c387d799"
            ],
            "tags": null,
            "timeouts": null,
            "version": "1.18"
          },
          "private": "eyJlMmJmYjczMC1lY2FhLTExZTYtOGY4OC0zNDM2M2JjN2M0YzAiOnsiY3JlYXRlIjozNjAwMDAwMDAwMDAwLCJkZWxldGUiOjM2MDAwMDAwMDAwMDAsInVwZGF0ZSI6MzYwMDAwMDAwMDAwMH19",
          "depends_on": [
            "aws_eks_cluster.eks-cluster",
            "aws_iam_role.eks-node-role",
            "aws_subnet.subnet"
          ]
        }
      ]
    },
    {
      "mode": "managed",
      "type": "aws_iam_instance_profile",
      "name": "eks-node-role-profile",
      "provider": "provider.aws",
      "instances": [
        {
          "schema_version": 0,
          "attributes": {
            "arn": "arn:aws:iam::536969602909:instance-profile/eks-node-role-profile",
            "create_date": "2020-11-07T06:59:49Z",
            "id": "eks-node-role-profile",
            "name": "eks-node-role-profile",
            "name_prefix": null,
            "path": "/",
            "role": "eks-node-role",
            "unique_id": "AIPAX2BPB45OTC5T6QSFY"
          },
          "private": "bnVsbA==",
          "depends_on": [
            "aws_iam_role.eks-node-role"
          ]
        }
      ]
    },
    {
      "mode": "managed",
      "type": "aws_iam_role",
      "name": "eks-master-role",
      "provider": "provider.aws",
      "instances": [
        {
          "schema_version": 0,
          "attributes": {
            "arn": "arn:aws:iam::536969602909:role/eks-master-role",
            "assume_role_policy": "{\"Version\":\"2012-10-17\",\"Statement\":[{\"Effect\":\"Allow\",\"Principal\":{\"Service\":\"eks.amazonaws.com\"},\"Action\":\"sts:AssumeRole\"}]}",
            "create_date": "2020-11-07T06:59:46Z",
            "description": "",
            "force_detach_policies": false,
            "id": "eks-master-role",
            "max_session_duration": 3600,
            "name": "eks-master-role",
            "name_prefix": null,
            "path": "/",
            "permissions_boundary": null,
            "tags": null,
            "unique_id": "AROAX2BPB45OZHJ6VFVFV"
          },
          "private": "bnVsbA=="
        }
      ]
    },
    {
      "mode": "managed",
      "type": "aws_iam_role",
      "name": "eks-node-role",
      "provider": "provider.aws",
      "instances": [
        {
          "schema_version": 0,
          "attributes": {
            "arn": "arn:aws:iam::536969602909:role/eks-node-role",
            "assume_role_policy": "{\"Version\":\"2012-10-17\",\"Statement\":[{\"Effect\":\"Allow\",\"Principal\":{\"Service\":\"ec2.amazonaws.com\"},\"Action\":\"sts:AssumeRole\"}]}",
            "create_date": "2020-11-07T06:59:46Z",
            "description": "",
            "force_detach_policies": false,
            "id": "eks-node-role",
            "max_session_duration": 3600,
            "name": "eks-node-role",
            "name_prefix": null,
            "path": "/",
            "permissions_boundary": null,
            "tags": null,
            "unique_id": "AROAX2BPB45O3N3E27Q5Y"
          },
          "private": "bnVsbA=="
        }
      ]
    },
    {
      "mode": "managed",
      "type": "aws_iam_role_policy_attachment",
      "name": "ec2-container-registry-readonly",
      "provider": "provider.aws",
      "instances": [
        {
          "schema_version": 0,
          "attributes": {
            "id": "eks-node-role-20201107065949261000000004",
            "policy_arn": "arn:aws:iam::aws:policy/AmazonEC2ContainerRegistryReadOnly",
            "role": "eks-node-role"
          },
          "private": "bnVsbA==",
          "depends_on": [
            "aws_iam_role.eks-node-role"
          ]
        }
      ]
    },
    {
      "mode": "managed",
      "type": "aws_iam_role_policy_attachment",
      "name": "ec2-role-for-ssm",
      "provider": "provider.aws",
      "instances": [
        {
          "schema_version": 0,
          "attributes": {
            "id": "eks-node-role-20201107065949316200000005",
            "policy_arn": "arn:aws:iam::aws:policy/service-role/AmazonEC2RoleforSSM",
            "role": "eks-node-role"
          },
          "private": "bnVsbA==",
          "depends_on": [
            "aws_iam_role.eks-node-role"
          ]
        }
      ]
    },
    {
      "mode": "managed",
      "type": "aws_iam_role_policy_attachment",
      "name": "eks-cluster-policy",
      "provider": "provider.aws",
      "instances": [
        {
          "schema_version": 0,
          "attributes": {
            "id": "eks-master-role-20201107065949243000000002",
            "policy_arn": "arn:aws:iam::aws:policy/AmazonEKSClusterPolicy",
            "role": "eks-master-role"
          },
          "private": "bnVsbA==",
          "depends_on": [
            "aws_iam_role.eks-master-role"
          ]
        }
      ]
    },
    {
      "mode": "managed",
      "type": "aws_iam_role_policy_attachment",
      "name": "eks-cni-policy",
      "provider": "provider.aws",
      "instances": [
        {
          "schema_version": 0,
          "attributes": {
            "id": "eks-node-role-20201107065949245800000003",
            "policy_arn": "arn:aws:iam::aws:policy/AmazonEKS_CNI_Policy",
            "role": "eks-node-role"
          },
          "private": "bnVsbA==",
          "depends_on": [
            "aws_iam_role.eks-node-role"
          ]
        }
      ]
    },
    {
      "mode": "managed",
      "type": "aws_iam_role_policy_attachment",
      "name": "eks-service-policy",
      "provider": "provider.aws",
      "instances": [
        {
          "schema_version": 0,
          "attributes": {
            "id": "eks-master-role-20201107065949181100000001",
            "policy_arn": "arn:aws:iam::aws:policy/AmazonEKSServicePolicy",
            "role": "eks-master-role"
          },
          "private": "bnVsbA==",
          "depends_on": [
            "aws_iam_role.eks-master-role"
          ]
        }
      ]
    },
    {
      "mode": "managed",
      "type": "aws_iam_role_policy_attachment",
      "name": "eks-worker-node-policy",
      "provider": "provider.aws",
      "instances": [
        {
          "schema_version": 0,
          "attributes": {
            "id": "eks-node-role-20201107065950187000000006",
            "policy_arn": "arn:aws:iam::aws:policy/AmazonEKSWorkerNodePolicy",
            "role": "eks-node-role"
          },
          "private": "bnVsbA==",
          "depends_on": [
            "aws_iam_role.eks-node-role"
          ]
        }
      ]
    },
    {
      "mode": "managed",
      "type": "aws_internet_gateway",
      "name": "igw",
      "provider": "provider.aws",
      "instances": [
        {
          "schema_version": 0,
          "attributes": {
            "arn": "arn:aws:ec2:us-east-1:536969602909:internet-gateway/igw-05e725aa8ce7e3a30",
            "id": "igw-05e725aa8ce7e3a30",
            "owner_id": "536969602909",
            "tags": {
              "Environment": "dev",
              "Name": "eks-dev-igw",
              "Project": "eks",
              "Terraform": "true",
              "kubernetes.io/cluster/eks-dev-amb-cluster": "shared"
            },
            "vpc_id": "vpc-0f624c1fb1a4c8ee3"
          },
          "private": "bnVsbA==",
          "depends_on": [
            "aws_vpc.vpc"
          ]
        }
      ]
    },
    {
      "mode": "managed",
      "type": "aws_key_pair",
      "name": "key_pair",
      "provider": "provider.aws",
      "instances": [
        {
          "schema_version": 1,
          "attributes": {
            "arn": "arn:aws:ec2:us-east-1:536969602909:key-pair/ambitious_key",
            "fingerprint": "08:61:23:d7:65:ef:1c:d0:2f:72:0c:2c:10:2f:d3:69",
            "id": "ambitious_key",
            "key_name": "ambitious_key",
            "key_name_prefix": null,
            "key_pair_id": "key-0d83afee609e78518",
            "public_key": "ssh-rsa AAAAB3NzaC1yc2EAAAADAQABAAACAQCwgU/QfBd39ePPkmlQ8ZIau4jC3kq4rMC9sTd5Cpo0XJ7zD3aYREnv72OMeJDuLNNqV4peLxi1lAayDmiPNobWwhfsSgSovqvvYF2uzLARlZ8YTs/9eoVEZezely7+eIcSAzXKa/hktcB1u6hpb2yTU6tZOgJqDkdc9o0dvOGgMv/vJDNInA171JW9xvI+NV3W5kpNQUHza0mY0984phC2+fGeQzMj0Cdcn4yOxvCz46kXh17rHx7nkd/SzdqyWupBJcElr8JKzKRz9sirquACYGkEtfOp7tpOWfKZZULrZOysoy2/WmLzKDu/ugES40eYhUzs2K3zZDTJ40Ys+1hfHqnrRJQn54neeMZ02UG3pyNd8qDXubFlZYQEeGqqgaq3C3GS21MYk0q46/vCKc3VZSFpwVZAKsBd3xBaEF45NEqenmb/pYeFIOCCeMoFUhrA1DLDTePyS/pXQ926EdUqtHtI3DRWh27O81ychvFVNNxRIgMSJi8S9FB/OH2PZOg1jbbT0A7O3QDSiHaWyaCUZD0XqgtNEYvVOR+1Af37ImnQ6TLsEqUQdUKE5wyRcz5Jt3jASYmW45WmFsMiLRFe8j27HpdubhKMV9aq50oe697vZD6YLikzjEFt97XWNJnsElShznJqdo7EMy4VzdeiOJqI9n7eUf8WLlAzJjFsgw==",
            "tags": null
          },
          "private": "eyJzY2hlbWFfdmVyc2lvbiI6IjEifQ==",
          "depends_on": [
            "tls_private_key.keygen"
          ]
        }
      ]
    },
    {
      "mode": "managed",
      "type": "aws_launch_configuration",
      "name": "eks-lc",
      "provider": "provider.aws",
      "instances": [
        {
          "schema_version": 0,
          "attributes": {
            "arn": "arn:aws:autoscaling:us-east-1:536969602909:launchConfiguration:acd20438-9874-48a5-9073-b3e49c77a1d2:launchConfigurationName/eks-node20201107071341078000000008",
            "associate_public_ip_address": true,
            "ebs_block_device": [],
            "ebs_optimized": false,
            "enable_monitoring": false,
            "ephemeral_block_device": [],
            "iam_instance_profile": "eks-node-role-profile",
            "id": "eks-node20201107071341078000000008",
            "image_id": "ami-0fae38e27c6113140",
            "instance_type": "t3.medium",
            "key_name": "ambitious_key",
            "name": "eks-node20201107071341078000000008",
            "name_prefix": "eks-node",
            "placement_tenancy": null,
            "root_block_device": [
              {
                "delete_on_termination": true,
                "encrypted": false,
                "iops": 0,
                "volume_size": 50,
                "volume_type": "gp2"
              }
            ],
            "security_groups": [
              "sg-0bc27581dc6b1f8da"
            ],
            "spot_price": "",
            "user_data": null,
            "user_data_base64": "IyEvYmluL2Jhc2gKc2V0IC1vIHh0cmFjZQovZXRjL2Vrcy9ib290c3RyYXAuc2ggLS1hcGlzZXJ2ZXItZW5kcG9pbnQgImh0dHBzOi8vODE2RTVFQjBEN0M1QzA0NkVEQTkzNTVGNDFGQTA5QkQuZ3I3LnVzLWVhc3QtMS5la3MuYW1hem9uYXdzLmNvbSIgLS1iNjQtY2x1c3Rlci1jYSAiTFMwdExTMUNSVWRKVGlCRFJWSlVTVVpKUTBGVVJTMHRMUzB0Q2sxSlNVTjVSRU5EUVdKRFowRjNTVUpCWjBsQ1FVUkJUa0puYTNGb2EybEhPWGN3UWtGUmMwWkJSRUZXVFZKTmQwVlJXVVJXVVZGRVJYZHdjbVJYU213S1kyMDFiR1JIVm5wTlFqUllSRlJKZDAxVVJYZE9la0V6VFVSbk1FMUdiMWhFVkUxM1RWUkZkMDVVUVROTlJHY3dUVVp2ZDBaVVJWUk5Ra1ZIUVRGVlJRcEJlRTFMWVROV2FWcFlTblZhV0ZKc1kzcERRMEZUU1hkRVVWbEtTMjlhU1doMlkwNUJVVVZDUWxGQlJHZG5SVkJCUkVORFFWRnZRMmRuUlVKQlN6aEJDbVp0TDJaM2RGcFpWVzVCUWpRelZrZE5jM05JTmxacFoyVklRMFpsUjJ4aGJqRXlXbkV2YVhwTU5YWlpVVEpPUlNzeGFtZHZZVzV0TURjMlluTlpaRVlLWkZONU9IbHZkREZ3Y1U1T1VWSjRia05ZTlhCMWNrSkJabVJrU1hKNVRYcERhMDU0VkRsTmNuTnBiSEY1ZGs5VlNIWnRibU4zZWpneE0ySnZOM3BpU1FwV1VtaG1UelpNVVdkclVUUkhVV2xTTVd4eWFrbHhVM0ZEVTNJdlJ6bFpWbkU1YVcxb1lWWXZaRW93YTJ0Q2VGSTRWbUpYUjFKaU4ycFBjVXBqZHpoU0NqQXZObFJZYVM5emNsTjBlVk5rVkdwWFlVbGpkMVJWVEZGV2JEWlNNVU5pUjBwb0swOVJhMEUxWkdOc1duQk9hbE40SzA5NVQwVk5URFZPV2poVmNUQUtiMjFOZVRONk9TczNVMGxSZVROeVRXY3hOSEZuVEVkWlJrcFhRMUV4VGs1d1RrcHZUelZzZVUxb1kwcE9ZWGh1TW0welVHcFpTREo0VVVoVFlsTkdNZ3BRWWpSc1RHRTRaRGRMT1RSVlQwczFXVEp6UTBGM1JVRkJZVTFxVFVORmQwUm5XVVJXVWpCUVFWRklMMEpCVVVSQlowdHJUVUU0UjBFeFZXUkZkMFZDQ2k5M1VVWk5RVTFDUVdZNGQwUlJXVXBMYjFwSmFIWmpUa0ZSUlV4Q1VVRkVaMmRGUWtGQlRtNXBXVVU0WldoSU5tSnhSVVpsVUVoRmVpOVFaRFF4UWtVS2NVTlRWalZzV2tNNWIwVk1OMUp1YTBwcGVtWnhWMFJLWWpBMlUwNWFSQ3RqYzBWRGFFbzVTR1k0ZFVKMVRHSnBhRXRGZEdSa056ZHJRbGw0Y0N0TWVncFZNRkJNVmpscUsyaEdaMmxhWW5wNGNWSk9OVUZXVlRacmRVdFdiaXRwWVVZelRtcDBjMmRRSzBKR1JtazBjRVV6Y1VaMmJsaEVjVlpCUVVsRllUTlBDalYxTmxaR1MzVjBWMGRLVjJoRVYxQmtVWE5HWmxWeWJHbE9aRlpSSzBocmVuVm5OakExUTNGdlN6WlZRVTUxTTFadlNUbE5WbXhhV1RkdGVYQkVUVzBLUW0xWWVFMDNWRmxrYWxWRmMwMXpTWGxWYXk4ME9WRjZXbkZWVFM5dWVqZzJMMkZxWmtGWWJ6SnFSRmRtY21NeGRXaFJiWFo0V210MFVta3dTR2xyZGdwa1NteDVNR2h0U2tKcGVUVTBVV2hLTlhscU1GSlBOelJDU1M5aU9HZFhjVzVEZG1KQ1JIRTRNR1I1WVRWMVYwbDVhblZoTVZBelpVNVFXVDBLTFMwdExTMUZUa1FnUTBWU1ZFbEdTVU5CVkVVdExTMHRMUW89IiAiZWtzLWRldi1hbWItY2x1c3RlciIK",
            "vpc_classic_link_id": "",
            "vpc_classic_link_security_groups": null
          },
          "private": "bnVsbA==",
          "depends_on": [
            "aws_iam_instance_profile.eks-node-role-profile",
            "aws_security_group.cluster-nodes",
            "data.aws_ami.eks-node"
          ]
        }
      ]
    },
    {
      "mode": "managed",
      "type": "aws_route_table",
      "name": "rtb",
      "provider": "provider.aws",
      "instances": [
        {
          "schema_version": 0,
          "attributes": {
            "id": "rtb-06a0e88a4752a2985",
            "owner_id": "536969602909",
            "propagating_vgws": [],
            "route": [
              {
                "cidr_block": "0.0.0.0/0",
                "egress_only_gateway_id": "",
                "gateway_id": "igw-05e725aa8ce7e3a30",
                "instance_id": "",
                "ipv6_cidr_block": "",
                "nat_gateway_id": "",
                "network_interface_id": "",
                "transit_gateway_id": "",
                "vpc_peering_connection_id": ""
              }
            ],
            "tags": {
              "Environment": "dev",
              "Name": "eks-dev-rtb",
              "Project": "eks",
              "Terraform": "true",
              "kubernetes.io/cluster/eks-dev-amb-cluster": "shared"
            },
            "vpc_id": "vpc-0f624c1fb1a4c8ee3"
          },
          "private": "bnVsbA==",
          "depends_on": [
            "aws_internet_gateway.igw",
            "aws_vpc.vpc"
          ]
        }
      ]
    },
    {
      "mode": "managed",
      "type": "aws_route_table_association",
      "name": "rtba",
      "each": "list",
      "provider": "provider.aws",
      "instances": [
        {
          "index_key": 0,
          "schema_version": 0,
          "attributes": {
            "gateway_id": null,
            "id": "rtbassoc-08afa7d4f90cb3123",
            "route_table_id": "rtb-06a0e88a4752a2985",
            "subnet_id": "subnet-07595ffdc30609303"
          },
          "private": "bnVsbA==",
          "depends_on": [
            "aws_route_table.rtb",
            "aws_subnet.subnet"
          ]
        },
        {
          "index_key": 1,
          "schema_version": 0,
          "attributes": {
            "gateway_id": null,
            "id": "rtbassoc-09783198cd9b0a602",
            "route_table_id": "rtb-06a0e88a4752a2985",
            "subnet_id": "subnet-0e3c5b8d50972c493"
          },
          "private": "bnVsbA==",
          "depends_on": [
            "aws_route_table.rtb",
            "aws_subnet.subnet"
          ]
        },
        {
          "index_key": 2,
          "schema_version": 0,
          "attributes": {
            "gateway_id": null,
            "id": "rtbassoc-0d00881b99b4d6cf7",
            "route_table_id": "rtb-06a0e88a4752a2985",
            "subnet_id": "subnet-0f4940d40c387d799"
          },
          "private": "bnVsbA==",
          "depends_on": [
            "aws_route_table.rtb",
            "aws_subnet.subnet"
          ]
        }
      ]
    },
    {
      "mode": "managed",
      "type": "aws_security_group",
      "name": "cluster-master",
      "provider": "provider.aws",
      "instances": [
        {
          "schema_version": 1,
          "attributes": {
            "arn": "arn:aws:ec2:us-east-1:536969602909:security-group/sg-0c2e4b10f6a228a91",
            "description": "EKS cluster master security group",
            "egress": [
              {
                "cidr_blocks": [
                  "0.0.0.0/0"
                ],
                "description": "",
                "from_port": 0,
                "ipv6_cidr_blocks": [],
                "prefix_list_ids": [],
                "protocol": "-1",
                "security_groups": [],
                "self": false,
                "to_port": 0
              }
            ],
            "id": "sg-0c2e4b10f6a228a91",
            "ingress": [
              {
                "cidr_blocks": [
                  "0.0.0.0/0"
                ],
                "description": "",
                "from_port": 443,
                "ipv6_cidr_blocks": [],
                "prefix_list_ids": [],
                "protocol": "tcp",
                "security_groups": [],
                "self": false,
                "to_port": 443
              }
            ],
            "name": "cluster-master",
            "name_prefix": "",
            "owner_id": "536969602909",
            "revoke_rules_on_delete": false,
            "tags": {
              "Environment": "dev",
              "Name": "eks-master-sg",
              "Project": "eks",
              "Terraform": "true",
              "kubernetes.io/cluster/eks-dev-amb-cluster": "shared"
            },
            "timeouts": null,
            "vpc_id": "vpc-0f624c1fb1a4c8ee3"
          },
          "private": "eyJlMmJmYjczMC1lY2FhLTExZTYtOGY4OC0zNDM2M2JjN2M0YzAiOnsiY3JlYXRlIjo2MDAwMDAwMDAwMDAsImRlbGV0ZSI6NjAwMDAwMDAwMDAwfSwic2NoZW1hX3ZlcnNpb24iOiIxIn0=",
          "depends_on": [
            "aws_vpc.vpc"
          ]
        }
      ]
    },
    {
      "mode": "managed",
      "type": "aws_security_group",
      "name": "cluster-nodes",
      "provider": "provider.aws",
      "instances": [
        {
          "schema_version": 1,
          "attributes": {
            "arn": "arn:aws:ec2:us-east-1:536969602909:security-group/sg-0bc27581dc6b1f8da",
            "description": "EKS cluster nodes security group",
            "egress": [
              {
                "cidr_blocks": [
                  "0.0.0.0/0"
                ],
                "description": "",
                "from_port": 0,
                "ipv6_cidr_blocks": [],
                "prefix_list_ids": [],
                "protocol": "-1",
                "security_groups": [],
                "self": false,
                "to_port": 0
              }
            ],
            "id": "sg-0bc27581dc6b1f8da",
            "ingress": [
              {
                "cidr_blocks": [],
                "description": "Allow cluster master to access cluster nodes",
                "from_port": 1025,
                "ipv6_cidr_blocks": [],
                "prefix_list_ids": [],
                "protocol": "tcp",
                "security_groups": [
                  "sg-0c2e4b10f6a228a91"
                ],
                "self": false,
                "to_port": 65535
              },
              {
                "cidr_blocks": [],
                "description": "Allow cluster master to access cluster nodes",
                "from_port": 1025,
                "ipv6_cidr_blocks": [],
                "prefix_list_ids": [],
                "protocol": "udp",
                "security_groups": [
                  "sg-0c2e4b10f6a228a91"
                ],
                "self": false,
                "to_port": 65535
              },
              {
                "cidr_blocks": [],
                "description": "Allow inter pods communication",
                "from_port": 0,
                "ipv6_cidr_blocks": [],
                "prefix_list_ids": [],
                "protocol": "-1",
                "security_groups": [],
                "self": true,
                "to_port": 0
              }
            ],
            "name": "cluster-nodes",
            "name_prefix": "",
            "owner_id": "536969602909",
            "revoke_rules_on_delete": false,
            "tags": {
              "Environment": "dev",
              "Name": "eks-nodes-sg",
              "Project": "eks",
              "Terraform": "true",
              "kubernetes.io/cluster/eks-dev-amb-cluster": "shared"
            },
            "timeouts": null,
            "vpc_id": "vpc-0f624c1fb1a4c8ee3"
          },
          "private": "eyJlMmJmYjczMC1lY2FhLTExZTYtOGY4OC0zNDM2M2JjN2M0YzAiOnsiY3JlYXRlIjo2MDAwMDAwMDAwMDAsImRlbGV0ZSI6NjAwMDAwMDAwMDAwfSwic2NoZW1hX3ZlcnNpb24iOiIxIn0=",
          "depends_on": [
            "aws_security_group.cluster-master",
            "aws_vpc.vpc"
          ]
        }
      ]
    },
    {
      "mode": "managed",
      "type": "aws_subnet",
      "name": "subnet",
      "each": "list",
      "provider": "provider.aws",
      "instances": [
        {
          "index_key": 0,
          "schema_version": 1,
          "attributes": {
            "arn": "arn:aws:ec2:us-east-1:536969602909:subnet/subnet-07595ffdc30609303",
            "assign_ipv6_address_on_creation": false,
            "availability_zone": "us-east-1a",
            "availability_zone_id": "use1-az4",
            "cidr_block": "10.0.0.0/24",
            "id": "subnet-07595ffdc30609303",
            "ipv6_cidr_block": "",
            "ipv6_cidr_block_association_id": "",
            "map_public_ip_on_launch": true,
            "outpost_arn": "",
            "owner_id": "536969602909",
            "tags": {
              "Environment": "dev",
              "Name": "eks-dev-subnet-1",
              "Project": "eks",
              "Terraform": "true",
              "kubernetes.io/cluster/eks-dev-amb-cluster": "shared"
            },
            "timeouts": null,
            "vpc_id": "vpc-0f624c1fb1a4c8ee3"
          },
          "private": "eyJlMmJmYjczMC1lY2FhLTExZTYtOGY4OC0zNDM2M2JjN2M0YzAiOnsiY3JlYXRlIjo2MDAwMDAwMDAwMDAsImRlbGV0ZSI6MTIwMDAwMDAwMDAwMH0sInNjaGVtYV92ZXJzaW9uIjoiMSJ9",
          "depends_on": [
            "aws_vpc.vpc",
            "data.aws_availability_zones.available"
          ]
        },
        {
          "index_key": 1,
          "schema_version": 1,
          "attributes": {
            "arn": "arn:aws:ec2:us-east-1:536969602909:subnet/subnet-0e3c5b8d50972c493",
            "assign_ipv6_address_on_creation": false,
            "availability_zone": "us-east-1b",
            "availability_zone_id": "use1-az6",
            "cidr_block": "10.0.1.0/24",
            "id": "subnet-0e3c5b8d50972c493",
            "ipv6_cidr_block": "",
            "ipv6_cidr_block_association_id": "",
            "map_public_ip_on_launch": true,
            "outpost_arn": "",
            "owner_id": "536969602909",
            "tags": {
              "Environment": "dev",
              "Name": "eks-dev-subnet-2",
              "Project": "eks",
              "Terraform": "true",
              "kubernetes.io/cluster/eks-dev-amb-cluster": "shared"
            },
            "timeouts": null,
            "vpc_id": "vpc-0f624c1fb1a4c8ee3"
          },
          "private": "eyJlMmJmYjczMC1lY2FhLTExZTYtOGY4OC0zNDM2M2JjN2M0YzAiOnsiY3JlYXRlIjo2MDAwMDAwMDAwMDAsImRlbGV0ZSI6MTIwMDAwMDAwMDAwMH0sInNjaGVtYV92ZXJzaW9uIjoiMSJ9",
          "depends_on": [
            "aws_vpc.vpc",
            "data.aws_availability_zones.available"
          ]
        },
        {
          "index_key": 2,
          "schema_version": 1,
          "attributes": {
            "arn": "arn:aws:ec2:us-east-1:536969602909:subnet/subnet-0f4940d40c387d799",
            "assign_ipv6_address_on_creation": false,
            "availability_zone": "us-east-1c",
            "availability_zone_id": "use1-az1",
            "cidr_block": "10.0.2.0/24",
            "id": "subnet-0f4940d40c387d799",
            "ipv6_cidr_block": "",
            "ipv6_cidr_block_association_id": "",
            "map_public_ip_on_launch": true,
            "outpost_arn": "",
            "owner_id": "536969602909",
            "tags": {
              "Environment": "dev",
              "Name": "eks-dev-subnet-3",
              "Project": "eks",
              "Terraform": "true",
              "kubernetes.io/cluster/eks-dev-amb-cluster": "shared"
            },
            "timeouts": null,
            "vpc_id": "vpc-0f624c1fb1a4c8ee3"
          },
          "private": "eyJlMmJmYjczMC1lY2FhLTExZTYtOGY4OC0zNDM2M2JjN2M0YzAiOnsiY3JlYXRlIjo2MDAwMDAwMDAwMDAsImRlbGV0ZSI6MTIwMDAwMDAwMDAwMH0sInNjaGVtYV92ZXJzaW9uIjoiMSJ9",
          "depends_on": [
            "aws_vpc.vpc",
            "data.aws_availability_zones.available"
          ]
        }
      ]
    },
    {
      "mode": "managed",
      "type": "aws_vpc",
      "name": "vpc",
      "provider": "provider.aws",
      "instances": [
        {
          "schema_version": 1,
          "attributes": {
            "arn": "arn:aws:ec2:us-east-1:536969602909:vpc/vpc-0f624c1fb1a4c8ee3",
            "assign_generated_ipv6_cidr_block": false,
            "cidr_block": "10.0.0.0/16",
            "default_network_acl_id": "acl-0e50ce38bc3b1e5f2",
            "default_route_table_id": "rtb-09445728d8ff6e248",
            "default_security_group_id": "sg-006a99e74158dde8f",
            "dhcp_options_id": "dopt-bd0105c6",
            "enable_classiclink": false,
            "enable_classiclink_dns_support": false,
            "enable_dns_hostnames": true,
            "enable_dns_support": true,
            "id": "vpc-0f624c1fb1a4c8ee3",
            "instance_tenancy": "default",
            "ipv6_association_id": "",
            "ipv6_cidr_block": "",
            "main_route_table_id": "rtb-09445728d8ff6e248",
            "owner_id": "536969602909",
            "tags": {
              "Environment": "dev",
              "Name": "eks-dev-vpc",
              "Project": "eks",
              "Terraform": "true",
              "kubernetes.io/cluster/eks-dev-amb-cluster": "shared"
            }
          },
          "private": "eyJzY2hlbWFfdmVyc2lvbiI6IjEifQ=="
        }
      ]
    },
    {
      "mode": "managed",
      "type": "local_file",
      "name": "private_key_pem",
      "provider": "provider.local",
      "instances": [
        {
          "schema_version": 0,
          "attributes": {
            "content": "-----BEGIN RSA PRIVATE KEY-----\nMIIJKAIBAAKCAgEAsIFP0HwXd/Xjz5JpUPGSGruIwt5KuKzAvbE3eQqaNFye8w92\nmERJ7+9jjHiQ7izTaleKXi8YtZQGsg5ojzaG1sIX7EoEqL6r72BdrsywEZWfGE7P\n/XqFRGXs3pcu/niHEgM1ymv4ZLXAdbuoaW9sk1OrWToCag5HXPaNHbzhoDL/7yQz\nSJwNe9SVvcbyPjVd1uZKTUFB82tJmNPfOKYQtvnxnkMzI9AnXJ+Mjsbws+OpF4de\n6x8e55Hf0s3aslrqQSXBJa/CSsykc/bIq6rgAmBpBLXzqe7aTlnymWVC62TsrKMt\nv1pi8yg7v7oBEuNHmIVM7Nit82Q0yeNGLPtYXx6p60SUJ+eJ3njGdNlBt6cjXfKg\n17mxZWWEBHhqqoGqtwtxkttTGJNKuOv7winN1WUhacFWQCrAXd8QWhBeOTRKnp5m\n/6WHhSDggnjKBVIawNQyw03j8kv6V0PduhHVKrR7SNw0VoduzvNcnIbxVTTcUSID\nEiYvEvRQfzh9j2ToNY2209AOzt0A0oh2lsmglGQ9F6oLTRGL1TkftQH9+yJp0Oky\n7BKlEHVChOcMkXM+Sbd4wEmJluOVphbDIi0RXvI9ux6Xbm4SjFfWqudKHuve72Q+\nmC4pM4xBbfe11jSZ7BJUoc5yanaOxDMuFc3XojiaiPZ+3lH/Fi5QMyYxbIMCAwEA\nAQKCAgEAn6oaHSpjwGx6S4bSJhqgY/ZI3J5hUXVUVUQ+PgxNOhie4JiYW11K1PTk\nRGm8EPgTtxrBXDmWTIs/E0rdYs+cYiDpqyG53Tu+JKgzlrAqhX2nkUGZ/F4ct6bM\nAv8Xz7IP3UdyHU5WQCP5mYbL7bSRryP82JYVIQMRoxKUzNXT9CquQhGpIoGn4OCJ\nJEcXUxbLcF6Z0BC8LApdZRYj0wbGD/9BhjybwkXFlY/ugimMC+5hQ5t9TYu1VR0s\nL3Fv5+8+APi6I/E9/JPqH8yZ8lB8mynDVjOR26Lpb/8F6aUkR/Pf9LsX4wVMhVFb\n2y/TUNawKVRMJeRMVuPKrOYe0Qn9AW3A80jVPMM9aUCDSNxyfNd4qrXtWktgW3zM\nvHNt3JsUfFfelNYmN1sT/4DIFap+HlgdcvuhKFXA/WT0RmNHI1KB26VKoh0eoDEo\ndN5w/YTfSM/5gA4X6g4KAw3lG/esLGinaRFaq5dn80ALWpgVAMzyYgrbvpjsPOon\nV/EnYK9QnmfSiNt4smrgTIgtQFjPb08QtFoXHWAWbTKM8TnUL4fjACKTOZlNPTrS\nNHm9/4/HFD+ze1de6wdCe2AIBgGsmxCwyOCVxfT6WIGl4rO3mdSHItSG90dtC2EF\n4asMnA+WvuMrldqwk8zPh5kDut3nJ9ntfzD2ewe+r/275VcGKqECggEBAN1wlB3o\nzmWKFijdsMTOyBc68IE02ZCFvjXjTknQ/SW1feOnDgoPaT3bjixq+oaP6akRAJcM\nHHpa7qFcxPknNlgzFBVs4xidRf1CAbB1r57/NbpTyeeB0ImIbc3ax2sf10DyPOR/\n+mkcbO4NsfT5+IOlCr4pHEhdxZV3vkPjGHRP/XOSC1iOxtB1UOVOTztvkFRQSFzH\n/v54dmt9hMSkaSJuLTWkAPQoH3jOEDwaORCxOtrBeuNvEpAazxiZqPhVmcm+/CUq\ncu7AbjQZyUIdR74P0sgh2v4aQ2xOxIauVtrWH+KuE9JfR6OPlFdveZ9Wcov6RTVD\n4sOejCMwgC/7AL0CggEBAMwNaUefob2UtNH0KPitWMeN6J8S1GjKwfQw7xzINb23\nmLCPyc1C3dgAhgyEgW4PVR+gFvoC9VnRvRTB/aCl21CyCXWNc3NvOWNjMmLYAWIT\n1RnTkvTvj5JOL+ZaX+pdflYIwRqhmPYltDjSXjswg5CbwVCrv9oBXU2ONmzyIiLV\n5JGq1ZF0VGEZzVvzgkYlyb0M1gawSAPkzB5XDYJmgHNR2Qzcgc38DuKVLGYNVkUf\nwXfToxvSIjCiVNBxi0QYUIbW9/f2nkgQVifAhkPm8rp94W9IGDR6keSPAOgqyiQW\nDqS/2ta4cXGmeN48GO+bDaRqZz1hRsUA5qQcAbaMFj8CggEAYtvBpGCs1DQDlJb0\nNcjDF2vetzAq+RRcSJ6D8vx0J4ORAjMwV1lt+ImuPTI9ShmxjSLkCosDo7Q42J0b\n6seQwWt8SdxkvjZoapovOuIvV2JEUDzb5JjVyrC3pLFJWg/K/1mlybVAy/A+yUAf\n9GgshEkINMERuVTzwrjEnnYiErsrQY8vtYd4RtQ5G0YMpVI3MwzsYU+ADYcmBvLw\ndQGZVh+t20aujlHjSwFjyhFC7KrSxZqfDC4oMWFml2ryPnuovqKe2tDKosAR8vyY\nFwYPY1CZH3PN2qdK9m1r21y1tdjmP0LL4p1a1DBjX22K9JGZbdh7UT5PXFnJ4mPi\ntojuWQKCAQBKBK9k8M399BxncJcQJelncd2pHm54mNwkVT/Xg/Sinh/AJFiCobfR\na9c0YTiGEP/C2hKbnEkdzMw25Gu5Q5C7w+lUf/waKoV5vPkBC/PsfN83YB0VxnSh\nEMWlXLEgVcvHL6PEokvXNjQazIysEdwXr7g/KB4O2aHbyTOK74ZcdpRUFtEj0zvs\ngSySJ1HhWkHE1wwoHvfwmaVFeDSJUd9UdaMzXCWl78IChTQ2zK23o15NtjKbm+0V\nET2M4zMuf1duojoO86HU6EAoaVkK9pKj/ZeyA0fseW3Ep+8fSK5MyseDEakzbHKS\nVF3R16EAAZHAS2ypwkimm74OV65zZnuHAoIBAAOoLChUNbknjsbeKVorGnEdAO8K\nMfCmvG3jTJlFUkZS17qCaISqTd/k4E4R8bK2RVQGvtoOsxyTz1gAF5gTZp+7erB+\niryGmqE7Tqfq3lGVtaFcEKW17pHhxLTSW0aOnZQt38Xho+uwiBgw6B4WyJBisRwM\nYtt/kCVOOHNGiBOXmgQTXC7jTZ5TGTsuvtEZrmpwpU3mtVm3/MZ35Fcddc2qtwt8\n4OLCXM/s3Yd+fqhHYGB8eB3YoIJAhFIwwRHkjfj7F+kNiucpVI0X5BbCmSpKpbxk\nHmnZSuFAFob89YRK2RkVlOklxYhFkNz3xPrHfGsIxevLBj/i58M1DTWG94E=\n-----END RSA PRIVATE KEY-----\n",
            "content_base64": null,
            "directory_permission": "0777",
            "file_permission": "0777",
            "filename": "./ambitious_key.id_rsa",
            "id": "3b77c4f0e3cc12ce4e229702c3da3503eec4d1db",
            "sensitive_content": null,
            "source": null
          },
          "private": "bnVsbA==",
          "depends_on": [
            "tls_private_key.keygen"
          ]
        }
      ]
    },
    {
      "mode": "managed",
      "type": "local_file",
      "name": "public_key_openssh",
      "provider": "provider.local",
      "instances": [
        {
          "schema_version": 0,
          "attributes": {
            "content": "ssh-rsa AAAAB3NzaC1yc2EAAAADAQABAAACAQCwgU/QfBd39ePPkmlQ8ZIau4jC3kq4rMC9sTd5Cpo0XJ7zD3aYREnv72OMeJDuLNNqV4peLxi1lAayDmiPNobWwhfsSgSovqvvYF2uzLARlZ8YTs/9eoVEZezely7+eIcSAzXKa/hktcB1u6hpb2yTU6tZOgJqDkdc9o0dvOGgMv/vJDNInA171JW9xvI+NV3W5kpNQUHza0mY0984phC2+fGeQzMj0Cdcn4yOxvCz46kXh17rHx7nkd/SzdqyWupBJcElr8JKzKRz9sirquACYGkEtfOp7tpOWfKZZULrZOysoy2/WmLzKDu/ugES40eYhUzs2K3zZDTJ40Ys+1hfHqnrRJQn54neeMZ02UG3pyNd8qDXubFlZYQEeGqqgaq3C3GS21MYk0q46/vCKc3VZSFpwVZAKsBd3xBaEF45NEqenmb/pYeFIOCCeMoFUhrA1DLDTePyS/pXQ926EdUqtHtI3DRWh27O81ychvFVNNxRIgMSJi8S9FB/OH2PZOg1jbbT0A7O3QDSiHaWyaCUZD0XqgtNEYvVOR+1Af37ImnQ6TLsEqUQdUKE5wyRcz5Jt3jASYmW45WmFsMiLRFe8j27HpdubhKMV9aq50oe697vZD6YLikzjEFt97XWNJnsElShznJqdo7EMy4VzdeiOJqI9n7eUf8WLlAzJjFsgw==\n",
            "content_base64": null,
            "directory_permission": "0777",
            "file_permission": "0777",
            "filename": "./ambitious_key.id_rsa.pub",
            "id": "2cbc3126fcab2a5d12ec1183c0f0b753d919ad15",
            "sensitive_content": null,
            "source": null
          },
          "private": "bnVsbA==",
          "depends_on": [
            "tls_private_key.keygen"
          ]
        }
      ]
    },
    {
      "mode": "managed",
      "type": "tls_private_key",
      "name": "keygen",
      "provider": "provider.tls",
      "instances": [
        {
          "schema_version": 0,
          "attributes": {
            "algorithm": "RSA",
            "ecdsa_curve": "P224",
            "id": "6d1e0fc7e1c698c575376af1d6d4972a69fbb542",
            "private_key_pem": "-----BEGIN RSA PRIVATE KEY-----\nMIIJKAIBAAKCAgEAsIFP0HwXd/Xjz5JpUPGSGruIwt5KuKzAvbE3eQqaNFye8w92\nmERJ7+9jjHiQ7izTaleKXi8YtZQGsg5ojzaG1sIX7EoEqL6r72BdrsywEZWfGE7P\n/XqFRGXs3pcu/niHEgM1ymv4ZLXAdbuoaW9sk1OrWToCag5HXPaNHbzhoDL/7yQz\nSJwNe9SVvcbyPjVd1uZKTUFB82tJmNPfOKYQtvnxnkMzI9AnXJ+Mjsbws+OpF4de\n6x8e55Hf0s3aslrqQSXBJa/CSsykc/bIq6rgAmBpBLXzqe7aTlnymWVC62TsrKMt\nv1pi8yg7v7oBEuNHmIVM7Nit82Q0yeNGLPtYXx6p60SUJ+eJ3njGdNlBt6cjXfKg\n17mxZWWEBHhqqoGqtwtxkttTGJNKuOv7winN1WUhacFWQCrAXd8QWhBeOTRKnp5m\n/6WHhSDggnjKBVIawNQyw03j8kv6V0PduhHVKrR7SNw0VoduzvNcnIbxVTTcUSID\nEiYvEvRQfzh9j2ToNY2209AOzt0A0oh2lsmglGQ9F6oLTRGL1TkftQH9+yJp0Oky\n7BKlEHVChOcMkXM+Sbd4wEmJluOVphbDIi0RXvI9ux6Xbm4SjFfWqudKHuve72Q+\nmC4pM4xBbfe11jSZ7BJUoc5yanaOxDMuFc3XojiaiPZ+3lH/Fi5QMyYxbIMCAwEA\nAQKCAgEAn6oaHSpjwGx6S4bSJhqgY/ZI3J5hUXVUVUQ+PgxNOhie4JiYW11K1PTk\nRGm8EPgTtxrBXDmWTIs/E0rdYs+cYiDpqyG53Tu+JKgzlrAqhX2nkUGZ/F4ct6bM\nAv8Xz7IP3UdyHU5WQCP5mYbL7bSRryP82JYVIQMRoxKUzNXT9CquQhGpIoGn4OCJ\nJEcXUxbLcF6Z0BC8LApdZRYj0wbGD/9BhjybwkXFlY/ugimMC+5hQ5t9TYu1VR0s\nL3Fv5+8+APi6I/E9/JPqH8yZ8lB8mynDVjOR26Lpb/8F6aUkR/Pf9LsX4wVMhVFb\n2y/TUNawKVRMJeRMVuPKrOYe0Qn9AW3A80jVPMM9aUCDSNxyfNd4qrXtWktgW3zM\nvHNt3JsUfFfelNYmN1sT/4DIFap+HlgdcvuhKFXA/WT0RmNHI1KB26VKoh0eoDEo\ndN5w/YTfSM/5gA4X6g4KAw3lG/esLGinaRFaq5dn80ALWpgVAMzyYgrbvpjsPOon\nV/EnYK9QnmfSiNt4smrgTIgtQFjPb08QtFoXHWAWbTKM8TnUL4fjACKTOZlNPTrS\nNHm9/4/HFD+ze1de6wdCe2AIBgGsmxCwyOCVxfT6WIGl4rO3mdSHItSG90dtC2EF\n4asMnA+WvuMrldqwk8zPh5kDut3nJ9ntfzD2ewe+r/275VcGKqECggEBAN1wlB3o\nzmWKFijdsMTOyBc68IE02ZCFvjXjTknQ/SW1feOnDgoPaT3bjixq+oaP6akRAJcM\nHHpa7qFcxPknNlgzFBVs4xidRf1CAbB1r57/NbpTyeeB0ImIbc3ax2sf10DyPOR/\n+mkcbO4NsfT5+IOlCr4pHEhdxZV3vkPjGHRP/XOSC1iOxtB1UOVOTztvkFRQSFzH\n/v54dmt9hMSkaSJuLTWkAPQoH3jOEDwaORCxOtrBeuNvEpAazxiZqPhVmcm+/CUq\ncu7AbjQZyUIdR74P0sgh2v4aQ2xOxIauVtrWH+KuE9JfR6OPlFdveZ9Wcov6RTVD\n4sOejCMwgC/7AL0CggEBAMwNaUefob2UtNH0KPitWMeN6J8S1GjKwfQw7xzINb23\nmLCPyc1C3dgAhgyEgW4PVR+gFvoC9VnRvRTB/aCl21CyCXWNc3NvOWNjMmLYAWIT\n1RnTkvTvj5JOL+ZaX+pdflYIwRqhmPYltDjSXjswg5CbwVCrv9oBXU2ONmzyIiLV\n5JGq1ZF0VGEZzVvzgkYlyb0M1gawSAPkzB5XDYJmgHNR2Qzcgc38DuKVLGYNVkUf\nwXfToxvSIjCiVNBxi0QYUIbW9/f2nkgQVifAhkPm8rp94W9IGDR6keSPAOgqyiQW\nDqS/2ta4cXGmeN48GO+bDaRqZz1hRsUA5qQcAbaMFj8CggEAYtvBpGCs1DQDlJb0\nNcjDF2vetzAq+RRcSJ6D8vx0J4ORAjMwV1lt+ImuPTI9ShmxjSLkCosDo7Q42J0b\n6seQwWt8SdxkvjZoapovOuIvV2JEUDzb5JjVyrC3pLFJWg/K/1mlybVAy/A+yUAf\n9GgshEkINMERuVTzwrjEnnYiErsrQY8vtYd4RtQ5G0YMpVI3MwzsYU+ADYcmBvLw\ndQGZVh+t20aujlHjSwFjyhFC7KrSxZqfDC4oMWFml2ryPnuovqKe2tDKosAR8vyY\nFwYPY1CZH3PN2qdK9m1r21y1tdjmP0LL4p1a1DBjX22K9JGZbdh7UT5PXFnJ4mPi\ntojuWQKCAQBKBK9k8M399BxncJcQJelncd2pHm54mNwkVT/Xg/Sinh/AJFiCobfR\na9c0YTiGEP/C2hKbnEkdzMw25Gu5Q5C7w+lUf/waKoV5vPkBC/PsfN83YB0VxnSh\nEMWlXLEgVcvHL6PEokvXNjQazIysEdwXr7g/KB4O2aHbyTOK74ZcdpRUFtEj0zvs\ngSySJ1HhWkHE1wwoHvfwmaVFeDSJUd9UdaMzXCWl78IChTQ2zK23o15NtjKbm+0V\nET2M4zMuf1duojoO86HU6EAoaVkK9pKj/ZeyA0fseW3Ep+8fSK5MyseDEakzbHKS\nVF3R16EAAZHAS2ypwkimm74OV65zZnuHAoIBAAOoLChUNbknjsbeKVorGnEdAO8K\nMfCmvG3jTJlFUkZS17qCaISqTd/k4E4R8bK2RVQGvtoOsxyTz1gAF5gTZp+7erB+\niryGmqE7Tqfq3lGVtaFcEKW17pHhxLTSW0aOnZQt38Xho+uwiBgw6B4WyJBisRwM\nYtt/kCVOOHNGiBOXmgQTXC7jTZ5TGTsuvtEZrmpwpU3mtVm3/MZ35Fcddc2qtwt8\n4OLCXM/s3Yd+fqhHYGB8eB3YoIJAhFIwwRHkjfj7F+kNiucpVI0X5BbCmSpKpbxk\nHmnZSuFAFob89YRK2RkVlOklxYhFkNz3xPrHfGsIxevLBj/i58M1DTWG94E=\n-----END RSA PRIVATE KEY-----\n",
            "public_key_fingerprint_md5": "31:a4:79:63:6f:3c:25:84:22:77:5f:98:0a:69:78:17",
            "public_key_openssh": "ssh-rsa AAAAB3NzaC1yc2EAAAADAQABAAACAQCwgU/QfBd39ePPkmlQ8ZIau4jC3kq4rMC9sTd5Cpo0XJ7zD3aYREnv72OMeJDuLNNqV4peLxi1lAayDmiPNobWwhfsSgSovqvvYF2uzLARlZ8YTs/9eoVEZezely7+eIcSAzXKa/hktcB1u6hpb2yTU6tZOgJqDkdc9o0dvOGgMv/vJDNInA171JW9xvI+NV3W5kpNQUHza0mY0984phC2+fGeQzMj0Cdcn4yOxvCz46kXh17rHx7nkd/SzdqyWupBJcElr8JKzKRz9sirquACYGkEtfOp7tpOWfKZZULrZOysoy2/WmLzKDu/ugES40eYhUzs2K3zZDTJ40Ys+1hfHqnrRJQn54neeMZ02UG3pyNd8qDXubFlZYQEeGqqgaq3C3GS21MYk0q46/vCKc3VZSFpwVZAKsBd3xBaEF45NEqenmb/pYeFIOCCeMoFUhrA1DLDTePyS/pXQ926EdUqtHtI3DRWh27O81ychvFVNNxRIgMSJi8S9FB/OH2PZOg1jbbT0A7O3QDSiHaWyaCUZD0XqgtNEYvVOR+1Af37ImnQ6TLsEqUQdUKE5wyRcz5Jt3jASYmW45WmFsMiLRFe8j27HpdubhKMV9aq50oe697vZD6YLikzjEFt97XWNJnsElShznJqdo7EMy4VzdeiOJqI9n7eUf8WLlAzJjFsgw==\n",
            "public_key_pem": "-----BEGIN PUBLIC KEY-----\nMIICIjANBgkqhkiG9w0BAQEFAAOCAg8AMIICCgKCAgEAsIFP0HwXd/Xjz5JpUPGS\nGruIwt5KuKzAvbE3eQqaNFye8w92mERJ7+9jjHiQ7izTaleKXi8YtZQGsg5ojzaG\n1sIX7EoEqL6r72BdrsywEZWfGE7P/XqFRGXs3pcu/niHEgM1ymv4ZLXAdbuoaW9s\nk1OrWToCag5HXPaNHbzhoDL/7yQzSJwNe9SVvcbyPjVd1uZKTUFB82tJmNPfOKYQ\ntvnxnkMzI9AnXJ+Mjsbws+OpF4de6x8e55Hf0s3aslrqQSXBJa/CSsykc/bIq6rg\nAmBpBLXzqe7aTlnymWVC62TsrKMtv1pi8yg7v7oBEuNHmIVM7Nit82Q0yeNGLPtY\nXx6p60SUJ+eJ3njGdNlBt6cjXfKg17mxZWWEBHhqqoGqtwtxkttTGJNKuOv7winN\n1WUhacFWQCrAXd8QWhBeOTRKnp5m/6WHhSDggnjKBVIawNQyw03j8kv6V0PduhHV\nKrR7SNw0VoduzvNcnIbxVTTcUSIDEiYvEvRQfzh9j2ToNY2209AOzt0A0oh2lsmg\nlGQ9F6oLTRGL1TkftQH9+yJp0Oky7BKlEHVChOcMkXM+Sbd4wEmJluOVphbDIi0R\nXvI9ux6Xbm4SjFfWqudKHuve72Q+mC4pM4xBbfe11jSZ7BJUoc5yanaOxDMuFc3X\nojiaiPZ+3lH/Fi5QMyYxbIMCAwEAAQ==\n-----END PUBLIC KEY-----\n",
            "rsa_bits": 4096
          },
          "private": "bnVsbA=="
        }
      ]
    }
  ]
}
