{
  "version": 4,
  "terraform_version": "0.12.9",
  "serial": 143,
  "lineage": "306f0634-59bf-9f1e-2bd1-9d78ba6f5a47",
  "outputs": {
    "ConfigMap": {
      "value": "apiVersion: v1\nkind: ConfigMap\nmetadata:\n  name: aws-auth\n  namespace: kube-system\ndata:\n  mapRoles: |\n    - rolearn: arn:aws:iam::536969602909:role/eks-node-role\n      username: system:node:{{EC2PrivateDNSName}}\n      groups:\n        - system:bootstrappers\n        - system:nodes\n",
      "type": "string"
    },
    "key_name": {
      "value": "ambitious_key",
      "type": "string"
    },
    "kubectl_config": {
      "value": "apiVersion: v1\nclusters:\n- cluster:\n    server: https://2FDE98A008FC80DEA8B94DC0B9DEB515.gr7.us-east-1.eks.amazonaws.com\n    certificate-authority-data: LS0tLS1CRUdJTiBDRVJUSUZJQ0FURS0tLS0tCk1JSUN5RENDQWJDZ0F3SUJBZ0lCQURBTkJna3Foa2lHOXcwQkFRc0ZBREFWTVJNd0VRWURWUVFERXdwcmRXSmwKY201bGRHVnpNQjRYRFRJd01URXdNVEV5TURBd09Wb1hEVE13TVRBek1ERXlNREF3T1Zvd0ZURVRNQkVHQTFVRQpBeE1LYTNWaVpYSnVaWFJsY3pDQ0FTSXdEUVlKS29aSWh2Y05BUUVCQlFBRGdnRVBBRENDQVFvQ2dnRUJBS1p0CmhneUJQdEdzSFRIZlpIMjlpT3ZEck56YWZVZ01NYXdtZjZMTGRldU9RelFrUFdJQWpnc01QaWxralRRdExFdWsKN3hyeVhlSFB3cFdUd0xpRzAvTWd1VmI4L2VBRmRRTDN2bU5IOHorUmc3eUFEejNJcXpHS0pjOVdvR0lqb2dxUAptd3RHV3U3UitlSGN3akkybi9UMzBxZFF0TDRPaStqOTIwL09ZRGU1OWE1NTNFWnltbDkwWmtyamQ4eG0vbkdDCkR2bERYSEU5UkJhdlFlZ1lMUDlId3dnZDhIZkZmOVRwMzhVMjZDeDc0MmdEZjN2bVUvajJDRmZlTjFZY21MU04KNzZITDZ2VTNDQ2ZQU2FQZEprYWFBSjlERER1ZEpTUlg3ZVZoUlRCSDhtbTByMXNrMHlLSEIwUkVVVzZlbnpiNwpiMTFIa1lJNkdhaXNMVTEyYjVrQ0F3RUFBYU1qTUNFd0RnWURWUjBQQVFIL0JBUURBZ0trTUE4R0ExVWRFd0VCCi93UUZNQU1CQWY4d0RRWUpLb1pJaHZjTkFRRUxCUUFEZ2dFQkFDNmtTRjhsUm1mWnFBd2k1VDhvZmcwNnBrczUKcWt5ZGl5SzhuclQ4QXlMaUZFajJVYkR1Q2QvaXVkakVlUVMrVzBHbUtZTUEyS21XSThoeXBYc2NTSUFhVnJneQpDeEJtbURMKzdmbUVVdDFzRGhUU1dxbm5UcmdhS3hBOFBHVWhrTGVGbklzcWNxQVhrVk5QWk1LVGdZKzZmSzFoCkVXR05tSW8xOGNITXpxeFpXUWx0dVcwVDhXczhYSTRSMmJRQnhOWkoybmo4NnpNazdDRktXa1RHbkpNRDBvM2QKL3FPUTc2c0d6MGJmYjFab3lIWkNkYWFCbHhkTTZMeXZZMTBHY2ZGZXg3dkd0US8xMkhUekg4SmZsMUJjUE4rUgpNa0xyVUl0QVhXUitnemdkSWJpaFZrWDh4NWRsdDgvb3VsTElGRzk0UjZ3eE84d2Evc2lNUFMrQlVTbz0KLS0tLS1FTkQgQ0VSVElGSUNBVEUtLS0tLQo=\n  name: kubernetes\ncontexts:\n- context:\n    cluster: kubernetes\n    user: aws\n  name: aws\ncurrent-context: aws\nkind: Config\npreferences: {}\nusers:\n- name: aws\n  user:\n    exec:\n      apiVersion: client.authentication.k8s.io/v1alpha1\n      command: aws-iam-authenticator\n      args:\n        - \"token\"\n        - \"-i\"\n        - \"eks-dev-amb-cluster\"\n",
      "type": "string"
    },
    "private_key_file": {
      "value": "./ambitious_key.id_rsa",
      "type": "string"
    },
    "private_key_pem": {
      "value": "-----BEGIN RSA PRIVATE KEY-----\nMIIJKAIBAAKCAgEAo6ngGOUE5JuytCpt90kzymWSI0Y9Ojv3gqI50i6ISyzaADXF\nWGGo68NGwZ0X6RV7LJpX1yOJPGt2TxwAMxBo7faUAUNwxRYGXdx+yI3KRGK7Bwr0\nTGPV5ppO6Z+KRkPkoz/cCiGz30uKX+lCxld5C9S5DQ4nYX62KpAlsyM1HfknHduk\nk56VkQi+VDU2OcXq6Y4q+xqtZjg6JXrac33XFRAIMpxCosVElzKzTKVMxv4YF+4D\n+k5cU1Bn9imsbBJBzp+7R3R5x+NHDSmcWlwGrTHdR6KnXX4sPqjVPq89tpV2nASx\ngECb/MOmbzzgGp1A4ahGwCJzG3u46rLISOhfn3zYHlYkG4hldSQNNDpZCMjYDG81\nWpR0EKUzqapkPzL2vNxMLV1+lgevGTeu+eqRgn8gvt51OZfccUA50XL+MYcPqnAS\nik/XNJRdJk4JzBgI+NWMT5HIaw9YM5y1u6ImXDAVAkwj4U5a/oV4H3hZ/tQqgTtv\neuNIS8ZNs9mbF/k0H4IfkVOO1dLAMIFulSaBsauYCOOk1mcli6UhDU0ajJAlLVrj\n6hJWXa8hc23c0DSS8pS1smbeQ8UxEpx84T0Uu4Fwcg8vc822puLFxZ3OWkGpXq7G\n7SXL/VUwapN590DW+ZQjKdbw2uNPZYHtZbiJ7IYpNMsIlkIE5uJ8qDRUhiMCAwEA\nAQKCAgBl1Wt00ftra12UMNpfhZLOGskFXcz3ERz+kYY8u2teqzex7cMvLQT4PXcn\nPWIFS7JqnFaPrLLVf2AL9TZCj7Fab5TD/HyMhRnNCUdx7peuWWhaB3zekzgi1lzH\njNdyxQfcc/2r6DCNfelJqFA+LWtJ60CBWQ8z4K3kafCrN/ry/XZTY7lRiNkzdydG\nKh3lcLqsPCOOPpkqA05ax8hpGCHeHy2aoBPuR6RYF9nslOXi43OGYDjlZCCaTmuB\nhYidbfa4ZDcZTOYBc+9fx0ZcCuq0lVREIHbW+4z4KAEXkd5qXzF//oObc5gbfHlw\nuYYPyUz3m8b6AfVxYlg64KcyhjQIf95JQvL5GwmjpEK7Iy0hjNhz1AjGZm5AubaJ\nLZQz4UQ3Pv/gfIAJJyMwEQZjCeM/Xz4R9NDEoOVAH58lF+i00xcaOQgbjBoRDeCU\noLWO6QWVUAoMQbfJtOcdsNDgujCOgIgzAwtn9caxsIJOOoqI3FbsOOD3VNQkvW9l\nOmzicPeZeL/cnd55+Yz1078peB7ODCsUKXxDKkIzdHD9ntr4dorNGOasDjh2J/vc\nNIS2iejFVm5unEFDinf8OkTyLNu/v54zSV4fMzxOrg4bCfjGhrgUI91br9XCAGVk\nLd33F12ZwZUL2qz7zgwmTA9sqFt6Cb/bKJmNV4OzVrVBIzGvQQKCAQEAynjQhEip\n5gzwewhQkM4vB7Kq+YVRqswJ7Mxkc7ZDelP7lEBcxFcx+M+a+lOwzPLHSXcbFqOk\nudgmB6sycUFf/BE0kp/QIh/aaF7D48I8MGn/zsk7L+jXLlOuSfFGSKFoKFw/aVvf\nTVFBH0FWA1rUaWY5O0sHthumgpDkmSROgvdqSsRVtLPWdWmxIz6OsooRd8JvQzW8\nvb5BVWDarLGd/HzEArmVDVn28cKhc4lAX7dA0CziXq85uBhmK/NGdor1g/CJ8M+8\nHTlpvldX7ImxNPawLmyyt6pYy665ViBeSw69y1x1IK/RpDE58YUr4uhYEhdS4CIw\nLuPqX2yneaEi8wKCAQEAzu6IiRHfdaew1QZZfIQAzZnxxd14s6/97nXxRwTCfspn\nKTCExX9lhQ777zGmdCcat+t/+noLyQY1Xk3t4ComVV5g3vPo/3Ag574iHxTtUPLL\nCXP2tuagBB5U7wiAR3GJo1vgW+q7GBYcU3ffHEXSJPU4Xq4VzOMow5egsjGS8g/k\nvNqNdfrAiQayY+TvF1ds5+10O2UW1VpL/W6lw6ALKCWyCB+nV5mMFyTpZ5GOQhKh\ndnbGpgLE0flhVErMOLImJX16TvS54M6WnNLrDImTcbsJ1SHePPQxGSYOe800h9Bw\nHze/zOl4Ee4KqqaF8vXtXaVYM+uFmHoz1IiG3178EQKCAQAWaST7X2ee1RPRKmxw\nesHt4jLWh5EwjIEUutLrk+MIKT+Re0ZJXTVkyuXmi1jodn7kfNB8wwQ6pdgfxS1C\nJ/BN4EGncRUCkfAE2WhpT1iGK1VrOA7bELSwpgaGnLQg2ezDeuJx8P9YeYPxx7OT\nj3wvZmczTuy9lXXqwcrrwH8INAaJ3A14gOdd+6Llucjlri6cyOKz18DaZ7Knlp7d\nupM4HT885fm/jpOs0tQ4C5safRgpcq5juJV08Q5uEvFbsanXPsql4vh5a59uuBA9\nWEhLCnsZyGJHvg0yDlbpV4/YUvtjBQrZ4VwdBm3Zc9oVtY36AqbjtCUNK6EHiulG\npzVNAoIBAFLwAeNGOZTzeAl5eQZR9exx5hhS8ty6DgG0XdcEDlw5DW3R13U84Via\nL9mnwbpOLgRHLE0c+3o/tcYtX8j3u9N9d0AE7H7s1xNq/kwM3C0UktIgG2MlPj9I\nVOxVMOzxkaPa4CqXAxPdUM8XfWHcjiRn8IbqKSysYxs5u5uQCQBh5GDZC9ecf+yr\ntXYaPMXTMYAniO2BT8yFW22hGmk0zSPzL87XuP+AOEjSb4YmLalHxFUxt96zv2UV\nGbBqJj4XEPj3uLzKk3GJ+42xb6nfvivYNlGpOGSfzsnwmd9+2K4Smc25T3N2o7wz\n9yx8f7VoYhGlgpuUqz/4wqtNaRk//bECggEBALDuqj1GnJXEl1kbJ60W5ayigaEt\ncS58CS31EPM9SZpnNfcrh7wzBAbfUXxmvuUaKdvOXdUU1L85Lsrw8MidhL2Jt+Bk\nD3gU40KDtmt6rdneRnzJh+HyYksztbi0eLxUoGPdQsJV+OsjxN18ZBlJVt7Brcd2\nHZ23IhwDk1PI0lidi+YvVrkWgJ9qpQT0z5H11+HAOylnoHMCnUnmv2GXebYvL5TN\ntGGtutMLDfFcHfKZQAtRzgWEtnfQ6iNc7LX/gnQV6hwXlLg4QyZL81pOYAMF3R7I\nYs6ZDZlp1WpGFzXhAnu2SHVyTxlDIU3dEVXXPw5pAlT0PC0zqcNTNtO+zKU=\n-----END RSA PRIVATE KEY-----\n",
      "type": "string"
    },
    "public_key_file": {
      "value": "./ambitious_key.id_rsa.pub",
      "type": "string"
    },
    "public_key_openssh": {
      "value": "ssh-rsa AAAAB3NzaC1yc2EAAAADAQABAAACAQCjqeAY5QTkm7K0Km33STPKZZIjRj06O/eCojnSLohLLNoANcVYYajrw0bBnRfpFXssmlfXI4k8a3ZPHAAzEGjt9pQBQ3DFFgZd3H7IjcpEYrsHCvRMY9Xmmk7pn4pGQ+SjP9wKIbPfS4pf6ULGV3kL1LkNDidhfrYqkCWzIzUd+Scd26STnpWRCL5UNTY5xerpjir7Gq1mODoletpzfdcVEAgynEKixUSXMrNMpUzG/hgX7gP6TlxTUGf2KaxsEkHOn7tHdHnH40cNKZxaXAatMd1Hoqddfiw+qNU+rz22lXacBLGAQJv8w6ZvPOAanUDhqEbAInMbe7jqsshI6F+ffNgeViQbiGV1JA00OlkIyNgMbzValHQQpTOpqmQ/Mva83EwtXX6WB68ZN6756pGCfyC+3nU5l9xxQDnRcv4xhw+qcBKKT9c0lF0mTgnMGAj41YxPkchrD1gznLW7oiZcMBUCTCPhTlr+hXgfeFn+1CqBO29640hLxk2z2ZsX+TQfgh+RU47V0sAwgW6VJoGxq5gI46TWZyWLpSENTRqMkCUtWuPqElZdryFzbdzQNJLylLWyZt5DxTESnHzhPRS7gXByDy9zzbam4sXFnc5aQalersbtJcv9VTBqk3n3QNb5lCMp1vDa409lge1luInshik0ywiWQgTm4nyoNFSGIw==\n",
      "type": "string"
    }
  },
  "resources": [
    {
      "mode": "data",
      "type": "aws_ami",
      "name": "eks-gpu-node",
      "provider": "provider.aws",
      "instances": [
        {
          "schema_version": 0,
          "attributes": {
            "architecture": "x86_64",
            "arn": "arn:aws:ec2:us-east-1::image/ami-07976b5eda30dedb8",
            "block_device_mappings": [
              {
                "device_name": "/dev/xvda",
                "ebs": {
                  "delete_on_termination": "true",
                  "encrypted": "false",
                  "iops": "0",
                  "snapshot_id": "snap-02f23b620689201ca",
                  "volume_size": "20",
                  "volume_type": "gp2"
                },
                "no_device": "",
                "virtual_name": ""
              }
            ],
            "creation_date": "2020-10-07T22:08:03.000Z",
            "description": "EKS Kubernetes Worker AMI for Machine Learning Accelerated Workloads on AmazonLinux2 image (k8s: 1.18.8, docker:19.03.6ce-4.amzn2)",
            "executable_users": null,
            "filter": [
              {
                "name": "name",
                "values": [
                  "amazon-eks-gpu-node-1.18-*"
                ]
              }
            ],
            "hypervisor": "xen",
            "id": "ami-07976b5eda30dedb8",
            "image_id": "ami-07976b5eda30dedb8",
            "image_location": "amazon/amazon-eks-gpu-node-1.18-v20201007",
            "image_owner_alias": "amazon",
            "image_type": "machine",
            "kernel_id": null,
            "most_recent": true,
            "name": "amazon-eks-gpu-node-1.18-v20201007",
            "name_regex": null,
            "owner_id": "602401143452",
            "owners": [
              "amazon"
            ],
            "platform": null,
            "product_codes": [],
            "public": true,
            "ramdisk_id": null,
            "root_device_name": "/dev/xvda",
            "root_device_type": "ebs",
            "root_snapshot_id": "snap-02f23b620689201ca",
            "sriov_net_support": "simple",
            "state": "available",
            "state_reason": {
              "code": "UNSET",
              "message": "UNSET"
            },
            "tags": {},
            "virtualization_type": "hvm"
          }
        }
      ]
    },
    {
      "mode": "data",
      "type": "aws_ami",
      "name": "eks-node",
      "provider": "provider.aws",
      "instances": [
        {
          "schema_version": 0,
          "attributes": {
            "architecture": "x86_64",
            "arn": "arn:aws:ec2:us-east-1::image/ami-0fae38e27c6113140",
            "block_device_mappings": [
              {
                "device_name": "/dev/xvda",
                "ebs": {
                  "delete_on_termination": "true",
                  "encrypted": "false",
                  "iops": "0",
                  "snapshot_id": "snap-0e66305aac4292574",
                  "volume_size": "20",
                  "volume_type": "gp2"
                },
                "no_device": "",
                "virtual_name": ""
              }
            ],
            "creation_date": "2020-10-07T21:57:55.000Z",
            "description": "EKS Kubernetes Worker AMI with AmazonLinux2 image, (k8s: 1.18.8, docker:19.03.6ce-4.amzn2)",
            "executable_users": null,
            "filter": [
              {
                "name": "name",
                "values": [
                  "amazon-eks-node-1.18-*"
                ]
              }
            ],
            "hypervisor": "xen",
            "id": "ami-0fae38e27c6113140",
            "image_id": "ami-0fae38e27c6113140",
            "image_location": "amazon/amazon-eks-node-1.18-v20201007",
            "image_owner_alias": "amazon",
            "image_type": "machine",
            "kernel_id": null,
            "most_recent": true,
            "name": "amazon-eks-node-1.18-v20201007",
            "name_regex": null,
            "owner_id": "602401143452",
            "owners": [
              "amazon"
            ],
            "platform": null,
            "product_codes": [],
            "public": true,
            "ramdisk_id": null,
            "root_device_name": "/dev/xvda",
            "root_device_type": "ebs",
            "root_snapshot_id": "snap-0e66305aac4292574",
            "sriov_net_support": "simple",
            "state": "available",
            "state_reason": {
              "code": "UNSET",
              "message": "UNSET"
            },
            "tags": {},
            "virtualization_type": "hvm"
          }
        }
      ]
    },
    {
      "mode": "data",
      "type": "aws_availability_zones",
      "name": "available",
      "provider": "provider.aws",
      "instances": [
        {
          "schema_version": 0,
          "attributes": {
            "all_availability_zones": null,
            "blacklisted_names": null,
            "blacklisted_zone_ids": null,
            "exclude_names": null,
            "exclude_zone_ids": null,
            "filter": null,
            "group_names": [
              "us-east-1"
            ],
            "id": "2020-11-01 11:52:06.566046 +0000 UTC",
            "names": [
              "us-east-1a",
              "us-east-1b",
              "us-east-1c",
              "us-east-1d",
              "us-east-1e",
              "us-east-1f"
            ],
            "state": null,
            "zone_ids": [
              "use1-az4",
              "use1-az6",
              "use1-az1",
              "use1-az2",
              "use1-az3",
              "use1-az5"
            ]
          }
        }
      ]
    },
    {
      "mode": "managed",
      "type": "aws_autoscaling_group",
      "name": "eks-asg",
      "provider": "provider.aws",
      "instances": [
        {
          "schema_version": 0,
          "attributes": {
            "arn": "arn:aws:autoscaling:us-east-1:536969602909:autoScalingGroup:fe9fdb78-1c78-4728-8869-d2cbbeaac059:autoScalingGroupName/EKS cluster nodes",
            "availability_zones": [
              "us-east-1a",
              "us-east-1b",
              "us-east-1c"
            ],
            "default_cooldown": 300,
            "desired_capacity": 3,
            "enabled_metrics": null,
            "force_delete": false,
            "health_check_grace_period": 300,
            "health_check_type": "EC2",
            "id": "EKS cluster nodes",
            "initial_lifecycle_hook": [],
            "launch_configuration": "eks-node20201101120231018900000007",
            "launch_template": [],
            "load_balancers": [],
            "max_instance_lifetime": 0,
            "max_size": 3,
            "metrics_granularity": "1Minute",
            "min_elb_capacity": null,
            "min_size": 3,
            "mixed_instances_policy": [],
            "name": "EKS cluster nodes",
            "name_prefix": null,
            "placement_group": "",
            "protect_from_scale_in": false,
            "service_linked_role_arn": "arn:aws:iam::536969602909:role/aws-service-role/autoscaling.amazonaws.com/AWSServiceRoleForAutoScaling",
            "suspended_processes": null,
            "tag": [
              {
                "key": "Environment",
                "propagate_at_launch": true,
                "value": "dev"
              },
              {
                "key": "Name",
                "propagate_at_launch": true,
                "value": "eks-dev-nodes"
              },
              {
                "key": "Project",
                "propagate_at_launch": true,
                "value": "eks"
              },
              {
                "key": "Terraform",
                "propagate_at_launch": true,
                "value": "true"
              },
              {
                "key": "kubernetes.io/cluster/eks-dev-amb-cluster",
                "propagate_at_launch": true,
                "value": "owned"
              }
            ],
            "tags": null,
            "target_group_arns": [],
            "termination_policies": null,
            "timeouts": null,
            "vpc_zone_identifier": [
              "subnet-004018cc6f3d61113",
              "subnet-04702610acc8b7d1b",
              "subnet-0668dbf1cb55bebc6"
            ],
            "wait_for_capacity_timeout": "10m",
            "wait_for_elb_capacity": null
          },
          "private": "eyJlMmJmYjczMC1lY2FhLTExZTYtOGY4OC0zNDM2M2JjN2M0YzAiOnsiZGVsZXRlIjo2MDAwMDAwMDAwMDB9fQ==",
          "depends_on": [
            "aws_launch_configuration.eks-lc",
            "aws_subnet.subnet"
          ]
        }
      ]
    },
    {
      "mode": "managed",
      "type": "aws_eks_cluster",
      "name": "eks-cluster",
      "provider": "provider.aws",
      "instances": [
        {
          "schema_version": 0,
          "attributes": {
            "arn": "arn:aws:eks:us-east-1:536969602909:cluster/eks-dev-amb-cluster",
            "certificate_authority": [
              {
                "data": "LS0tLS1CRUdJTiBDRVJUSUZJQ0FURS0tLS0tCk1JSUN5RENDQWJDZ0F3SUJBZ0lCQURBTkJna3Foa2lHOXcwQkFRc0ZBREFWTVJNd0VRWURWUVFERXdwcmRXSmwKY201bGRHVnpNQjRYRFRJd01URXdNVEV5TURBd09Wb1hEVE13TVRBek1ERXlNREF3T1Zvd0ZURVRNQkVHQTFVRQpBeE1LYTNWaVpYSnVaWFJsY3pDQ0FTSXdEUVlKS29aSWh2Y05BUUVCQlFBRGdnRVBBRENDQVFvQ2dnRUJBS1p0CmhneUJQdEdzSFRIZlpIMjlpT3ZEck56YWZVZ01NYXdtZjZMTGRldU9RelFrUFdJQWpnc01QaWxralRRdExFdWsKN3hyeVhlSFB3cFdUd0xpRzAvTWd1VmI4L2VBRmRRTDN2bU5IOHorUmc3eUFEejNJcXpHS0pjOVdvR0lqb2dxUAptd3RHV3U3UitlSGN3akkybi9UMzBxZFF0TDRPaStqOTIwL09ZRGU1OWE1NTNFWnltbDkwWmtyamQ4eG0vbkdDCkR2bERYSEU5UkJhdlFlZ1lMUDlId3dnZDhIZkZmOVRwMzhVMjZDeDc0MmdEZjN2bVUvajJDRmZlTjFZY21MU04KNzZITDZ2VTNDQ2ZQU2FQZEprYWFBSjlERER1ZEpTUlg3ZVZoUlRCSDhtbTByMXNrMHlLSEIwUkVVVzZlbnpiNwpiMTFIa1lJNkdhaXNMVTEyYjVrQ0F3RUFBYU1qTUNFd0RnWURWUjBQQVFIL0JBUURBZ0trTUE4R0ExVWRFd0VCCi93UUZNQU1CQWY4d0RRWUpLb1pJaHZjTkFRRUxCUUFEZ2dFQkFDNmtTRjhsUm1mWnFBd2k1VDhvZmcwNnBrczUKcWt5ZGl5SzhuclQ4QXlMaUZFajJVYkR1Q2QvaXVkakVlUVMrVzBHbUtZTUEyS21XSThoeXBYc2NTSUFhVnJneQpDeEJtbURMKzdmbUVVdDFzRGhUU1dxbm5UcmdhS3hBOFBHVWhrTGVGbklzcWNxQVhrVk5QWk1LVGdZKzZmSzFoCkVXR05tSW8xOGNITXpxeFpXUWx0dVcwVDhXczhYSTRSMmJRQnhOWkoybmo4NnpNazdDRktXa1RHbkpNRDBvM2QKL3FPUTc2c0d6MGJmYjFab3lIWkNkYWFCbHhkTTZMeXZZMTBHY2ZGZXg3dkd0US8xMkhUekg4SmZsMUJjUE4rUgpNa0xyVUl0QVhXUitnemdkSWJpaFZrWDh4NWRsdDgvb3VsTElGRzk0UjZ3eE84d2Evc2lNUFMrQlVTbz0KLS0tLS1FTkQgQ0VSVElGSUNBVEUtLS0tLQo="
              }
            ],
            "created_at": "2020-11-01 11:52:51 +0000 UTC",
            "enabled_cluster_log_types": null,
            "encryption_config": [],
            "endpoint": "https://2FDE98A008FC80DEA8B94DC0B9DEB515.gr7.us-east-1.eks.amazonaws.com",
            "id": "eks-dev-amb-cluster",
            "identity": [
              {
                "oidc": [
                  {
                    "issuer": "https://oidc.eks.us-east-1.amazonaws.com/id/2FDE98A008FC80DEA8B94DC0B9DEB515"
                  }
                ]
              }
            ],
            "name": "eks-dev-amb-cluster",
            "platform_version": "eks.1",
            "role_arn": "arn:aws:iam::536969602909:role/eks-master-role",
            "status": "ACTIVE",
            "tags": null,
            "timeouts": null,
            "version": "1.18",
            "vpc_config": [
              {
                "cluster_security_group_id": "sg-015eba1c2ec584cf7",
                "endpoint_private_access": false,
                "endpoint_public_access": true,
                "public_access_cidrs": [
                  "0.0.0.0/0"
                ],
                "security_group_ids": [
                  "sg-058dbc2048c32b4c7"
                ],
                "subnet_ids": [
                  "subnet-004018cc6f3d61113",
                  "subnet-04702610acc8b7d1b",
                  "subnet-0668dbf1cb55bebc6"
                ],
                "vpc_id": "vpc-00594ff4360d18413"
              }
            ]
          },
          "private": "eyJlMmJmYjczMC1lY2FhLTExZTYtOGY4OC0zNDM2M2JjN2M0YzAiOnsiY3JlYXRlIjoxODAwMDAwMDAwMDAwLCJkZWxldGUiOjkwMDAwMDAwMDAwMCwidXBkYXRlIjozNjAwMDAwMDAwMDAwfX0=",
          "depends_on": [
            "aws_iam_role.eks-master-role",
            "aws_iam_role_policy_attachment.eks-cluster-policy",
            "aws_iam_role_policy_attachment.eks-service-policy",
            "aws_security_group.cluster-master",
            "aws_subnet.subnet"
          ]
        }
      ]
    },
    {
      "mode": "managed",
      "type": "aws_iam_instance_profile",
      "name": "eks-node-role-profile",
      "provider": "provider.aws",
      "instances": [
        {
          "schema_version": 0,
          "attributes": {
            "arn": "arn:aws:iam::536969602909:instance-profile/eks-node-role-profile",
            "create_date": "2020-11-01T11:52:30Z",
            "id": "eks-node-role-profile",
            "name": "eks-node-role-profile",
            "name_prefix": null,
            "path": "/",
            "role": "eks-node-role",
            "roles": [],
            "unique_id": "AIPAX2BPB45OZAPQMJLA2"
          },
          "private": "bnVsbA==",
          "depends_on": [
            "aws_iam_role.eks-node-role"
          ]
        }
      ]
    },
    {
      "mode": "managed",
      "type": "aws_iam_role",
      "name": "eks-master-role",
      "provider": "provider.aws",
      "instances": [
        {
          "schema_version": 0,
          "attributes": {
            "arn": "arn:aws:iam::536969602909:role/eks-master-role",
            "assume_role_policy": "{\"Version\":\"2012-10-17\",\"Statement\":[{\"Effect\":\"Allow\",\"Principal\":{\"Service\":\"eks.amazonaws.com\"},\"Action\":\"sts:AssumeRole\"}]}",
            "create_date": "2020-11-01T11:52:28Z",
            "description": "",
            "force_detach_policies": false,
            "id": "eks-master-role",
            "max_session_duration": 3600,
            "name": "eks-master-role",
            "name_prefix": null,
            "path": "/",
            "permissions_boundary": null,
            "tags": null,
            "unique_id": "AROAX2BPB45OS33NFKYUT"
          },
          "private": "bnVsbA=="
        }
      ]
    },
    {
      "mode": "managed",
      "type": "aws_iam_role",
      "name": "eks-node-role",
      "provider": "provider.aws",
      "instances": [
        {
          "schema_version": 0,
          "attributes": {
            "arn": "arn:aws:iam::536969602909:role/eks-node-role",
            "assume_role_policy": "{\"Version\":\"2012-10-17\",\"Statement\":[{\"Effect\":\"Allow\",\"Principal\":{\"Service\":\"ec2.amazonaws.com\"},\"Action\":\"sts:AssumeRole\"}]}",
            "create_date": "2020-11-01T11:52:28Z",
            "description": "",
            "force_detach_policies": false,
            "id": "eks-node-role",
            "max_session_duration": 3600,
            "name": "eks-node-role",
            "name_prefix": null,
            "path": "/",
            "permissions_boundary": null,
            "tags": null,
            "unique_id": "AROAX2BPB45OSON6ISNGS"
          },
          "private": "bnVsbA=="
        }
      ]
    },
    {
      "mode": "managed",
      "type": "aws_iam_role_policy_attachment",
      "name": "ec2-container-registry-readonly",
      "provider": "provider.aws",
      "instances": [
        {
          "schema_version": 0,
          "attributes": {
            "id": "eks-node-role-20201101115230531200000003",
            "policy_arn": "arn:aws:iam::aws:policy/AmazonEC2ContainerRegistryReadOnly",
            "role": "eks-node-role"
          },
          "private": "bnVsbA==",
          "depends_on": [
            "aws_iam_role.eks-node-role"
          ]
        }
      ]
    },
    {
      "mode": "managed",
      "type": "aws_iam_role_policy_attachment",
      "name": "ec2-role-for-ssm",
      "provider": "provider.aws",
      "instances": [
        {
          "schema_version": 0,
          "attributes": {
            "id": "eks-node-role-20201101115230522800000002",
            "policy_arn": "arn:aws:iam::aws:policy/service-role/AmazonEC2RoleforSSM",
            "role": "eks-node-role"
          },
          "private": "bnVsbA==",
          "depends_on": [
            "aws_iam_role.eks-node-role"
          ]
        }
      ]
    },
    {
      "mode": "managed",
      "type": "aws_iam_role_policy_attachment",
      "name": "eks-cluster-policy",
      "provider": "provider.aws",
      "instances": [
        {
          "schema_version": 0,
          "attributes": {
            "id": "eks-master-role-20201101115230580500000006",
            "policy_arn": "arn:aws:iam::aws:policy/AmazonEKSClusterPolicy",
            "role": "eks-master-role"
          },
          "private": "bnVsbA==",
          "depends_on": [
            "aws_iam_role.eks-master-role"
          ]
        }
      ]
    },
    {
      "mode": "managed",
      "type": "aws_iam_role_policy_attachment",
      "name": "eks-cni-policy",
      "provider": "provider.aws",
      "instances": [
        {
          "schema_version": 0,
          "attributes": {
            "id": "eks-node-role-20201101115230553400000004",
            "policy_arn": "arn:aws:iam::aws:policy/AmazonEKS_CNI_Policy",
            "role": "eks-node-role"
          },
          "private": "bnVsbA==",
          "depends_on": [
            "aws_iam_role.eks-node-role"
          ]
        }
      ]
    },
    {
      "mode": "managed",
      "type": "aws_iam_role_policy_attachment",
      "name": "eks-service-policy",
      "provider": "provider.aws",
      "instances": [
        {
          "schema_version": 0,
          "attributes": {
            "id": "eks-master-role-20201101115230522800000001",
            "policy_arn": "arn:aws:iam::aws:policy/AmazonEKSServicePolicy",
            "role": "eks-master-role"
          },
          "private": "bnVsbA==",
          "depends_on": [
            "aws_iam_role.eks-master-role"
          ]
        }
      ]
    },
    {
      "mode": "managed",
      "type": "aws_iam_role_policy_attachment",
      "name": "eks-worker-node-policy",
      "provider": "provider.aws",
      "instances": [
        {
          "schema_version": 0,
          "attributes": {
            "id": "eks-node-role-20201101115230556800000005",
            "policy_arn": "arn:aws:iam::aws:policy/AmazonEKSWorkerNodePolicy",
            "role": "eks-node-role"
          },
          "private": "bnVsbA==",
          "depends_on": [
            "aws_iam_role.eks-node-role"
          ]
        }
      ]
    },
    {
      "mode": "managed",
      "type": "aws_internet_gateway",
      "name": "igw",
      "provider": "provider.aws",
      "instances": [
        {
          "schema_version": 0,
          "attributes": {
            "arn": "arn:aws:ec2:us-east-1:536969602909:internet-gateway/igw-03d76444e48de3339",
            "id": "igw-03d76444e48de3339",
            "owner_id": "536969602909",
            "tags": {
              "Environment": "dev",
              "Name": "eks-dev-igw",
              "Project": "eks",
              "Terraform": "true",
              "kubernetes.io/cluster/eks-dev-amb-cluster": "shared"
            },
            "vpc_id": "vpc-00594ff4360d18413"
          },
          "private": "bnVsbA==",
          "depends_on": [
            "aws_vpc.vpc"
          ]
        }
      ]
    },
    {
      "mode": "managed",
      "type": "aws_key_pair",
      "name": "key_pair",
      "provider": "provider.aws",
      "instances": [
        {
          "schema_version": 1,
          "attributes": {
            "arn": "arn:aws:ec2:us-east-1:536969602909:key-pair/ambitious_key",
            "fingerprint": "20:cf:ba:71:6c:52:8a:61:72:9c:99:e1:92:ef:f8:dd",
            "id": "ambitious_key",
            "key_name": "ambitious_key",
            "key_name_prefix": null,
            "key_pair_id": "key-06126f5d1a68d2600",
            "public_key": "ssh-rsa AAAAB3NzaC1yc2EAAAADAQABAAACAQCjqeAY5QTkm7K0Km33STPKZZIjRj06O/eCojnSLohLLNoANcVYYajrw0bBnRfpFXssmlfXI4k8a3ZPHAAzEGjt9pQBQ3DFFgZd3H7IjcpEYrsHCvRMY9Xmmk7pn4pGQ+SjP9wKIbPfS4pf6ULGV3kL1LkNDidhfrYqkCWzIzUd+Scd26STnpWRCL5UNTY5xerpjir7Gq1mODoletpzfdcVEAgynEKixUSXMrNMpUzG/hgX7gP6TlxTUGf2KaxsEkHOn7tHdHnH40cNKZxaXAatMd1Hoqddfiw+qNU+rz22lXacBLGAQJv8w6ZvPOAanUDhqEbAInMbe7jqsshI6F+ffNgeViQbiGV1JA00OlkIyNgMbzValHQQpTOpqmQ/Mva83EwtXX6WB68ZN6756pGCfyC+3nU5l9xxQDnRcv4xhw+qcBKKT9c0lF0mTgnMGAj41YxPkchrD1gznLW7oiZcMBUCTCPhTlr+hXgfeFn+1CqBO29640hLxk2z2ZsX+TQfgh+RU47V0sAwgW6VJoGxq5gI46TWZyWLpSENTRqMkCUtWuPqElZdryFzbdzQNJLylLWyZt5DxTESnHzhPRS7gXByDy9zzbam4sXFnc5aQalersbtJcv9VTBqk3n3QNb5lCMp1vDa409lge1luInshik0ywiWQgTm4nyoNFSGIw==",
            "tags": null
          },
          "private": "eyJzY2hlbWFfdmVyc2lvbiI6IjEifQ==",
          "depends_on": [
            "tls_private_key.keygen"
          ]
        }
      ]
    },
    {
      "mode": "managed",
      "type": "aws_launch_configuration",
      "name": "eks-lc",
      "provider": "provider.aws",
      "instances": [
        {
          "schema_version": 0,
          "attributes": {
            "arn": "arn:aws:autoscaling:us-east-1:536969602909:launchConfiguration:426ada47-dc8d-488f-859c-208bfb132d39:launchConfigurationName/eks-node20201101120231018900000007",
            "associate_public_ip_address": true,
            "ebs_block_device": [],
            "ebs_optimized": false,
            "enable_monitoring": false,
            "ephemeral_block_device": [],
            "iam_instance_profile": "eks-node-role-profile",
            "id": "eks-node20201101120231018900000007",
            "image_id": "ami-0fae38e27c6113140",
            "instance_type": "t3.medium",
            "key_name": "ambitious_key",
            "name": "eks-node20201101120231018900000007",
            "name_prefix": "eks-node",
            "placement_tenancy": null,
            "root_block_device": [
              {
                "delete_on_termination": true,
                "encrypted": false,
                "iops": 0,
                "volume_size": 50,
                "volume_type": "gp2"
              }
            ],
            "security_groups": [
              "sg-0a2e4688d2e6b1630"
            ],
            "spot_price": "",
            "user_data": null,
            "user_data_base64": "IyEvYmluL2Jhc2gKc2V0IC1vIHh0cmFjZQovZXRjL2Vrcy9ib290c3RyYXAuc2ggLS1hcGlzZXJ2ZXItZW5kcG9pbnQgImh0dHBzOi8vMkZERTk4QTAwOEZDODBERUE4Qjk0REMwQjlERUI1MTUuZ3I3LnVzLWVhc3QtMS5la3MuYW1hem9uYXdzLmNvbSIgLS1iNjQtY2x1c3Rlci1jYSAiTFMwdExTMUNSVWRKVGlCRFJWSlVTVVpKUTBGVVJTMHRMUzB0Q2sxSlNVTjVSRU5EUVdKRFowRjNTVUpCWjBsQ1FVUkJUa0puYTNGb2EybEhPWGN3UWtGUmMwWkJSRUZXVFZKTmQwVlJXVVJXVVZGRVJYZHdjbVJYU213S1kyMDFiR1JIVm5wTlFqUllSRlJKZDAxVVJYZE5WRVY1VFVSQmQwOVdiMWhFVkUxM1RWUkJlazFFUlhsTlJFRjNUMVp2ZDBaVVJWUk5Ra1ZIUVRGVlJRcEJlRTFMWVROV2FWcFlTblZhV0ZKc1kzcERRMEZUU1hkRVVWbEtTMjlhU1doMlkwNUJVVVZDUWxGQlJHZG5SVkJCUkVORFFWRnZRMmRuUlVKQlMxcDBDbWhuZVVKUWRFZHpTRlJJWmxwSU1qbHBUM1pFY2s1NllXWlZaMDFOWVhkdFpqWk1UR1JsZFU5UmVsRnJVRmRKUVdwbmMwMVFhV3hyYWxSUmRFeEZkV3NLTjNoeWVWaGxTRkIzY0ZkVWQweHBSekF2VFdkMVZtSTRMMlZCUm1SUlRETjJiVTVJT0hvclVtYzNlVUZFZWpOSmNYcEhTMHBqT1ZkdlIwbHFiMmR4VUFwdGQzUkhWM1UzVWl0bFNHTjNha2t5Ymk5VU16QnhaRkYwVERSUGFTdHFPVEl3TDA5WlJHVTFPV0UxTlRORldubHRiRGt3V210eWFtUTRlRzB2YmtkRENrUjJiRVJZU0VVNVVrSmhkbEZsWjFsTVVEbElkM2RuWkRoSVprWm1PVlJ3TXpoVk1qWkRlRGMwTW1kRVpqTjJiVlV2YWpKRFJtWmxUakZaWTIxTVUwNEtOelpJVERaMlZUTkRRMlpRVTJGUVpFcHJZV0ZCU2psRVJFUjFaRXBUVWxnM1pWWm9VbFJDU0RodGJUQnlNWE5yTUhsTFNFSXdVa1ZWVnpabGJucGlOd3BpTVRGSWExbEpOa2RoYVhOTVZURXlZalZyUTBGM1JVRkJZVTFxVFVORmQwUm5XVVJXVWpCUVFWRklMMEpCVVVSQlowdHJUVUU0UjBFeFZXUkZkMFZDQ2k5M1VVWk5RVTFDUVdZNGQwUlJXVXBMYjFwSmFIWmpUa0ZSUlV4Q1VVRkVaMmRGUWtGRE5tdFRSamhzVW0xbVduRkJkMmsxVkRodlptY3dObkJyY3pVS2NXdDVaR2w1U3podWNsUTRRWGxNYVVaRmFqSlZZa1IxUTJRdmFYVmtha1ZsVVZNclZ6QkhiVXRaVFVFeVMyMVhTVGhvZVhCWWMyTlRTVUZoVm5KbmVRcERlRUp0YlVSTUt6ZG1iVVZWZERGelJHaFVVMWR4Ym01VWNtZGhTM2hCT0ZCSFZXaHJUR1ZHYmtsemNXTnhRVmhyVms1UVdrMUxWR2RaS3pabVN6Rm9Da1ZYUjA1dFNXOHhPR05JVFhweGVGcFhVV3gwZFZjd1ZEaFhjemhZU1RSU01tSlJRbmhPV2tveWJtbzRObnBOYXpkRFJrdFhhMVJIYmtwTlJEQnZNMlFLTDNGUFVUYzJjMGQ2TUdKbVlqRmFiM2xJV2tOa1lXRkNiSGhrVFRaTWVYWlpNVEJIWTJaR1pYZzNka2QwVVM4eE1raFVla2c0U21ac01VSmpVRTRyVWdwTmEweHlWVWwwUVZoWFVpdG5lbWRrU1dKcGFGWnJXRGg0TldSc2REZ3ZiM1ZzVEVsR1J6azBValozZUU4NGQyRXZjMmxOVUZNclFsVlRiejBLTFMwdExTMUZUa1FnUTBWU1ZFbEdTVU5CVkVVdExTMHRMUW89IiAiZWtzLWRldi1hbWItY2x1c3RlciIK",
            "vpc_classic_link_id": "",
            "vpc_classic_link_security_groups": null
          },
          "private": "bnVsbA==",
          "depends_on": [
            "aws_iam_instance_profile.eks-node-role-profile",
            "aws_security_group.cluster-nodes",
            "data.aws_ami.eks-node"
          ]
        }
      ]
    },
    {
      "mode": "managed",
      "type": "aws_route_table",
      "name": "rtb",
      "provider": "provider.aws",
      "instances": [
        {
          "schema_version": 0,
          "attributes": {
            "id": "rtb-05e15b12f034af29e",
            "owner_id": "536969602909",
            "propagating_vgws": [],
            "route": [
              {
                "cidr_block": "0.0.0.0/0",
                "egress_only_gateway_id": "",
                "gateway_id": "igw-03d76444e48de3339",
                "instance_id": "",
                "ipv6_cidr_block": "",
                "nat_gateway_id": "",
                "network_interface_id": "",
                "transit_gateway_id": "",
                "vpc_peering_connection_id": ""
              }
            ],
            "tags": {
              "Environment": "dev",
              "Name": "eks-dev-rtb",
              "Project": "eks",
              "Terraform": "true",
              "kubernetes.io/cluster/eks-dev-amb-cluster": "shared"
            },
            "vpc_id": "vpc-00594ff4360d18413"
          },
          "private": "bnVsbA==",
          "depends_on": [
            "aws_internet_gateway.igw",
            "aws_vpc.vpc"
          ]
        }
      ]
    },
    {
      "mode": "managed",
      "type": "aws_route_table_association",
      "name": "rtba",
      "each": "list",
      "provider": "provider.aws",
      "instances": [
        {
          "index_key": 0,
          "schema_version": 0,
          "attributes": {
            "gateway_id": null,
            "id": "rtbassoc-0b0845677d3eef634",
            "route_table_id": "rtb-05e15b12f034af29e",
            "subnet_id": "subnet-0668dbf1cb55bebc6"
          },
          "private": "bnVsbA==",
          "depends_on": [
            "aws_route_table.rtb",
            "aws_subnet.subnet"
          ]
        },
        {
          "index_key": 1,
          "schema_version": 0,
          "attributes": {
            "gateway_id": null,
            "id": "rtbassoc-07b6a34dd5fc3d657",
            "route_table_id": "rtb-05e15b12f034af29e",
            "subnet_id": "subnet-04702610acc8b7d1b"
          },
          "private": "bnVsbA==",
          "depends_on": [
            "aws_route_table.rtb",
            "aws_subnet.subnet"
          ]
        },
        {
          "index_key": 2,
          "schema_version": 0,
          "attributes": {
            "gateway_id": null,
            "id": "rtbassoc-0a18cf0798ec945e0",
            "route_table_id": "rtb-05e15b12f034af29e",
            "subnet_id": "subnet-004018cc6f3d61113"
          },
          "private": "bnVsbA==",
          "depends_on": [
            "aws_route_table.rtb",
            "aws_subnet.subnet"
          ]
        }
      ]
    },
    {
      "mode": "managed",
      "type": "aws_security_group",
      "name": "cluster-master",
      "provider": "provider.aws",
      "instances": [
        {
          "schema_version": 1,
          "attributes": {
            "arn": "arn:aws:ec2:us-east-1:536969602909:security-group/sg-058dbc2048c32b4c7",
            "description": "EKS cluster master security group",
            "egress": [
              {
                "cidr_blocks": [
                  "0.0.0.0/0"
                ],
                "description": "",
                "from_port": 0,
                "ipv6_cidr_blocks": [],
                "prefix_list_ids": [],
                "protocol": "-1",
                "security_groups": [],
                "self": false,
                "to_port": 0
              }
            ],
            "id": "sg-058dbc2048c32b4c7",
            "ingress": [
              {
                "cidr_blocks": [
                  "0.0.0.0/0"
                ],
                "description": "",
                "from_port": 443,
                "ipv6_cidr_blocks": [],
                "prefix_list_ids": [],
                "protocol": "tcp",
                "security_groups": [],
                "self": false,
                "to_port": 443
              }
            ],
            "name": "cluster-master",
            "name_prefix": null,
            "owner_id": "536969602909",
            "revoke_rules_on_delete": false,
            "tags": {
              "Environment": "dev",
              "Name": "eks-master-sg",
              "Project": "eks",
              "Terraform": "true",
              "kubernetes.io/cluster/eks-dev-amb-cluster": "shared"
            },
            "timeouts": null,
            "vpc_id": "vpc-00594ff4360d18413"
          },
          "private": "eyJlMmJmYjczMC1lY2FhLTExZTYtOGY4OC0zNDM2M2JjN2M0YzAiOnsiY3JlYXRlIjo2MDAwMDAwMDAwMDAsImRlbGV0ZSI6NjAwMDAwMDAwMDAwfSwic2NoZW1hX3ZlcnNpb24iOiIxIn0=",
          "depends_on": [
            "aws_vpc.vpc"
          ]
        }
      ]
    },
    {
      "mode": "managed",
      "type": "aws_security_group",
      "name": "cluster-nodes",
      "provider": "provider.aws",
      "instances": [
        {
          "schema_version": 1,
          "attributes": {
            "arn": "arn:aws:ec2:us-east-1:536969602909:security-group/sg-0a2e4688d2e6b1630",
            "description": "EKS cluster nodes security group",
            "egress": [
              {
                "cidr_blocks": [
                  "0.0.0.0/0"
                ],
                "description": "",
                "from_port": 0,
                "ipv6_cidr_blocks": [],
                "prefix_list_ids": [],
                "protocol": "-1",
                "security_groups": [],
                "self": false,
                "to_port": 0
              }
            ],
            "id": "sg-0a2e4688d2e6b1630",
            "ingress": [
              {
                "cidr_blocks": [],
                "description": "Allow cluster master to access cluster nodes",
                "from_port": 1025,
                "ipv6_cidr_blocks": [],
                "prefix_list_ids": [],
                "protocol": "tcp",
                "security_groups": [
                  "sg-058dbc2048c32b4c7"
                ],
                "self": false,
                "to_port": 65535
              },
              {
                "cidr_blocks": [],
                "description": "Allow cluster master to access cluster nodes",
                "from_port": 1025,
                "ipv6_cidr_blocks": [],
                "prefix_list_ids": [],
                "protocol": "udp",
                "security_groups": [
                  "sg-058dbc2048c32b4c7"
                ],
                "self": false,
                "to_port": 65535
              },
              {
                "cidr_blocks": [],
                "description": "Allow inter pods communication",
                "from_port": 0,
                "ipv6_cidr_blocks": [],
                "prefix_list_ids": [],
                "protocol": "-1",
                "security_groups": [],
                "self": true,
                "to_port": 0
              }
            ],
            "name": "cluster-nodes",
            "name_prefix": null,
            "owner_id": "536969602909",
            "revoke_rules_on_delete": false,
            "tags": {
              "Environment": "dev",
              "Name": "eks-nodes-sg",
              "Project": "eks",
              "Terraform": "true",
              "kubernetes.io/cluster/eks-dev-amb-cluster": "shared"
            },
            "timeouts": null,
            "vpc_id": "vpc-00594ff4360d18413"
          },
          "private": "eyJlMmJmYjczMC1lY2FhLTExZTYtOGY4OC0zNDM2M2JjN2M0YzAiOnsiY3JlYXRlIjo2MDAwMDAwMDAwMDAsImRlbGV0ZSI6NjAwMDAwMDAwMDAwfSwic2NoZW1hX3ZlcnNpb24iOiIxIn0=",
          "depends_on": [
            "aws_security_group.cluster-master",
            "aws_vpc.vpc"
          ]
        }
      ]
    },
    {
      "mode": "managed",
      "type": "aws_subnet",
      "name": "subnet",
      "each": "list",
      "provider": "provider.aws",
      "instances": [
        {
          "index_key": 0,
          "schema_version": 1,
          "attributes": {
            "arn": "arn:aws:ec2:us-east-1:536969602909:subnet/subnet-0668dbf1cb55bebc6",
            "assign_ipv6_address_on_creation": false,
            "availability_zone": "us-east-1a",
            "availability_zone_id": "use1-az4",
            "cidr_block": "10.0.0.0/24",
            "id": "subnet-0668dbf1cb55bebc6",
            "ipv6_cidr_block": "",
            "ipv6_cidr_block_association_id": "",
            "map_public_ip_on_launch": true,
            "outpost_arn": "",
            "owner_id": "536969602909",
            "tags": {
              "Environment": "dev",
              "Name": "eks-dev-subnet-1",
              "Project": "eks",
              "Terraform": "true",
              "kubernetes.io/cluster/eks-dev-amb-cluster": "shared"
            },
            "timeouts": null,
            "vpc_id": "vpc-00594ff4360d18413"
          },
          "private": "eyJlMmJmYjczMC1lY2FhLTExZTYtOGY4OC0zNDM2M2JjN2M0YzAiOnsiY3JlYXRlIjo2MDAwMDAwMDAwMDAsImRlbGV0ZSI6MTIwMDAwMDAwMDAwMH0sInNjaGVtYV92ZXJzaW9uIjoiMSJ9",
          "depends_on": [
            "aws_vpc.vpc",
            "data.aws_availability_zones.available"
          ]
        },
        {
          "index_key": 1,
          "schema_version": 1,
          "attributes": {
            "arn": "arn:aws:ec2:us-east-1:536969602909:subnet/subnet-04702610acc8b7d1b",
            "assign_ipv6_address_on_creation": false,
            "availability_zone": "us-east-1b",
            "availability_zone_id": "use1-az6",
            "cidr_block": "10.0.1.0/24",
            "id": "subnet-04702610acc8b7d1b",
            "ipv6_cidr_block": "",
            "ipv6_cidr_block_association_id": "",
            "map_public_ip_on_launch": true,
            "outpost_arn": "",
            "owner_id": "536969602909",
            "tags": {
              "Environment": "dev",
              "Name": "eks-dev-subnet-2",
              "Project": "eks",
              "Terraform": "true",
              "kubernetes.io/cluster/eks-dev-amb-cluster": "shared"
            },
            "timeouts": null,
            "vpc_id": "vpc-00594ff4360d18413"
          },
          "private": "eyJlMmJmYjczMC1lY2FhLTExZTYtOGY4OC0zNDM2M2JjN2M0YzAiOnsiY3JlYXRlIjo2MDAwMDAwMDAwMDAsImRlbGV0ZSI6MTIwMDAwMDAwMDAwMH0sInNjaGVtYV92ZXJzaW9uIjoiMSJ9",
          "depends_on": [
            "aws_vpc.vpc",
            "data.aws_availability_zones.available"
          ]
        },
        {
          "index_key": 2,
          "schema_version": 1,
          "attributes": {
            "arn": "arn:aws:ec2:us-east-1:536969602909:subnet/subnet-004018cc6f3d61113",
            "assign_ipv6_address_on_creation": false,
            "availability_zone": "us-east-1c",
            "availability_zone_id": "use1-az1",
            "cidr_block": "10.0.2.0/24",
            "id": "subnet-004018cc6f3d61113",
            "ipv6_cidr_block": "",
            "ipv6_cidr_block_association_id": "",
            "map_public_ip_on_launch": true,
            "outpost_arn": "",
            "owner_id": "536969602909",
            "tags": {
              "Environment": "dev",
              "Name": "eks-dev-subnet-3",
              "Project": "eks",
              "Terraform": "true",
              "kubernetes.io/cluster/eks-dev-amb-cluster": "shared"
            },
            "timeouts": null,
            "vpc_id": "vpc-00594ff4360d18413"
          },
          "private": "eyJlMmJmYjczMC1lY2FhLTExZTYtOGY4OC0zNDM2M2JjN2M0YzAiOnsiY3JlYXRlIjo2MDAwMDAwMDAwMDAsImRlbGV0ZSI6MTIwMDAwMDAwMDAwMH0sInNjaGVtYV92ZXJzaW9uIjoiMSJ9",
          "depends_on": [
            "aws_vpc.vpc",
            "data.aws_availability_zones.available"
          ]
        }
      ]
    },
    {
      "mode": "managed",
      "type": "aws_vpc",
      "name": "vpc",
      "provider": "provider.aws",
      "instances": [
        {
          "schema_version": 1,
          "attributes": {
            "arn": "arn:aws:ec2:us-east-1:536969602909:vpc/vpc-00594ff4360d18413",
            "assign_generated_ipv6_cidr_block": false,
            "cidr_block": "10.0.0.0/16",
            "default_network_acl_id": "acl-077ce6bec7dd323a9",
            "default_route_table_id": "rtb-004e5f902123ebef5",
            "default_security_group_id": "sg-01fd178cdb8ca5388",
            "dhcp_options_id": "dopt-bd0105c6",
            "enable_classiclink": false,
            "enable_classiclink_dns_support": false,
            "enable_dns_hostnames": true,
            "enable_dns_support": true,
            "id": "vpc-00594ff4360d18413",
            "instance_tenancy": "default",
            "ipv6_association_id": "",
            "ipv6_cidr_block": "",
            "main_route_table_id": "rtb-004e5f902123ebef5",
            "owner_id": "536969602909",
            "tags": {
              "Environment": "dev",
              "Name": "eks-dev-vpc",
              "Project": "eks",
              "Terraform": "true",
              "kubernetes.io/cluster/eks-dev-amb-cluster": "shared"
            }
          },
          "private": "eyJzY2hlbWFfdmVyc2lvbiI6IjEifQ=="
        }
      ]
    },
    {
      "mode": "managed",
      "type": "local_file",
      "name": "private_key_pem",
      "provider": "provider.local",
      "instances": [
        {
          "schema_version": 0,
          "attributes": {
            "content": "-----BEGIN RSA PRIVATE KEY-----\nMIIJKAIBAAKCAgEAo6ngGOUE5JuytCpt90kzymWSI0Y9Ojv3gqI50i6ISyzaADXF\nWGGo68NGwZ0X6RV7LJpX1yOJPGt2TxwAMxBo7faUAUNwxRYGXdx+yI3KRGK7Bwr0\nTGPV5ppO6Z+KRkPkoz/cCiGz30uKX+lCxld5C9S5DQ4nYX62KpAlsyM1HfknHduk\nk56VkQi+VDU2OcXq6Y4q+xqtZjg6JXrac33XFRAIMpxCosVElzKzTKVMxv4YF+4D\n+k5cU1Bn9imsbBJBzp+7R3R5x+NHDSmcWlwGrTHdR6KnXX4sPqjVPq89tpV2nASx\ngECb/MOmbzzgGp1A4ahGwCJzG3u46rLISOhfn3zYHlYkG4hldSQNNDpZCMjYDG81\nWpR0EKUzqapkPzL2vNxMLV1+lgevGTeu+eqRgn8gvt51OZfccUA50XL+MYcPqnAS\nik/XNJRdJk4JzBgI+NWMT5HIaw9YM5y1u6ImXDAVAkwj4U5a/oV4H3hZ/tQqgTtv\neuNIS8ZNs9mbF/k0H4IfkVOO1dLAMIFulSaBsauYCOOk1mcli6UhDU0ajJAlLVrj\n6hJWXa8hc23c0DSS8pS1smbeQ8UxEpx84T0Uu4Fwcg8vc822puLFxZ3OWkGpXq7G\n7SXL/VUwapN590DW+ZQjKdbw2uNPZYHtZbiJ7IYpNMsIlkIE5uJ8qDRUhiMCAwEA\nAQKCAgBl1Wt00ftra12UMNpfhZLOGskFXcz3ERz+kYY8u2teqzex7cMvLQT4PXcn\nPWIFS7JqnFaPrLLVf2AL9TZCj7Fab5TD/HyMhRnNCUdx7peuWWhaB3zekzgi1lzH\njNdyxQfcc/2r6DCNfelJqFA+LWtJ60CBWQ8z4K3kafCrN/ry/XZTY7lRiNkzdydG\nKh3lcLqsPCOOPpkqA05ax8hpGCHeHy2aoBPuR6RYF9nslOXi43OGYDjlZCCaTmuB\nhYidbfa4ZDcZTOYBc+9fx0ZcCuq0lVREIHbW+4z4KAEXkd5qXzF//oObc5gbfHlw\nuYYPyUz3m8b6AfVxYlg64KcyhjQIf95JQvL5GwmjpEK7Iy0hjNhz1AjGZm5AubaJ\nLZQz4UQ3Pv/gfIAJJyMwEQZjCeM/Xz4R9NDEoOVAH58lF+i00xcaOQgbjBoRDeCU\noLWO6QWVUAoMQbfJtOcdsNDgujCOgIgzAwtn9caxsIJOOoqI3FbsOOD3VNQkvW9l\nOmzicPeZeL/cnd55+Yz1078peB7ODCsUKXxDKkIzdHD9ntr4dorNGOasDjh2J/vc\nNIS2iejFVm5unEFDinf8OkTyLNu/v54zSV4fMzxOrg4bCfjGhrgUI91br9XCAGVk\nLd33F12ZwZUL2qz7zgwmTA9sqFt6Cb/bKJmNV4OzVrVBIzGvQQKCAQEAynjQhEip\n5gzwewhQkM4vB7Kq+YVRqswJ7Mxkc7ZDelP7lEBcxFcx+M+a+lOwzPLHSXcbFqOk\nudgmB6sycUFf/BE0kp/QIh/aaF7D48I8MGn/zsk7L+jXLlOuSfFGSKFoKFw/aVvf\nTVFBH0FWA1rUaWY5O0sHthumgpDkmSROgvdqSsRVtLPWdWmxIz6OsooRd8JvQzW8\nvb5BVWDarLGd/HzEArmVDVn28cKhc4lAX7dA0CziXq85uBhmK/NGdor1g/CJ8M+8\nHTlpvldX7ImxNPawLmyyt6pYy665ViBeSw69y1x1IK/RpDE58YUr4uhYEhdS4CIw\nLuPqX2yneaEi8wKCAQEAzu6IiRHfdaew1QZZfIQAzZnxxd14s6/97nXxRwTCfspn\nKTCExX9lhQ777zGmdCcat+t/+noLyQY1Xk3t4ComVV5g3vPo/3Ag574iHxTtUPLL\nCXP2tuagBB5U7wiAR3GJo1vgW+q7GBYcU3ffHEXSJPU4Xq4VzOMow5egsjGS8g/k\nvNqNdfrAiQayY+TvF1ds5+10O2UW1VpL/W6lw6ALKCWyCB+nV5mMFyTpZ5GOQhKh\ndnbGpgLE0flhVErMOLImJX16TvS54M6WnNLrDImTcbsJ1SHePPQxGSYOe800h9Bw\nHze/zOl4Ee4KqqaF8vXtXaVYM+uFmHoz1IiG3178EQKCAQAWaST7X2ee1RPRKmxw\nesHt4jLWh5EwjIEUutLrk+MIKT+Re0ZJXTVkyuXmi1jodn7kfNB8wwQ6pdgfxS1C\nJ/BN4EGncRUCkfAE2WhpT1iGK1VrOA7bELSwpgaGnLQg2ezDeuJx8P9YeYPxx7OT\nj3wvZmczTuy9lXXqwcrrwH8INAaJ3A14gOdd+6Llucjlri6cyOKz18DaZ7Knlp7d\nupM4HT885fm/jpOs0tQ4C5safRgpcq5juJV08Q5uEvFbsanXPsql4vh5a59uuBA9\nWEhLCnsZyGJHvg0yDlbpV4/YUvtjBQrZ4VwdBm3Zc9oVtY36AqbjtCUNK6EHiulG\npzVNAoIBAFLwAeNGOZTzeAl5eQZR9exx5hhS8ty6DgG0XdcEDlw5DW3R13U84Via\nL9mnwbpOLgRHLE0c+3o/tcYtX8j3u9N9d0AE7H7s1xNq/kwM3C0UktIgG2MlPj9I\nVOxVMOzxkaPa4CqXAxPdUM8XfWHcjiRn8IbqKSysYxs5u5uQCQBh5GDZC9ecf+yr\ntXYaPMXTMYAniO2BT8yFW22hGmk0zSPzL87XuP+AOEjSb4YmLalHxFUxt96zv2UV\nGbBqJj4XEPj3uLzKk3GJ+42xb6nfvivYNlGpOGSfzsnwmd9+2K4Smc25T3N2o7wz\n9yx8f7VoYhGlgpuUqz/4wqtNaRk//bECggEBALDuqj1GnJXEl1kbJ60W5ayigaEt\ncS58CS31EPM9SZpnNfcrh7wzBAbfUXxmvuUaKdvOXdUU1L85Lsrw8MidhL2Jt+Bk\nD3gU40KDtmt6rdneRnzJh+HyYksztbi0eLxUoGPdQsJV+OsjxN18ZBlJVt7Brcd2\nHZ23IhwDk1PI0lidi+YvVrkWgJ9qpQT0z5H11+HAOylnoHMCnUnmv2GXebYvL5TN\ntGGtutMLDfFcHfKZQAtRzgWEtnfQ6iNc7LX/gnQV6hwXlLg4QyZL81pOYAMF3R7I\nYs6ZDZlp1WpGFzXhAnu2SHVyTxlDIU3dEVXXPw5pAlT0PC0zqcNTNtO+zKU=\n-----END RSA PRIVATE KEY-----\n",
            "content_base64": null,
            "directory_permission": "0777",
            "file_permission": "0777",
            "filename": "./ambitious_key.id_rsa",
            "id": "84c92ac096a92e98c90f61d61ff13e3e7188f9ee",
            "sensitive_content": null,
            "source": null
          },
          "private": "bnVsbA==",
          "depends_on": [
            "tls_private_key.keygen"
          ]
        }
      ]
    },
    {
      "mode": "managed",
      "type": "local_file",
      "name": "public_key_openssh",
      "provider": "provider.local",
      "instances": [
        {
          "schema_version": 0,
          "attributes": {
            "content": "ssh-rsa AAAAB3NzaC1yc2EAAAADAQABAAACAQCjqeAY5QTkm7K0Km33STPKZZIjRj06O/eCojnSLohLLNoANcVYYajrw0bBnRfpFXssmlfXI4k8a3ZPHAAzEGjt9pQBQ3DFFgZd3H7IjcpEYrsHCvRMY9Xmmk7pn4pGQ+SjP9wKIbPfS4pf6ULGV3kL1LkNDidhfrYqkCWzIzUd+Scd26STnpWRCL5UNTY5xerpjir7Gq1mODoletpzfdcVEAgynEKixUSXMrNMpUzG/hgX7gP6TlxTUGf2KaxsEkHOn7tHdHnH40cNKZxaXAatMd1Hoqddfiw+qNU+rz22lXacBLGAQJv8w6ZvPOAanUDhqEbAInMbe7jqsshI6F+ffNgeViQbiGV1JA00OlkIyNgMbzValHQQpTOpqmQ/Mva83EwtXX6WB68ZN6756pGCfyC+3nU5l9xxQDnRcv4xhw+qcBKKT9c0lF0mTgnMGAj41YxPkchrD1gznLW7oiZcMBUCTCPhTlr+hXgfeFn+1CqBO29640hLxk2z2ZsX+TQfgh+RU47V0sAwgW6VJoGxq5gI46TWZyWLpSENTRqMkCUtWuPqElZdryFzbdzQNJLylLWyZt5DxTESnHzhPRS7gXByDy9zzbam4sXFnc5aQalersbtJcv9VTBqk3n3QNb5lCMp1vDa409lge1luInshik0ywiWQgTm4nyoNFSGIw==\n",
            "content_base64": null,
            "directory_permission": "0777",
            "file_permission": "0777",
            "filename": "./ambitious_key.id_rsa.pub",
            "id": "1701423a16aed2d34c5b311f503142381d20219e",
            "sensitive_content": null,
            "source": null
          },
          "private": "bnVsbA==",
          "depends_on": [
            "tls_private_key.keygen"
          ]
        }
      ]
    },
    {
      "mode": "managed",
      "type": "tls_private_key",
      "name": "keygen",
      "provider": "provider.tls",
      "instances": [
        {
          "schema_version": 0,
          "attributes": {
            "algorithm": "RSA",
            "ecdsa_curve": "P224",
            "id": "0f633c7e5fbfb55ff1ae129682a79c815debf912",
            "private_key_pem": "-----BEGIN RSA PRIVATE KEY-----\nMIIJKAIBAAKCAgEAo6ngGOUE5JuytCpt90kzymWSI0Y9Ojv3gqI50i6ISyzaADXF\nWGGo68NGwZ0X6RV7LJpX1yOJPGt2TxwAMxBo7faUAUNwxRYGXdx+yI3KRGK7Bwr0\nTGPV5ppO6Z+KRkPkoz/cCiGz30uKX+lCxld5C9S5DQ4nYX62KpAlsyM1HfknHduk\nk56VkQi+VDU2OcXq6Y4q+xqtZjg6JXrac33XFRAIMpxCosVElzKzTKVMxv4YF+4D\n+k5cU1Bn9imsbBJBzp+7R3R5x+NHDSmcWlwGrTHdR6KnXX4sPqjVPq89tpV2nASx\ngECb/MOmbzzgGp1A4ahGwCJzG3u46rLISOhfn3zYHlYkG4hldSQNNDpZCMjYDG81\nWpR0EKUzqapkPzL2vNxMLV1+lgevGTeu+eqRgn8gvt51OZfccUA50XL+MYcPqnAS\nik/XNJRdJk4JzBgI+NWMT5HIaw9YM5y1u6ImXDAVAkwj4U5a/oV4H3hZ/tQqgTtv\neuNIS8ZNs9mbF/k0H4IfkVOO1dLAMIFulSaBsauYCOOk1mcli6UhDU0ajJAlLVrj\n6hJWXa8hc23c0DSS8pS1smbeQ8UxEpx84T0Uu4Fwcg8vc822puLFxZ3OWkGpXq7G\n7SXL/VUwapN590DW+ZQjKdbw2uNPZYHtZbiJ7IYpNMsIlkIE5uJ8qDRUhiMCAwEA\nAQKCAgBl1Wt00ftra12UMNpfhZLOGskFXcz3ERz+kYY8u2teqzex7cMvLQT4PXcn\nPWIFS7JqnFaPrLLVf2AL9TZCj7Fab5TD/HyMhRnNCUdx7peuWWhaB3zekzgi1lzH\njNdyxQfcc/2r6DCNfelJqFA+LWtJ60CBWQ8z4K3kafCrN/ry/XZTY7lRiNkzdydG\nKh3lcLqsPCOOPpkqA05ax8hpGCHeHy2aoBPuR6RYF9nslOXi43OGYDjlZCCaTmuB\nhYidbfa4ZDcZTOYBc+9fx0ZcCuq0lVREIHbW+4z4KAEXkd5qXzF//oObc5gbfHlw\nuYYPyUz3m8b6AfVxYlg64KcyhjQIf95JQvL5GwmjpEK7Iy0hjNhz1AjGZm5AubaJ\nLZQz4UQ3Pv/gfIAJJyMwEQZjCeM/Xz4R9NDEoOVAH58lF+i00xcaOQgbjBoRDeCU\noLWO6QWVUAoMQbfJtOcdsNDgujCOgIgzAwtn9caxsIJOOoqI3FbsOOD3VNQkvW9l\nOmzicPeZeL/cnd55+Yz1078peB7ODCsUKXxDKkIzdHD9ntr4dorNGOasDjh2J/vc\nNIS2iejFVm5unEFDinf8OkTyLNu/v54zSV4fMzxOrg4bCfjGhrgUI91br9XCAGVk\nLd33F12ZwZUL2qz7zgwmTA9sqFt6Cb/bKJmNV4OzVrVBIzGvQQKCAQEAynjQhEip\n5gzwewhQkM4vB7Kq+YVRqswJ7Mxkc7ZDelP7lEBcxFcx+M+a+lOwzPLHSXcbFqOk\nudgmB6sycUFf/BE0kp/QIh/aaF7D48I8MGn/zsk7L+jXLlOuSfFGSKFoKFw/aVvf\nTVFBH0FWA1rUaWY5O0sHthumgpDkmSROgvdqSsRVtLPWdWmxIz6OsooRd8JvQzW8\nvb5BVWDarLGd/HzEArmVDVn28cKhc4lAX7dA0CziXq85uBhmK/NGdor1g/CJ8M+8\nHTlpvldX7ImxNPawLmyyt6pYy665ViBeSw69y1x1IK/RpDE58YUr4uhYEhdS4CIw\nLuPqX2yneaEi8wKCAQEAzu6IiRHfdaew1QZZfIQAzZnxxd14s6/97nXxRwTCfspn\nKTCExX9lhQ777zGmdCcat+t/+noLyQY1Xk3t4ComVV5g3vPo/3Ag574iHxTtUPLL\nCXP2tuagBB5U7wiAR3GJo1vgW+q7GBYcU3ffHEXSJPU4Xq4VzOMow5egsjGS8g/k\nvNqNdfrAiQayY+TvF1ds5+10O2UW1VpL/W6lw6ALKCWyCB+nV5mMFyTpZ5GOQhKh\ndnbGpgLE0flhVErMOLImJX16TvS54M6WnNLrDImTcbsJ1SHePPQxGSYOe800h9Bw\nHze/zOl4Ee4KqqaF8vXtXaVYM+uFmHoz1IiG3178EQKCAQAWaST7X2ee1RPRKmxw\nesHt4jLWh5EwjIEUutLrk+MIKT+Re0ZJXTVkyuXmi1jodn7kfNB8wwQ6pdgfxS1C\nJ/BN4EGncRUCkfAE2WhpT1iGK1VrOA7bELSwpgaGnLQg2ezDeuJx8P9YeYPxx7OT\nj3wvZmczTuy9lXXqwcrrwH8INAaJ3A14gOdd+6Llucjlri6cyOKz18DaZ7Knlp7d\nupM4HT885fm/jpOs0tQ4C5safRgpcq5juJV08Q5uEvFbsanXPsql4vh5a59uuBA9\nWEhLCnsZyGJHvg0yDlbpV4/YUvtjBQrZ4VwdBm3Zc9oVtY36AqbjtCUNK6EHiulG\npzVNAoIBAFLwAeNGOZTzeAl5eQZR9exx5hhS8ty6DgG0XdcEDlw5DW3R13U84Via\nL9mnwbpOLgRHLE0c+3o/tcYtX8j3u9N9d0AE7H7s1xNq/kwM3C0UktIgG2MlPj9I\nVOxVMOzxkaPa4CqXAxPdUM8XfWHcjiRn8IbqKSysYxs5u5uQCQBh5GDZC9ecf+yr\ntXYaPMXTMYAniO2BT8yFW22hGmk0zSPzL87XuP+AOEjSb4YmLalHxFUxt96zv2UV\nGbBqJj4XEPj3uLzKk3GJ+42xb6nfvivYNlGpOGSfzsnwmd9+2K4Smc25T3N2o7wz\n9yx8f7VoYhGlgpuUqz/4wqtNaRk//bECggEBALDuqj1GnJXEl1kbJ60W5ayigaEt\ncS58CS31EPM9SZpnNfcrh7wzBAbfUXxmvuUaKdvOXdUU1L85Lsrw8MidhL2Jt+Bk\nD3gU40KDtmt6rdneRnzJh+HyYksztbi0eLxUoGPdQsJV+OsjxN18ZBlJVt7Brcd2\nHZ23IhwDk1PI0lidi+YvVrkWgJ9qpQT0z5H11+HAOylnoHMCnUnmv2GXebYvL5TN\ntGGtutMLDfFcHfKZQAtRzgWEtnfQ6iNc7LX/gnQV6hwXlLg4QyZL81pOYAMF3R7I\nYs6ZDZlp1WpGFzXhAnu2SHVyTxlDIU3dEVXXPw5pAlT0PC0zqcNTNtO+zKU=\n-----END RSA PRIVATE KEY-----\n",
            "public_key_fingerprint_md5": "45:29:16:e9:12:ca:20:34:5f:fa:60:90:b1:27:40:5e",
            "public_key_openssh": "ssh-rsa AAAAB3NzaC1yc2EAAAADAQABAAACAQCjqeAY5QTkm7K0Km33STPKZZIjRj06O/eCojnSLohLLNoANcVYYajrw0bBnRfpFXssmlfXI4k8a3ZPHAAzEGjt9pQBQ3DFFgZd3H7IjcpEYrsHCvRMY9Xmmk7pn4pGQ+SjP9wKIbPfS4pf6ULGV3kL1LkNDidhfrYqkCWzIzUd+Scd26STnpWRCL5UNTY5xerpjir7Gq1mODoletpzfdcVEAgynEKixUSXMrNMpUzG/hgX7gP6TlxTUGf2KaxsEkHOn7tHdHnH40cNKZxaXAatMd1Hoqddfiw+qNU+rz22lXacBLGAQJv8w6ZvPOAanUDhqEbAInMbe7jqsshI6F+ffNgeViQbiGV1JA00OlkIyNgMbzValHQQpTOpqmQ/Mva83EwtXX6WB68ZN6756pGCfyC+3nU5l9xxQDnRcv4xhw+qcBKKT9c0lF0mTgnMGAj41YxPkchrD1gznLW7oiZcMBUCTCPhTlr+hXgfeFn+1CqBO29640hLxk2z2ZsX+TQfgh+RU47V0sAwgW6VJoGxq5gI46TWZyWLpSENTRqMkCUtWuPqElZdryFzbdzQNJLylLWyZt5DxTESnHzhPRS7gXByDy9zzbam4sXFnc5aQalersbtJcv9VTBqk3n3QNb5lCMp1vDa409lge1luInshik0ywiWQgTm4nyoNFSGIw==\n",
            "public_key_pem": "-----BEGIN PUBLIC KEY-----\nMIICIjANBgkqhkiG9w0BAQEFAAOCAg8AMIICCgKCAgEAo6ngGOUE5JuytCpt90kz\nymWSI0Y9Ojv3gqI50i6ISyzaADXFWGGo68NGwZ0X6RV7LJpX1yOJPGt2TxwAMxBo\n7faUAUNwxRYGXdx+yI3KRGK7Bwr0TGPV5ppO6Z+KRkPkoz/cCiGz30uKX+lCxld5\nC9S5DQ4nYX62KpAlsyM1HfknHdukk56VkQi+VDU2OcXq6Y4q+xqtZjg6JXrac33X\nFRAIMpxCosVElzKzTKVMxv4YF+4D+k5cU1Bn9imsbBJBzp+7R3R5x+NHDSmcWlwG\nrTHdR6KnXX4sPqjVPq89tpV2nASxgECb/MOmbzzgGp1A4ahGwCJzG3u46rLISOhf\nn3zYHlYkG4hldSQNNDpZCMjYDG81WpR0EKUzqapkPzL2vNxMLV1+lgevGTeu+eqR\ngn8gvt51OZfccUA50XL+MYcPqnASik/XNJRdJk4JzBgI+NWMT5HIaw9YM5y1u6Im\nXDAVAkwj4U5a/oV4H3hZ/tQqgTtveuNIS8ZNs9mbF/k0H4IfkVOO1dLAMIFulSaB\nsauYCOOk1mcli6UhDU0ajJAlLVrj6hJWXa8hc23c0DSS8pS1smbeQ8UxEpx84T0U\nu4Fwcg8vc822puLFxZ3OWkGpXq7G7SXL/VUwapN590DW+ZQjKdbw2uNPZYHtZbiJ\n7IYpNMsIlkIE5uJ8qDRUhiMCAwEAAQ==\n-----END PUBLIC KEY-----\n",
            "rsa_bits": 4096
          },
          "private": "bnVsbA=="
        }
      ]
    }
  ]
}
