{
  "version": 4,
  "terraform_version": "0.12.9",
  "serial": 416,
  "lineage": "306f0634-59bf-9f1e-2bd1-9d78ba6f5a47",
  "outputs": {
    "ConfigMap": {
      "value": "apiVersion: v1\nkind: ConfigMap\nmetadata:\n  name: aws-auth\n  namespace: kube-system\ndata:\n  mapRoles: |\n    - rolearn: arn:aws:iam::536969602909:role/eks-node-role\n      username: system:node:{{EC2PrivateDNSName}}\n      groups:\n        - system:bootstrappers\n        - system:nodes\n",
      "type": "string"
    },
    "key_name": {
      "value": "ambitious_key",
      "type": "string"
    },
    "kubectl_config": {
      "value": "apiVersion: v1\nclusters:\n- cluster:\n    server: https://33B4920A01FA0BF8716577782747F881.gr7.us-east-1.eks.amazonaws.com\n    certificate-authority-data: LS0tLS1CRUdJTiBDRVJUSUZJQ0FURS0tLS0tCk1JSUN5RENDQWJDZ0F3SUJBZ0lCQURBTkJna3Foa2lHOXcwQkFRc0ZBREFWTVJNd0VRWURWUVFERXdwcmRXSmwKY201bGRHVnpNQjRYRFRJd01URXhOakUxTXpjMU1Gb1hEVE13TVRFeE5ERTFNemMxTUZvd0ZURVRNQkVHQTFVRQpBeE1LYTNWaVpYSnVaWFJsY3pDQ0FTSXdEUVlKS29aSWh2Y05BUUVCQlFBRGdnRVBBRENDQVFvQ2dnRUJBT01JCk5xTjUrZk8vL3dwQ2lZMFROaHBPdEhaYkc1MlFFdklOMEJiTklva2FFdDh5Z3RKcmtxY3JqdnhpVC9vd2F6S3AKODdCMUpGNTFkSU1zQk9scVB5bVBONWdFUFo4eDZXZ1ZtMXllTzMvUkE2ZGJKQUZvQ2FwQWg5U0tmVmZPYks2cQpIendXYzFqS3NRc09PQlVqK3FiT0ExbWZ4SkZWTHVnSDdaM0ZWdlVhRHNITmJMS0FabXJmRldnbkNoeUtENE5RCjY3alY1aVFZNEpGK0hZbnJvdStjdkdoMnB2VzB4YWVKNHI2QUVob24zdGtud2pyYUx2TXRYNWpEMC9iRFlsZXIKM01nVkljV29VbExkbk4rSVB3M3lMWlFsUERud3I3dE5MeVVTa2cwZGIzYW1SeE5qZmF4bng2S01VaERCYVJjWgo0NXZlVWtUcVh3VXZXTlJYR2xVQ0F3RUFBYU1qTUNFd0RnWURWUjBQQVFIL0JBUURBZ0trTUE4R0ExVWRFd0VCCi93UUZNQU1CQWY4d0RRWUpLb1pJaHZjTkFRRUxCUUFEZ2dFQkFBNnBzMDYyZGQvbFpnNVZZNzVlYXNQVjZLa20KdGZFZXVrTTVhZFZKRTR2d3Q4cVNxd2tOUDYwMDB0dEs1S2JVRmU2VXZzUEkvbUY4WXBnbWlRdFJMUFFvdU9ObQpsTi9JOFhXR1FIVDUyS24wNnRlVzFnU0RWWFhDSkcraEJPS09FVEEydk1hMW1XZmRFRHYzcEZLRGMrZ0tiK09mCk9KaXk1dTMwaUlxU21JUG1mak81by9DdThCWFlTN0dmMHZKUzZOaTR4eWdtMjkvVmxrYzRrNEdrekZNZXRJRUUKTUlySU5PSXpoRUdLY2IvSFowMVp6SVMxZVVLSjJ5Mlc0RUpKYmdmU3J4a3hxTWF0L3ZEbUlHUDFzT1paL0d1aQp2TzJBUkx6VjF2NGRXWGdhcWlDb1ZCU1h1OVl0TlpRRHBvd1JlRzY0bFJzSGw2endwdGdEMDNkSVJUMD0KLS0tLS1FTkQgQ0VSVElGSUNBVEUtLS0tLQo=\n  name: kubernetes\ncontexts:\n- context:\n    cluster: kubernetes\n    user: aws\n  name: aws\ncurrent-context: aws\nkind: Config\npreferences: {}\nusers:\n- name: aws\n  user:\n    exec:\n      apiVersion: client.authentication.k8s.io/v1alpha1\n      command: aws-iam-authenticator\n      args:\n        - \"token\"\n        - \"-i\"\n        - \"eks-dev-amb-cluster\"\n",
      "type": "string"
    },
    "private_key_file": {
      "value": "./ambitious_key.id_rsa",
      "type": "string"
    },
    "private_key_pem": {
      "value": "-----BEGIN RSA PRIVATE KEY-----\nMIIJKQIBAAKCAgEA+objyo8nNfqNe+RWw2C+W3qKvc3DOsxJbnSNhYFMw5l+/oJs\ntmMV06rvycGN0OasErtuQ63eArBSi6Fm5Y7yIb63/Vz0zhdJSQnTPW0SoZm5tKvY\nFLnxglLzZ2oXyRIUcOf5ugbkxVEdT4w/8T3oHlAoJ/U9MxLNNccagfisN/wCU91U\nWGh2tziAWEw86w1no4zOy/kdH2PU8Be2eSEsp5myhbW+E5DtjmLG1LFAmZiIyalh\nweRJVWuqW/1HH8cM6N6bW3sQOxOOHLrqVwxYV42JfLog7/NDhxioSCa1CHMsCSd9\nm0hJuukEQzRNRoWQPTw5UwZu2uiCUAnrea6P8xW6ucF9dn8sG4+6qBZPWiuDawrQ\nj9EoPIiMATki+ilrkk7QojjRurnWJkE3wbwfPAq8tKnTZO62Wez3VinOF/jlIHlZ\n0dnQXDiQiqrQKyJPqNtKp1dXKnH4JMz/Fm5WrVvTZ+NemHJoLXiTQOa1Vr4UIjqR\nbZjI4O2F3PG0/sy5fvSkKuEcu5Cu4h/C0ewoyDl37rt4Ia/2AKdxpKTJL/yAOKQ5\nk7ussNEhJvhjUmvbVqMO+LI1jo6e06rI9c03s3h17ztV+XF+rR0+6w03ZSZOuMyo\nacr4IQWYKHaxIbs55C6KsA+qtzqEiaQxTryaQ/mrduF36wVJtAq6Xovn/20CAwEA\nAQKCAgBNQ5S1P/kj2KYR85Yeo5ORuvVXHEJ9u8tZ2XBcIEiAerKD482LYnu00B8r\n5hnKt5mSHWQgU1sJEUAj+B835SIf7iXoaebGOMBNWk5fv2fjlvmDEwyNN9uYCeUv\nm7TCOmU7fQ+zo7SidiXIBsUhraoMz0PTLvs06TOIxmMSepMCoSJGoxgEPBOA5lgO\n41RWWcgA1Mhid+3XZH6jnWyVZvnSpsA8JJT+i8/3/da8ef4mYLivGSIhHjrPsWjU\n/gQVdNoyZ5UaXZXf4mQN0Ee9mP0V43znjq/h0PCelagwuF9Uv9Bw8lD2txCmKH88\nCsFaYo7dk9lKFc3SjarC7IxG9uNFxNOFeFKD2MHxzKJtTVSh2mwjPd8pjNRi7cF/\nbjalijzS0cDrhA++F7CoS6gia9o7ED7XLzEE4LQ0ebxsewUVnimKSzCscB+pV+SA\nlq5hVTbFzoaZW9Lo190n2Lq9Hhp0w3OAxW4h9oW5QYm84uzz4A4x73qa/KEv6+SV\nhbbt2TmX8cT3QJH+sZS3U0fjT+wTB4R4HAiDQx+TD4HZ1NEk2bLJrcxEwm2OB6q9\nQ1F/YbLLAic5TDPapXsticx0pQ3wXDtM6hVjZjReAEKy8+EA4w9eTUILvNZ16RxZ\nYBT2ZImDC0QZyd3/BlD+50Glt5mBeGhkXfMZP8W8kj8pUD2FAQKCAQEA/tIKtEBy\n2VFV2NXeRjzkzH9/XCUwGGBqGH/nvCYxYOj+/8oIIh3DrvQr13rT+x/LO1yV3qph\nKxHlRK8XWhKupHeJn+9kovIZfjnblpTwPBXrOiCAuCTHSkC3X7+i93tkvpA4hU0J\n/1b1gmKDEAaT98+kfL0gQbbscz9GLPZ1uYU06CDngSrUPJGWCu7dv5nJ3J8MafWe\nzZZ0pYbHV5fBL7JwCs7DQK/5gF0QrMKT/Si2dP1rO700yF8Ci+dKREWHyEPeoito\n2N5usgkX8BdLOSUhOZNUJdP7oTgN5yCHszRO6PmAAirZmi04d2+eEBLpPhvsVFwh\n8NtEqvQhcdGOvQKCAQEA+6/CnA60xluGdFHXV8YRratxJ15slx2l7a+f5pfq3kPk\nVjklwQqSR/KLjvhHh2LA+mo1nepk9vNFuAbpp29orkOicR0eoD71KyREpX7Dfei+\nOJdUvsGnXPAfe7Roj6LcBPdW+V1OJl4TvzvbUOi8BgaoOf9Vm51sVSIk80w+zRgB\nJyZikE/xhGda3/8V9/ppkhmvzRGkoWMqvwfgnItWpgAmhWF1wnF9CaAax0LhwTNA\nAnhazpvuQCwFI55b0q21AhI75cpJUYx7j6DIvvGIRQJCp8ySvwCLvJoH3FceWBIN\nLl/UIAt7SRlkOI3ZfhSj0KngS0Dhg39aJYPtKc7WcQKCAQEA93fIiXElmENTGbfp\nm1C76pXPfA9pe+L2ZkChLqnwvmrIamUsLOW3Cot6oFNa1sDzv/yUV6AjqY5Bl8hq\n50DJdlPYxgfZNh3kAB/0T3LpM5Ed1l+GYk7ldAkRjN0xSSL+ncq1+U7t7Jno5+z/\n12pr/PgciD+rueYKD4pdfoEDp13kGaMK8PhFEWVZz9hWZiLWVXnotmahCIubUL1p\njnmEVev2v6g5GvNLXQwEi6KT0gHd4BPUNjnzrrwGXxQJne/gg+7VoayCsEqkOiZ2\npuYYWbDjaWTZDbum3dTwO4vt/W1JTRww4un2VbKg6ezuFjInbff0NaEcHSr0rwlU\nCZM4CQKCAQB70kJZ6FpDY+/H9iONSSKVYEzw42FlDu78+nQeTAr+gkQprz/Fst+4\nibjjA36dOpZaHDp4kEJPw+s+2BfHieXkJd4a7AqPJ6oSKWukR7MBlKlQyhKlLjya\nWoACqgTu9V5tCwo88Axsj8gDQv1o1rb59/h3YAjL4CzVzVCEabRTzkVy7016Vfop\n+3cX0DUMpKOffwegSdfGljUHemakXWCpllVdNU9r881iGORTt7G9DOumy3NRRiF2\nbLGyjkv6X/83H6VcLaLYfdakGKPqXIV//daxGtHvKeOVS+omGq4RAgB+GiMQCNYE\nZnuJ3y9q+diF5a01GJxZxyOgZUEeWmXhAoIBAQC6ZOt7r5EYGtWBrE38B1MhUT/j\nmJTO3x9wiqGvqJ+5ajCtZ2Zw1DL1qns1bi/cRc8967pS14jELYU7WSvLbJHpYIOj\nRukrcsTYrcyRr/0x4+4GEFHpxgX2tWKsZgnBPNkJzRq7iyo0fK+YuPAqV5Ch/s9X\n++xSuCivIRxxqZYL2ualDhp0cvzxThhJwwXHhEeazoKqkVeYHOQdqyeuqlza7woC\npL8+EyoVkQzoHt7fvkh9oMNFpMNSp0tnEjMvEnjGB9TkCjXTxdKXoyYZgV0I1WPV\njZprwWIO+OxmM3mjz22YTByHROvajfB1iaC2GXhU+tF3674LbgM8FIhp69tO\n-----END RSA PRIVATE KEY-----\n",
      "type": "string"
    },
    "public_key_file": {
      "value": "./ambitious_key.id_rsa.pub",
      "type": "string"
    },
    "public_key_openssh": {
      "value": "ssh-rsa AAAAB3NzaC1yc2EAAAADAQABAAACAQD6huPKjyc1+o175FbDYL5beoq9zcM6zEludI2FgUzDmX7+gmy2YxXTqu/JwY3Q5qwSu25Drd4CsFKLoWbljvIhvrf9XPTOF0lJCdM9bRKhmbm0q9gUufGCUvNnahfJEhRw5/m6BuTFUR1PjD/xPegeUCgn9T0zEs01xxqB+Kw3/AJT3VRYaHa3OIBYTDzrDWejjM7L+R0fY9TwF7Z5ISynmbKFtb4TkO2OYsbUsUCZmIjJqWHB5ElVa6pb/Ucfxwzo3ptbexA7E44cuupXDFhXjYl8uiDv80OHGKhIJrUIcywJJ32bSEm66QRDNE1GhZA9PDlTBm7a6IJQCet5ro/zFbq5wX12fywbj7qoFk9aK4NrCtCP0Sg8iIwBOSL6KWuSTtCiONG6udYmQTfBvB88Cry0qdNk7rZZ7PdWKc4X+OUgeVnR2dBcOJCKqtArIk+o20qnV1cqcfgkzP8WblatW9Nn416YcmgteJNA5rVWvhQiOpFtmMjg7YXc8bT+zLl+9KQq4Ry7kK7iH8LR7CjIOXfuu3ghr/YAp3GkpMkv/IA4pDmTu6yw0SEm+GNSa9tWow74sjWOjp7Tqsj1zTezeHXvO1X5cX6tHT7rDTdlJk64zKhpyvghBZgodrEhuznkLoqwD6q3OoSJpDFOvJpD+at24XfrBUm0Crpei+f/bQ==\n",
      "type": "string"
    }
  },
  "resources": [
    {
      "mode": "data",
      "type": "aws_ami",
      "name": "eks-gpu-node",
      "provider": "provider.aws",
      "instances": [
        {
          "schema_version": 0,
          "attributes": {
            "architecture": "x86_64",
            "arn": "arn:aws:ec2:us-east-1::image/ami-0558363dea5eea436",
            "block_device_mappings": [
              {
                "device_name": "/dev/xvda",
                "ebs": {
                  "delete_on_termination": "true",
                  "encrypted": "false",
                  "iops": "0",
                  "snapshot_id": "snap-0da38afb6ce273913",
                  "volume_size": "20",
                  "volume_type": "gp2"
                },
                "no_device": "",
                "virtual_name": ""
              }
            ],
            "creation_date": "2020-11-12T03:27:39.000Z",
            "description": "EKS Kubernetes Worker AMI for Machine Learning Accelerated Workloads on AmazonLinux2 image (k8s: 1.18.9, docker:19.03.6ce-4.amzn2)",
            "executable_users": null,
            "filter": [
              {
                "name": "name",
                "values": [
                  "amazon-eks-gpu-node-1.18-*"
                ]
              }
            ],
            "hypervisor": "xen",
            "id": "ami-0558363dea5eea436",
            "image_id": "ami-0558363dea5eea436",
            "image_location": "amazon/amazon-eks-gpu-node-1.18-v20201112",
            "image_owner_alias": "amazon",
            "image_type": "machine",
            "kernel_id": null,
            "most_recent": true,
            "name": "amazon-eks-gpu-node-1.18-v20201112",
            "name_regex": null,
            "owner_id": "602401143452",
            "owners": [
              "amazon"
            ],
            "platform": null,
            "product_codes": [],
            "public": true,
            "ramdisk_id": null,
            "root_device_name": "/dev/xvda",
            "root_device_type": "ebs",
            "root_snapshot_id": "snap-0da38afb6ce273913",
            "sriov_net_support": "simple",
            "state": "available",
            "state_reason": {
              "code": "UNSET",
              "message": "UNSET"
            },
            "tags": {},
            "virtualization_type": "hvm"
          }
        }
      ]
    },
    {
      "mode": "data",
      "type": "aws_ami",
      "name": "eks-node",
      "provider": "provider.aws",
      "instances": [
        {
          "schema_version": 0,
          "attributes": {
            "architecture": "x86_64",
            "arn": "arn:aws:ec2:us-east-1::image/ami-00fa874bb96bee6a3",
            "block_device_mappings": [
              {
                "device_name": "/dev/xvda",
                "ebs": {
                  "delete_on_termination": "true",
                  "encrypted": "false",
                  "iops": "0",
                  "snapshot_id": "snap-038d276e6520db54e",
                  "volume_size": "20",
                  "volume_type": "gp2"
                },
                "no_device": "",
                "virtual_name": ""
              }
            ],
            "creation_date": "2020-11-12T03:17:16.000Z",
            "description": "EKS Kubernetes Worker AMI with AmazonLinux2 image, (k8s: 1.18.9, docker:19.03.6ce-4.amzn2)",
            "executable_users": null,
            "filter": [
              {
                "name": "name",
                "values": [
                  "amazon-eks-node-1.18-*"
                ]
              }
            ],
            "hypervisor": "xen",
            "id": "ami-00fa874bb96bee6a3",
            "image_id": "ami-00fa874bb96bee6a3",
            "image_location": "amazon/amazon-eks-node-1.18-v20201112",
            "image_owner_alias": "amazon",
            "image_type": "machine",
            "kernel_id": null,
            "most_recent": true,
            "name": "amazon-eks-node-1.18-v20201112",
            "name_regex": null,
            "owner_id": "602401143452",
            "owners": [
              "amazon"
            ],
            "platform": null,
            "product_codes": [],
            "public": true,
            "ramdisk_id": null,
            "root_device_name": "/dev/xvda",
            "root_device_type": "ebs",
            "root_snapshot_id": "snap-038d276e6520db54e",
            "sriov_net_support": "simple",
            "state": "available",
            "state_reason": {
              "code": "UNSET",
              "message": "UNSET"
            },
            "tags": {},
            "virtualization_type": "hvm"
          }
        }
      ]
    },
    {
      "mode": "data",
      "type": "aws_availability_zones",
      "name": "available",
      "provider": "provider.aws",
      "instances": [
        {
          "schema_version": 0,
          "attributes": {
            "all_availability_zones": null,
            "exclude_names": null,
            "exclude_zone_ids": null,
            "filter": null,
            "group_names": [
              "us-east-1"
            ],
            "id": "2020-11-16 15:24:37.170024 +0000 UTC",
            "names": [
              "us-east-1a",
              "us-east-1b",
              "us-east-1c",
              "us-east-1d",
              "us-east-1e",
              "us-east-1f"
            ],
            "state": null,
            "zone_ids": [
              "use1-az4",
              "use1-az6",
              "use1-az1",
              "use1-az2",
              "use1-az3",
              "use1-az5"
            ]
          }
        }
      ]
    },
    {
      "mode": "data",
      "type": "aws_iam_policy_document",
      "name": "route53-externaldns-policy",
      "provider": "provider.aws",
      "instances": [
        {
          "schema_version": 0,
          "attributes": {
            "id": "2808993827",
            "json": "{\n  \"Version\": \"2012-10-17\",\n  \"Statement\": [\n    {\n      \"Sid\": \"\",\n      \"Effect\": \"Allow\",\n      \"Action\": \"sts:AssumeRole\",\n      \"Principal\": {\n        \"Service\": \"ec2.amazonaws.com\"\n      }\n    },\n    {\n      \"Sid\": \"\",\n      \"Effect\": \"Allow\",\n      \"Action\": \"sts:AssumeRole\",\n      \"Principal\": {\n        \"AWS\": \"arn:aws:iam::536969602909:role/eks-node-role\"\n      }\n    }\n  ]\n}",
            "override_json": null,
            "policy_id": null,
            "source_json": null,
            "statement": [
              {
                "actions": [
                  "sts:AssumeRole"
                ],
                "condition": [],
                "effect": "Allow",
                "not_actions": [],
                "not_principals": [],
                "not_resources": [],
                "principals": [
                  {
                    "identifiers": [
                      "ec2.amazonaws.com"
                    ],
                    "type": "Service"
                  }
                ],
                "resources": [],
                "sid": ""
              },
              {
                "actions": [
                  "sts:AssumeRole"
                ],
                "condition": [],
                "effect": "Allow",
                "not_actions": [],
                "not_principals": [],
                "not_resources": [],
                "principals": [
                  {
                    "identifiers": [
                      "arn:aws:iam::536969602909:role/eks-node-role"
                    ],
                    "type": "AWS"
                  }
                ],
                "resources": [],
                "sid": ""
              }
            ],
            "version": "2012-10-17"
          },
          "depends_on": [
            "aws_iam_role.eks-node-role"
          ]
        }
      ]
    },
    {
      "mode": "managed",
      "type": "aws_autoscaling_group",
      "name": "eks-asg",
      "provider": "provider.aws",
      "instances": [
        {
          "schema_version": 0,
          "attributes": {
            "arn": "arn:aws:autoscaling:us-east-1:536969602909:autoScalingGroup:16ec01bf-c930-407a-86ad-ac2f1a8516b1:autoScalingGroupName/EKS cluster nodes",
            "availability_zones": [
              "us-east-1a",
              "us-east-1b",
              "us-east-1c"
            ],
            "default_cooldown": 300,
            "desired_capacity": 3,
            "enabled_metrics": null,
            "force_delete": false,
            "health_check_grace_period": 300,
            "health_check_type": "EC2",
            "id": "EKS cluster nodes",
            "initial_lifecycle_hook": [],
            "launch_configuration": "eks-node20201116154916109400000009",
            "launch_template": [],
            "load_balancers": null,
            "max_instance_lifetime": 0,
            "max_size": 3,
            "metrics_granularity": "1Minute",
            "min_elb_capacity": null,
            "min_size": 3,
            "mixed_instances_policy": [],
            "name": "EKS cluster nodes",
            "name_prefix": null,
            "placement_group": "",
            "protect_from_scale_in": false,
            "service_linked_role_arn": "arn:aws:iam::536969602909:role/aws-service-role/autoscaling.amazonaws.com/AWSServiceRoleForAutoScaling",
            "suspended_processes": null,
            "tag": [
              {
                "key": "Environment",
                "propagate_at_launch": true,
                "value": "dev"
              },
              {
                "key": "Name",
                "propagate_at_launch": true,
                "value": "eks-dev-nodes"
              },
              {
                "key": "Project",
                "propagate_at_launch": true,
                "value": "eks"
              },
              {
                "key": "Terraform",
                "propagate_at_launch": true,
                "value": "true"
              },
              {
                "key": "kubernetes.io/cluster/eks-dev-amb-cluster",
                "propagate_at_launch": true,
                "value": "owned"
              }
            ],
            "tags": null,
            "target_group_arns": null,
            "termination_policies": null,
            "timeouts": null,
            "vpc_zone_identifier": [
              "subnet-00d479ab6981b08e9",
              "subnet-037f6267ce215da21",
              "subnet-0b31917aa6dee493d"
            ],
            "wait_for_capacity_timeout": "10m",
            "wait_for_elb_capacity": null
          },
          "private": "eyJlMmJmYjczMC1lY2FhLTExZTYtOGY4OC0zNDM2M2JjN2M0YzAiOnsiZGVsZXRlIjo2MDAwMDAwMDAwMDB9fQ==",
          "depends_on": [
            "aws_launch_configuration.eks-lc",
            "aws_subnet.subnet"
          ]
        }
      ]
    },
    {
      "mode": "managed",
      "type": "aws_eks_cluster",
      "name": "eks-cluster",
      "provider": "provider.aws",
      "instances": [
        {
          "schema_version": 0,
          "attributes": {
            "arn": "arn:aws:eks:us-east-1:536969602909:cluster/eks-dev-amb-cluster",
            "certificate_authority": [
              {
                "data": "LS0tLS1CRUdJTiBDRVJUSUZJQ0FURS0tLS0tCk1JSUN5RENDQWJDZ0F3SUJBZ0lCQURBTkJna3Foa2lHOXcwQkFRc0ZBREFWTVJNd0VRWURWUVFERXdwcmRXSmwKY201bGRHVnpNQjRYRFRJd01URXhOakUxTXpjMU1Gb1hEVE13TVRFeE5ERTFNemMxTUZvd0ZURVRNQkVHQTFVRQpBeE1LYTNWaVpYSnVaWFJsY3pDQ0FTSXdEUVlKS29aSWh2Y05BUUVCQlFBRGdnRVBBRENDQVFvQ2dnRUJBT01JCk5xTjUrZk8vL3dwQ2lZMFROaHBPdEhaYkc1MlFFdklOMEJiTklva2FFdDh5Z3RKcmtxY3JqdnhpVC9vd2F6S3AKODdCMUpGNTFkSU1zQk9scVB5bVBONWdFUFo4eDZXZ1ZtMXllTzMvUkE2ZGJKQUZvQ2FwQWg5U0tmVmZPYks2cQpIendXYzFqS3NRc09PQlVqK3FiT0ExbWZ4SkZWTHVnSDdaM0ZWdlVhRHNITmJMS0FabXJmRldnbkNoeUtENE5RCjY3alY1aVFZNEpGK0hZbnJvdStjdkdoMnB2VzB4YWVKNHI2QUVob24zdGtud2pyYUx2TXRYNWpEMC9iRFlsZXIKM01nVkljV29VbExkbk4rSVB3M3lMWlFsUERud3I3dE5MeVVTa2cwZGIzYW1SeE5qZmF4bng2S01VaERCYVJjWgo0NXZlVWtUcVh3VXZXTlJYR2xVQ0F3RUFBYU1qTUNFd0RnWURWUjBQQVFIL0JBUURBZ0trTUE4R0ExVWRFd0VCCi93UUZNQU1CQWY4d0RRWUpLb1pJaHZjTkFRRUxCUUFEZ2dFQkFBNnBzMDYyZGQvbFpnNVZZNzVlYXNQVjZLa20KdGZFZXVrTTVhZFZKRTR2d3Q4cVNxd2tOUDYwMDB0dEs1S2JVRmU2VXZzUEkvbUY4WXBnbWlRdFJMUFFvdU9ObQpsTi9JOFhXR1FIVDUyS24wNnRlVzFnU0RWWFhDSkcraEJPS09FVEEydk1hMW1XZmRFRHYzcEZLRGMrZ0tiK09mCk9KaXk1dTMwaUlxU21JUG1mak81by9DdThCWFlTN0dmMHZKUzZOaTR4eWdtMjkvVmxrYzRrNEdrekZNZXRJRUUKTUlySU5PSXpoRUdLY2IvSFowMVp6SVMxZVVLSjJ5Mlc0RUpKYmdmU3J4a3hxTWF0L3ZEbUlHUDFzT1paL0d1aQp2TzJBUkx6VjF2NGRXWGdhcWlDb1ZCU1h1OVl0TlpRRHBvd1JlRzY0bFJzSGw2endwdGdEMDNkSVJUMD0KLS0tLS1FTkQgQ0VSVElGSUNBVEUtLS0tLQo="
              }
            ],
            "created_at": "2020-11-16 15:25:23 +0000 UTC",
            "enabled_cluster_log_types": null,
            "encryption_config": [],
            "endpoint": "https://33B4920A01FA0BF8716577782747F881.gr7.us-east-1.eks.amazonaws.com",
            "id": "eks-dev-amb-cluster",
            "identity": [
              {
                "oidc": [
                  {
                    "issuer": "https://oidc.eks.us-east-1.amazonaws.com/id/33B4920A01FA0BF8716577782747F881"
                  }
                ]
              }
            ],
            "name": "eks-dev-amb-cluster",
            "platform_version": "eks.2",
            "role_arn": "arn:aws:iam::536969602909:role/eks-master-role",
            "status": "ACTIVE",
            "tags": null,
            "timeouts": null,
            "version": "1.18",
            "vpc_config": [
              {
                "cluster_security_group_id": "sg-0f5908b50f90dabaa",
                "endpoint_private_access": false,
                "endpoint_public_access": true,
                "public_access_cidrs": [
                  "0.0.0.0/0"
                ],
                "security_group_ids": [
                  "sg-0ddbaddc25c4cc671"
                ],
                "subnet_ids": [
                  "subnet-00d479ab6981b08e9",
                  "subnet-037f6267ce215da21",
                  "subnet-0b31917aa6dee493d"
                ],
                "vpc_id": "vpc-0cf9e46eeded3a929"
              }
            ]
          },
          "private": "eyJlMmJmYjczMC1lY2FhLTExZTYtOGY4OC0zNDM2M2JjN2M0YzAiOnsiY3JlYXRlIjoxODAwMDAwMDAwMDAwLCJkZWxldGUiOjkwMDAwMDAwMDAwMCwidXBkYXRlIjozNjAwMDAwMDAwMDAwfX0=",
          "depends_on": [
            "aws_iam_role.eks-master-role",
            "aws_iam_role_policy_attachment.eks-cluster-policy",
            "aws_iam_role_policy_attachment.eks-service-policy",
            "aws_security_group.cluster-master",
            "aws_subnet.subnet"
          ]
        }
      ]
    },
    {
      "mode": "managed",
      "type": "aws_eks_node_group",
      "name": "eks-cluster-node-group",
      "provider": "provider.aws",
      "instances": [
        {
          "schema_version": 0,
          "attributes": {
            "ami_type": "AL2_x86_64",
            "arn": "arn:aws:eks:us-east-1:536969602909:nodegroup/eks-dev-amb-cluster/eks-cluster-node-group/bcbae8df-7af8-4cfc-e3c0-b575b0e00ddb",
            "cluster_name": "eks-dev-amb-cluster",
            "disk_size": 20,
            "force_update_version": null,
            "id": "eks-dev-amb-cluster:eks-cluster-node-group",
            "instance_types": [
              "t3.medium"
            ],
            "labels": null,
            "node_group_name": "eks-cluster-node-group",
            "node_role_arn": "arn:aws:iam::536969602909:role/eks-node-role",
            "release_version": "1.18.9-20201112",
            "remote_access": [],
            "resources": [
              {
                "autoscaling_groups": [
                  {
                    "name": "eks-bcbae8df-7af8-4cfc-e3c0-b575b0e00ddb"
                  }
                ],
                "remote_access_security_group_id": ""
              }
            ],
            "scaling_config": [
              {
                "desired_size": 3,
                "max_size": 3,
                "min_size": 3
              }
            ],
            "status": "ACTIVE",
            "subnet_ids": [
              "subnet-00d479ab6981b08e9",
              "subnet-037f6267ce215da21",
              "subnet-0b31917aa6dee493d"
            ],
            "tags": null,
            "timeouts": null,
            "version": "1.18"
          },
          "private": "eyJlMmJmYjczMC1lY2FhLTExZTYtOGY4OC0zNDM2M2JjN2M0YzAiOnsiY3JlYXRlIjozNjAwMDAwMDAwMDAwLCJkZWxldGUiOjM2MDAwMDAwMDAwMDAsInVwZGF0ZSI6MzYwMDAwMDAwMDAwMH19",
          "depends_on": [
            "aws_eks_cluster.eks-cluster",
            "aws_iam_role.eks-node-role",
            "aws_subnet.subnet"
          ]
        }
      ]
    },
    {
      "mode": "managed",
      "type": "aws_iam_instance_profile",
      "name": "eks-node-role-profile",
      "provider": "provider.aws",
      "instances": [
        {
          "schema_version": 0,
          "attributes": {
            "arn": "arn:aws:iam::536969602909:instance-profile/eks-node-role-profile",
            "create_date": "2020-11-16T15:25:01Z",
            "id": "eks-node-role-profile",
            "name": "eks-node-role-profile",
            "name_prefix": null,
            "path": "/",
            "role": "eks-node-role",
            "unique_id": "AIPAX2BPB45O66D6KYWGU"
          },
          "private": "bnVsbA==",
          "depends_on": [
            "aws_iam_role.eks-node-role"
          ]
        }
      ]
    },
    {
      "mode": "managed",
      "type": "aws_iam_policy",
      "name": "route53-external-policy",
      "provider": "provider.aws",
      "instances": [
        {
          "schema_version": 0,
          "attributes": {
            "arn": "arn:aws:iam::536969602909:policy/route53-external-policy",
            "description": "",
            "id": "arn:aws:iam::536969602909:policy/route53-external-policy",
            "name": "route53-external-policy",
            "name_prefix": null,
            "path": "/",
            "policy": "{\n  \"Version\": \"2012-10-17\",\n  \"Statement\": [\n    {\n      \"Effect\": \"Allow\",\n      \"Action\": [\n        \"route53:ChangeResourceRecordSets\"\n      ],\n      \"Resource\": [\n        \"arn:aws:route53:::hostedzone/*\"\n      ]\n    },\n    {\n      \"Effect\": \"Allow\",\n      \"Action\": [\n        \"route53:ListHostedZones\",\n        \"route53:ListResourceRecordSets\"\n      ],\n      \"Resource\": [\n        \"*\"\n      ]\n    }\n  ]\n}\n"
          },
          "private": "bnVsbA=="
        }
      ]
    },
    {
      "mode": "managed",
      "type": "aws_iam_role",
      "name": "eks-master-role",
      "provider": "provider.aws",
      "instances": [
        {
          "schema_version": 0,
          "attributes": {
            "arn": "arn:aws:iam::536969602909:role/eks-master-role",
            "assume_role_policy": "{\"Version\":\"2012-10-17\",\"Statement\":[{\"Effect\":\"Allow\",\"Principal\":{\"Service\":\"eks.amazonaws.com\"},\"Action\":\"sts:AssumeRole\"}]}",
            "create_date": "2020-11-16T15:24:58Z",
            "description": "",
            "force_detach_policies": false,
            "id": "eks-master-role",
            "max_session_duration": 3600,
            "name": "eks-master-role",
            "name_prefix": null,
            "path": "/",
            "permissions_boundary": null,
            "tags": null,
            "unique_id": "AROAX2BPB45O4NDJ6ZTKN"
          },
          "private": "bnVsbA=="
        }
      ]
    },
    {
      "mode": "managed",
      "type": "aws_iam_role",
      "name": "eks-node-role",
      "provider": "provider.aws",
      "instances": [
        {
          "schema_version": 0,
          "attributes": {
            "arn": "arn:aws:iam::536969602909:role/eks-node-role",
            "assume_role_policy": "{\"Version\":\"2012-10-17\",\"Statement\":[{\"Effect\":\"Allow\",\"Principal\":{\"Service\":\"ec2.amazonaws.com\"},\"Action\":\"sts:AssumeRole\"}]}",
            "create_date": "2020-11-16T15:24:58Z",
            "description": "",
            "force_detach_policies": false,
            "id": "eks-node-role",
            "max_session_duration": 3600,
            "name": "eks-node-role",
            "name_prefix": null,
            "path": "/",
            "permissions_boundary": null,
            "tags": null,
            "unique_id": "AROAX2BPB45OWB3SZVDPB"
          },
          "private": "bnVsbA=="
        }
      ]
    },
    {
      "mode": "managed",
      "type": "aws_iam_role",
      "name": "route53-externaldns-controller",
      "provider": "provider.aws",
      "instances": [
        {
          "schema_version": 0,
          "attributes": {
            "arn": "arn:aws:iam::536969602909:role/route53-externaldns-controller",
            "assume_role_policy": "{\"Version\":\"2012-10-17\",\"Statement\":[{\"Sid\":\"\",\"Effect\":\"Allow\",\"Principal\":{\"Service\":\"ec2.amazonaws.com\"},\"Action\":\"sts:AssumeRole\"},{\"Sid\":\"\",\"Effect\":\"Allow\",\"Principal\":{\"AWS\":\"arn:aws:iam::536969602909:role/eks-node-role\"},\"Action\":\"sts:AssumeRole\"}]}",
            "create_date": "2020-11-16T15:25:08Z",
            "description": "",
            "force_detach_policies": false,
            "id": "route53-externaldns-controller",
            "max_session_duration": 3600,
            "name": "route53-externaldns-controller",
            "name_prefix": null,
            "path": "/",
            "permissions_boundary": null,
            "tags": null,
            "unique_id": "AROAX2BPB45O7J3K2IVDN"
          },
          "private": "bnVsbA==",
          "depends_on": [
            "data.aws_iam_policy_document.route53-externaldns-policy"
          ]
        }
      ]
    },
    {
      "mode": "managed",
      "type": "aws_iam_role_policy_attachment",
      "name": "ec2-container-registry-readonly",
      "provider": "provider.aws",
      "instances": [
        {
          "schema_version": 0,
          "attributes": {
            "id": "eks-node-role-20201116152501179500000001",
            "policy_arn": "arn:aws:iam::aws:policy/AmazonEC2ContainerRegistryReadOnly",
            "role": "eks-node-role"
          },
          "private": "bnVsbA==",
          "depends_on": [
            "aws_iam_role.eks-node-role"
          ]
        }
      ]
    },
    {
      "mode": "managed",
      "type": "aws_iam_role_policy_attachment",
      "name": "ec2-role-for-ssm",
      "provider": "provider.aws",
      "instances": [
        {
          "schema_version": 0,
          "attributes": {
            "id": "eks-node-role-20201116152501304400000003",
            "policy_arn": "arn:aws:iam::aws:policy/service-role/AmazonEC2RoleforSSM",
            "role": "eks-node-role"
          },
          "private": "bnVsbA==",
          "depends_on": [
            "aws_iam_role.eks-node-role"
          ]
        }
      ]
    },
    {
      "mode": "managed",
      "type": "aws_iam_role_policy_attachment",
      "name": "eks-cluster-policy",
      "provider": "provider.aws",
      "instances": [
        {
          "schema_version": 0,
          "attributes": {
            "id": "eks-master-role-20201116152501194400000002",
            "policy_arn": "arn:aws:iam::aws:policy/AmazonEKSClusterPolicy",
            "role": "eks-master-role"
          },
          "private": "bnVsbA==",
          "depends_on": [
            "aws_iam_role.eks-master-role"
          ]
        }
      ]
    },
    {
      "mode": "managed",
      "type": "aws_iam_role_policy_attachment",
      "name": "eks-cni-policy",
      "provider": "provider.aws",
      "instances": [
        {
          "schema_version": 0,
          "attributes": {
            "id": "eks-node-role-20201116152501326900000004",
            "policy_arn": "arn:aws:iam::aws:policy/AmazonEKS_CNI_Policy",
            "role": "eks-node-role"
          },
          "private": "bnVsbA==",
          "depends_on": [
            "aws_iam_role.eks-node-role"
          ]
        }
      ]
    },
    {
      "mode": "managed",
      "type": "aws_iam_role_policy_attachment",
      "name": "eks-service-policy",
      "provider": "provider.aws",
      "instances": [
        {
          "schema_version": 0,
          "attributes": {
            "id": "eks-master-role-20201116152501354500000006",
            "policy_arn": "arn:aws:iam::aws:policy/AmazonEKSServicePolicy",
            "role": "eks-master-role"
          },
          "private": "bnVsbA==",
          "depends_on": [
            "aws_iam_role.eks-master-role"
          ]
        }
      ]
    },
    {
      "mode": "managed",
      "type": "aws_iam_role_policy_attachment",
      "name": "eks-worker-node-policy",
      "provider": "provider.aws",
      "instances": [
        {
          "schema_version": 0,
          "attributes": {
            "id": "eks-node-role-20201116152501336400000005",
            "policy_arn": "arn:aws:iam::aws:policy/AmazonEKSWorkerNodePolicy",
            "role": "eks-node-role"
          },
          "private": "bnVsbA==",
          "depends_on": [
            "aws_iam_role.eks-node-role"
          ]
        }
      ]
    },
    {
      "mode": "managed",
      "type": "aws_iam_role_policy_attachment",
      "name": "route53-externaldns-attachment",
      "provider": "provider.aws",
      "instances": [
        {
          "schema_version": 0,
          "attributes": {
            "id": "route53-externaldns-controller-20201116152511420100000007",
            "policy_arn": "arn:aws:iam::536969602909:policy/route53-external-policy",
            "role": "route53-externaldns-controller"
          },
          "private": "bnVsbA==",
          "depends_on": [
            "aws_iam_policy.route53-external-policy",
            "aws_iam_role.route53-externaldns-controller"
          ]
        }
      ]
    },
    {
      "mode": "managed",
      "type": "aws_internet_gateway",
      "name": "igw",
      "provider": "provider.aws",
      "instances": [
        {
          "schema_version": 0,
          "attributes": {
            "arn": "arn:aws:ec2:us-east-1:536969602909:internet-gateway/igw-0ce5d68e66de37746",
            "id": "igw-0ce5d68e66de37746",
            "owner_id": "536969602909",
            "tags": {
              "Environment": "dev",
              "Name": "eks-dev-igw",
              "Project": "eks",
              "Terraform": "true",
              "kubernetes.io/cluster/eks-dev-amb-cluster": "shared"
            },
            "vpc_id": "vpc-0cf9e46eeded3a929"
          },
          "private": "bnVsbA==",
          "depends_on": [
            "aws_vpc.vpc"
          ]
        }
      ]
    },
    {
      "mode": "managed",
      "type": "aws_key_pair",
      "name": "key_pair",
      "provider": "provider.aws",
      "instances": [
        {
          "schema_version": 1,
          "attributes": {
            "arn": "arn:aws:ec2:us-east-1:536969602909:key-pair/ambitious_key",
            "fingerprint": "40:da:f5:38:2b:f6:15:4a:71:a7:3a:7b:8b:35:25:2d",
            "id": "ambitious_key",
            "key_name": "ambitious_key",
            "key_name_prefix": null,
            "key_pair_id": "key-066f259f7c9950198",
            "public_key": "ssh-rsa AAAAB3NzaC1yc2EAAAADAQABAAACAQD6huPKjyc1+o175FbDYL5beoq9zcM6zEludI2FgUzDmX7+gmy2YxXTqu/JwY3Q5qwSu25Drd4CsFKLoWbljvIhvrf9XPTOF0lJCdM9bRKhmbm0q9gUufGCUvNnahfJEhRw5/m6BuTFUR1PjD/xPegeUCgn9T0zEs01xxqB+Kw3/AJT3VRYaHa3OIBYTDzrDWejjM7L+R0fY9TwF7Z5ISynmbKFtb4TkO2OYsbUsUCZmIjJqWHB5ElVa6pb/Ucfxwzo3ptbexA7E44cuupXDFhXjYl8uiDv80OHGKhIJrUIcywJJ32bSEm66QRDNE1GhZA9PDlTBm7a6IJQCet5ro/zFbq5wX12fywbj7qoFk9aK4NrCtCP0Sg8iIwBOSL6KWuSTtCiONG6udYmQTfBvB88Cry0qdNk7rZZ7PdWKc4X+OUgeVnR2dBcOJCKqtArIk+o20qnV1cqcfgkzP8WblatW9Nn416YcmgteJNA5rVWvhQiOpFtmMjg7YXc8bT+zLl+9KQq4Ry7kK7iH8LR7CjIOXfuu3ghr/YAp3GkpMkv/IA4pDmTu6yw0SEm+GNSa9tWow74sjWOjp7Tqsj1zTezeHXvO1X5cX6tHT7rDTdlJk64zKhpyvghBZgodrEhuznkLoqwD6q3OoSJpDFOvJpD+at24XfrBUm0Crpei+f/bQ==",
            "tags": null
          },
          "private": "eyJzY2hlbWFfdmVyc2lvbiI6IjEifQ==",
          "depends_on": [
            "tls_private_key.keygen"
          ]
        }
      ]
    },
    {
      "mode": "managed",
      "type": "aws_launch_configuration",
      "name": "eks-lc",
      "provider": "provider.aws",
      "instances": [
        {
          "schema_version": 0,
          "attributes": {
            "arn": "arn:aws:autoscaling:us-east-1:536969602909:launchConfiguration:43c22d6c-5b25-49a1-aa50-e44d213ce7f7:launchConfigurationName/eks-node20201116154916109400000009",
            "associate_public_ip_address": true,
            "ebs_block_device": [],
            "ebs_optimized": false,
            "enable_monitoring": false,
            "ephemeral_block_device": [],
            "iam_instance_profile": "eks-node-role-profile",
            "id": "eks-node20201116154916109400000009",
            "image_id": "ami-00fa874bb96bee6a3",
            "instance_type": "t3.medium",
            "key_name": "ambitious_key",
            "name": "eks-node20201116154916109400000009",
            "name_prefix": "eks-node",
            "placement_tenancy": null,
            "root_block_device": [
              {
                "delete_on_termination": true,
                "encrypted": false,
                "iops": 0,
                "volume_size": 50,
                "volume_type": "gp2"
              }
            ],
            "security_groups": [
              "sg-0e00a28504d337445"
            ],
            "spot_price": "",
            "user_data": null,
            "user_data_base64": "IyEvYmluL2Jhc2gKc2V0IC1vIHh0cmFjZQovZXRjL2Vrcy9ib290c3RyYXAuc2ggLS1hcGlzZXJ2ZXItZW5kcG9pbnQgImh0dHBzOi8vMzNCNDkyMEEwMUZBMEJGODcxNjU3Nzc4Mjc0N0Y4ODEuZ3I3LnVzLWVhc3QtMS5la3MuYW1hem9uYXdzLmNvbSIgLS1iNjQtY2x1c3Rlci1jYSAiTFMwdExTMUNSVWRKVGlCRFJWSlVTVVpKUTBGVVJTMHRMUzB0Q2sxSlNVTjVSRU5EUVdKRFowRjNTVUpCWjBsQ1FVUkJUa0puYTNGb2EybEhPWGN3UWtGUmMwWkJSRUZXVFZKTmQwVlJXVVJXVVZGRVJYZHdjbVJYU213S1kyMDFiR1JIVm5wTlFqUllSRlJKZDAxVVJYaE9ha1V4VFhwak1VMUdiMWhFVkUxM1RWUkZlRTVFUlRGTmVtTXhUVVp2ZDBaVVJWUk5Ra1ZIUVRGVlJRcEJlRTFMWVROV2FWcFlTblZhV0ZKc1kzcERRMEZUU1hkRVVWbEtTMjlhU1doMlkwNUJVVVZDUWxGQlJHZG5SVkJCUkVORFFWRnZRMmRuUlVKQlQwMUpDazV4VGpVclprOHZMM2R3UTJsWk1GUk9hSEJQZEVoYVlrYzFNbEZGZGtsT01FSmlUa2x2YTJGRmREaDVaM1JLY210eFkzSnFkbmhwVkM5dmQyRjZTM0FLT0RkQ01VcEdOVEZrU1UxelFrOXNjVkI1YlZCT05XZEZVRm80ZURaWFoxWnRNWGxsVHpNdlVrRTJaR0pLUVVadlEyRndRV2c1VTB0bVZtWlBZa3MyY1FwSWVuZFhZekZxUzNOUmMwOVBRbFZxSzNGaVQwRXhiV1o0U2taV1RIVm5TRGRhTTBaV2RsVmhSSE5JVG1KTVMwRmFiWEptUmxkbmJrTm9lVXRFTkU1UkNqWTNhbFkxYVZGWk5FcEdLMGhaYm5KdmRTdGpka2RvTW5CMlZ6QjRZV1ZLTkhJMlFVVm9iMjR6ZEd0dWQycHlZVXgyVFhSWU5XcEVNQzlpUkZsc1pYSUtNMDFuVmtsalYyOVZiRXhrYms0clNWQjNNM2xNV2xGc1VFUnVkM0kzZEU1TWVWVlRhMmN3WkdJellXMVNlRTVxWm1GNGJuZzJTMDFWYUVSQ1lWSmpXZ28wTlhabFZXdFVjVmgzVlhaWFRsSllSMnhWUTBGM1JVRkJZVTFxVFVORmQwUm5XVVJXVWpCUVFWRklMMEpCVVVSQlowdHJUVUU0UjBFeFZXUkZkMFZDQ2k5M1VVWk5RVTFDUVdZNGQwUlJXVXBMYjFwSmFIWmpUa0ZSUlV4Q1VVRkVaMmRGUWtGQk5uQnpNRFl5WkdRdmJGcG5OVlpaTnpWbFlYTlFWalpMYTIwS2RHWkZaWFZyVFRWaFpGWktSVFIyZDNRNGNWTnhkMnRPVURZd01EQjBkRXMxUzJKVlJtVTJWWFp6VUVrdmJVWTRXWEJuYldsUmRGSk1VRkZ2ZFU5T2JRcHNUaTlKT0ZoWFIxRklWRFV5UzI0d05uUmxWekZuVTBSV1dGaERTa2NyYUVKUFMwOUZWRUV5ZGsxaE1XMVhabVJGUkhZemNFWkxSR01yWjB0aUswOW1DazlLYVhrMWRUTXdhVWx4VTIxSlVHMW1hazgxYnk5RGRUaENXRmxUTjBkbU1IWktVelpPYVRSNGVXZHRNamt2Vm14cll6UnJORWRyZWtaTlpYUkpSVVVLVFVseVNVNVBTWHBvUlVkTFkySXZTRm93TVZwNlNWTXhaVlZMU2pKNU1sYzBSVXBLWW1kbVUzSjRhM2h4VFdGMEwzWkViVWxIVURGelQxcGFMMGQxYVFwMlR6SkJVa3g2VmpGMk5HUlhXR2RoY1dsRGIxWkNVMWgxT1ZsMFRscFJSSEJ2ZDFKbFJ6WTBiRkp6U0d3MmVuZHdkR2RFTUROa1NWSlVNRDBLTFMwdExTMUZUa1FnUTBWU1ZFbEdTVU5CVkVVdExTMHRMUW89IiAiZWtzLWRldi1hbWItY2x1c3RlciIK",
            "vpc_classic_link_id": "",
            "vpc_classic_link_security_groups": null
          },
          "private": "bnVsbA==",
          "depends_on": [
            "aws_iam_instance_profile.eks-node-role-profile",
            "aws_security_group.cluster-nodes",
            "data.aws_ami.eks-node"
          ]
        }
      ]
    },
    {
      "mode": "managed",
      "type": "aws_route_table",
      "name": "rtb",
      "provider": "provider.aws",
      "instances": [
        {
          "schema_version": 0,
          "attributes": {
            "id": "rtb-0d3cc7e8de43eb484",
            "owner_id": "536969602909",
            "propagating_vgws": [],
            "route": [
              {
                "cidr_block": "0.0.0.0/0",
                "egress_only_gateway_id": "",
                "gateway_id": "igw-0ce5d68e66de37746",
                "instance_id": "",
                "ipv6_cidr_block": "",
                "nat_gateway_id": "",
                "network_interface_id": "",
                "transit_gateway_id": "",
                "vpc_peering_connection_id": ""
              }
            ],
            "tags": {
              "Environment": "dev",
              "Name": "eks-dev-rtb",
              "Project": "eks",
              "Terraform": "true",
              "kubernetes.io/cluster/eks-dev-amb-cluster": "shared"
            },
            "vpc_id": "vpc-0cf9e46eeded3a929"
          },
          "private": "bnVsbA==",
          "depends_on": [
            "aws_internet_gateway.igw",
            "aws_vpc.vpc"
          ]
        }
      ]
    },
    {
      "mode": "managed",
      "type": "aws_route_table_association",
      "name": "rtba",
      "each": "list",
      "provider": "provider.aws",
      "instances": [
        {
          "index_key": 0,
          "schema_version": 0,
          "attributes": {
            "gateway_id": null,
            "id": "rtbassoc-080f17b96be0fd427",
            "route_table_id": "rtb-0d3cc7e8de43eb484",
            "subnet_id": "subnet-00d479ab6981b08e9"
          },
          "private": "bnVsbA==",
          "depends_on": [
            "aws_route_table.rtb",
            "aws_subnet.subnet"
          ]
        },
        {
          "index_key": 1,
          "schema_version": 0,
          "attributes": {
            "gateway_id": null,
            "id": "rtbassoc-07971de33090764e0",
            "route_table_id": "rtb-0d3cc7e8de43eb484",
            "subnet_id": "subnet-0b31917aa6dee493d"
          },
          "private": "bnVsbA==",
          "depends_on": [
            "aws_route_table.rtb",
            "aws_subnet.subnet"
          ]
        },
        {
          "index_key": 2,
          "schema_version": 0,
          "attributes": {
            "gateway_id": null,
            "id": "rtbassoc-0eb7c9795e4716646",
            "route_table_id": "rtb-0d3cc7e8de43eb484",
            "subnet_id": "subnet-037f6267ce215da21"
          },
          "private": "bnVsbA==",
          "depends_on": [
            "aws_route_table.rtb",
            "aws_subnet.subnet"
          ]
        }
      ]
    },
    {
      "mode": "managed",
      "type": "aws_security_group",
      "name": "cluster-master",
      "provider": "provider.aws",
      "instances": [
        {
          "schema_version": 1,
          "attributes": {
            "arn": "arn:aws:ec2:us-east-1:536969602909:security-group/sg-0ddbaddc25c4cc671",
            "description": "EKS cluster master security group",
            "egress": [
              {
                "cidr_blocks": [
                  "0.0.0.0/0"
                ],
                "description": "",
                "from_port": 0,
                "ipv6_cidr_blocks": [],
                "prefix_list_ids": [],
                "protocol": "-1",
                "security_groups": [],
                "self": false,
                "to_port": 0
              }
            ],
            "id": "sg-0ddbaddc25c4cc671",
            "ingress": [
              {
                "cidr_blocks": [
                  "0.0.0.0/0"
                ],
                "description": "",
                "from_port": 443,
                "ipv6_cidr_blocks": [],
                "prefix_list_ids": [],
                "protocol": "tcp",
                "security_groups": [],
                "self": false,
                "to_port": 443
              }
            ],
            "name": "cluster-master",
            "name_prefix": "",
            "owner_id": "536969602909",
            "revoke_rules_on_delete": false,
            "tags": {
              "Environment": "dev",
              "Name": "eks-master-sg",
              "Project": "eks",
              "Terraform": "true",
              "kubernetes.io/cluster/eks-dev-amb-cluster": "shared"
            },
            "timeouts": null,
            "vpc_id": "vpc-0cf9e46eeded3a929"
          },
          "private": "eyJlMmJmYjczMC1lY2FhLTExZTYtOGY4OC0zNDM2M2JjN2M0YzAiOnsiY3JlYXRlIjo2MDAwMDAwMDAwMDAsImRlbGV0ZSI6NjAwMDAwMDAwMDAwfSwic2NoZW1hX3ZlcnNpb24iOiIxIn0=",
          "depends_on": [
            "aws_vpc.vpc"
          ]
        }
      ]
    },
    {
      "mode": "managed",
      "type": "aws_security_group",
      "name": "cluster-nodes",
      "provider": "provider.aws",
      "instances": [
        {
          "schema_version": 1,
          "attributes": {
            "arn": "arn:aws:ec2:us-east-1:536969602909:security-group/sg-0e00a28504d337445",
            "description": "EKS cluster nodes security group",
            "egress": [
              {
                "cidr_blocks": [
                  "0.0.0.0/0"
                ],
                "description": "",
                "from_port": 0,
                "ipv6_cidr_blocks": [],
                "prefix_list_ids": [],
                "protocol": "-1",
                "security_groups": [],
                "self": false,
                "to_port": 0
              }
            ],
            "id": "sg-0e00a28504d337445",
            "ingress": [
              {
                "cidr_blocks": [],
                "description": "Allow cluster master to access cluster nodes",
                "from_port": 1025,
                "ipv6_cidr_blocks": [],
                "prefix_list_ids": [],
                "protocol": "tcp",
                "security_groups": [
                  "sg-0ddbaddc25c4cc671"
                ],
                "self": false,
                "to_port": 65535
              },
              {
                "cidr_blocks": [],
                "description": "Allow cluster master to access cluster nodes",
                "from_port": 1025,
                "ipv6_cidr_blocks": [],
                "prefix_list_ids": [],
                "protocol": "udp",
                "security_groups": [
                  "sg-0ddbaddc25c4cc671"
                ],
                "self": false,
                "to_port": 65535
              },
              {
                "cidr_blocks": [],
                "description": "Allow inter pods communication",
                "from_port": 0,
                "ipv6_cidr_blocks": [],
                "prefix_list_ids": [],
                "protocol": "-1",
                "security_groups": [],
                "self": true,
                "to_port": 0
              }
            ],
            "name": "cluster-nodes",
            "name_prefix": "",
            "owner_id": "536969602909",
            "revoke_rules_on_delete": false,
            "tags": {
              "Environment": "dev",
              "Name": "eks-nodes-sg",
              "Project": "eks",
              "Terraform": "true",
              "kubernetes.io/cluster/eks-dev-amb-cluster": "shared"
            },
            "timeouts": null,
            "vpc_id": "vpc-0cf9e46eeded3a929"
          },
          "private": "eyJlMmJmYjczMC1lY2FhLTExZTYtOGY4OC0zNDM2M2JjN2M0YzAiOnsiY3JlYXRlIjo2MDAwMDAwMDAwMDAsImRlbGV0ZSI6NjAwMDAwMDAwMDAwfSwic2NoZW1hX3ZlcnNpb24iOiIxIn0=",
          "depends_on": [
            "aws_security_group.cluster-master",
            "aws_vpc.vpc"
          ]
        }
      ]
    },
    {
      "mode": "managed",
      "type": "aws_subnet",
      "name": "subnet",
      "each": "list",
      "provider": "provider.aws",
      "instances": [
        {
          "index_key": 0,
          "schema_version": 1,
          "attributes": {
            "arn": "arn:aws:ec2:us-east-1:536969602909:subnet/subnet-00d479ab6981b08e9",
            "assign_ipv6_address_on_creation": false,
            "availability_zone": "us-east-1a",
            "availability_zone_id": "use1-az4",
            "cidr_block": "10.0.0.0/24",
            "id": "subnet-00d479ab6981b08e9",
            "ipv6_cidr_block": "",
            "ipv6_cidr_block_association_id": "",
            "map_public_ip_on_launch": true,
            "outpost_arn": "",
            "owner_id": "536969602909",
            "tags": {
              "Environment": "dev",
              "Name": "eks-dev-subnet-1",
              "Project": "eks",
              "Terraform": "true",
              "kubernetes.io/cluster/eks-dev-amb-cluster": "shared"
            },
            "timeouts": null,
            "vpc_id": "vpc-0cf9e46eeded3a929"
          },
          "private": "eyJlMmJmYjczMC1lY2FhLTExZTYtOGY4OC0zNDM2M2JjN2M0YzAiOnsiY3JlYXRlIjo2MDAwMDAwMDAwMDAsImRlbGV0ZSI6MTIwMDAwMDAwMDAwMH0sInNjaGVtYV92ZXJzaW9uIjoiMSJ9",
          "depends_on": [
            "aws_vpc.vpc",
            "data.aws_availability_zones.available"
          ]
        },
        {
          "index_key": 1,
          "schema_version": 1,
          "attributes": {
            "arn": "arn:aws:ec2:us-east-1:536969602909:subnet/subnet-0b31917aa6dee493d",
            "assign_ipv6_address_on_creation": false,
            "availability_zone": "us-east-1b",
            "availability_zone_id": "use1-az6",
            "cidr_block": "10.0.1.0/24",
            "id": "subnet-0b31917aa6dee493d",
            "ipv6_cidr_block": "",
            "ipv6_cidr_block_association_id": "",
            "map_public_ip_on_launch": true,
            "outpost_arn": "",
            "owner_id": "536969602909",
            "tags": {
              "Environment": "dev",
              "Name": "eks-dev-subnet-2",
              "Project": "eks",
              "Terraform": "true",
              "kubernetes.io/cluster/eks-dev-amb-cluster": "shared"
            },
            "timeouts": null,
            "vpc_id": "vpc-0cf9e46eeded3a929"
          },
          "private": "eyJlMmJmYjczMC1lY2FhLTExZTYtOGY4OC0zNDM2M2JjN2M0YzAiOnsiY3JlYXRlIjo2MDAwMDAwMDAwMDAsImRlbGV0ZSI6MTIwMDAwMDAwMDAwMH0sInNjaGVtYV92ZXJzaW9uIjoiMSJ9",
          "depends_on": [
            "aws_vpc.vpc",
            "data.aws_availability_zones.available"
          ]
        },
        {
          "index_key": 2,
          "schema_version": 1,
          "attributes": {
            "arn": "arn:aws:ec2:us-east-1:536969602909:subnet/subnet-037f6267ce215da21",
            "assign_ipv6_address_on_creation": false,
            "availability_zone": "us-east-1c",
            "availability_zone_id": "use1-az1",
            "cidr_block": "10.0.2.0/24",
            "id": "subnet-037f6267ce215da21",
            "ipv6_cidr_block": "",
            "ipv6_cidr_block_association_id": "",
            "map_public_ip_on_launch": true,
            "outpost_arn": "",
            "owner_id": "536969602909",
            "tags": {
              "Environment": "dev",
              "Name": "eks-dev-subnet-3",
              "Project": "eks",
              "Terraform": "true",
              "kubernetes.io/cluster/eks-dev-amb-cluster": "shared"
            },
            "timeouts": null,
            "vpc_id": "vpc-0cf9e46eeded3a929"
          },
          "private": "eyJlMmJmYjczMC1lY2FhLTExZTYtOGY4OC0zNDM2M2JjN2M0YzAiOnsiY3JlYXRlIjo2MDAwMDAwMDAwMDAsImRlbGV0ZSI6MTIwMDAwMDAwMDAwMH0sInNjaGVtYV92ZXJzaW9uIjoiMSJ9",
          "depends_on": [
            "aws_vpc.vpc",
            "data.aws_availability_zones.available"
          ]
        }
      ]
    },
    {
      "mode": "managed",
      "type": "aws_vpc",
      "name": "vpc",
      "provider": "provider.aws",
      "instances": [
        {
          "schema_version": 1,
          "attributes": {
            "arn": "arn:aws:ec2:us-east-1:536969602909:vpc/vpc-0cf9e46eeded3a929",
            "assign_generated_ipv6_cidr_block": false,
            "cidr_block": "10.0.0.0/16",
            "default_network_acl_id": "acl-097257e0e2c406350",
            "default_route_table_id": "rtb-0e1460227060dcac4",
            "default_security_group_id": "sg-017801abc7daf5750",
            "dhcp_options_id": "dopt-bd0105c6",
            "enable_classiclink": false,
            "enable_classiclink_dns_support": false,
            "enable_dns_hostnames": true,
            "enable_dns_support": true,
            "id": "vpc-0cf9e46eeded3a929",
            "instance_tenancy": "default",
            "ipv6_association_id": "",
            "ipv6_cidr_block": "",
            "main_route_table_id": "rtb-0e1460227060dcac4",
            "owner_id": "536969602909",
            "tags": {
              "Environment": "dev",
              "Name": "eks-dev-vpc",
              "Project": "eks",
              "Terraform": "true",
              "kubernetes.io/cluster/eks-dev-amb-cluster": "shared"
            }
          },
          "private": "eyJzY2hlbWFfdmVyc2lvbiI6IjEifQ=="
        }
      ]
    },
    {
      "mode": "managed",
      "type": "local_file",
      "name": "private_key_pem",
      "provider": "provider.local",
      "instances": [
        {
          "schema_version": 0,
          "attributes": {
            "content": "-----BEGIN RSA PRIVATE KEY-----\nMIIJKQIBAAKCAgEA+objyo8nNfqNe+RWw2C+W3qKvc3DOsxJbnSNhYFMw5l+/oJs\ntmMV06rvycGN0OasErtuQ63eArBSi6Fm5Y7yIb63/Vz0zhdJSQnTPW0SoZm5tKvY\nFLnxglLzZ2oXyRIUcOf5ugbkxVEdT4w/8T3oHlAoJ/U9MxLNNccagfisN/wCU91U\nWGh2tziAWEw86w1no4zOy/kdH2PU8Be2eSEsp5myhbW+E5DtjmLG1LFAmZiIyalh\nweRJVWuqW/1HH8cM6N6bW3sQOxOOHLrqVwxYV42JfLog7/NDhxioSCa1CHMsCSd9\nm0hJuukEQzRNRoWQPTw5UwZu2uiCUAnrea6P8xW6ucF9dn8sG4+6qBZPWiuDawrQ\nj9EoPIiMATki+ilrkk7QojjRurnWJkE3wbwfPAq8tKnTZO62Wez3VinOF/jlIHlZ\n0dnQXDiQiqrQKyJPqNtKp1dXKnH4JMz/Fm5WrVvTZ+NemHJoLXiTQOa1Vr4UIjqR\nbZjI4O2F3PG0/sy5fvSkKuEcu5Cu4h/C0ewoyDl37rt4Ia/2AKdxpKTJL/yAOKQ5\nk7ussNEhJvhjUmvbVqMO+LI1jo6e06rI9c03s3h17ztV+XF+rR0+6w03ZSZOuMyo\nacr4IQWYKHaxIbs55C6KsA+qtzqEiaQxTryaQ/mrduF36wVJtAq6Xovn/20CAwEA\nAQKCAgBNQ5S1P/kj2KYR85Yeo5ORuvVXHEJ9u8tZ2XBcIEiAerKD482LYnu00B8r\n5hnKt5mSHWQgU1sJEUAj+B835SIf7iXoaebGOMBNWk5fv2fjlvmDEwyNN9uYCeUv\nm7TCOmU7fQ+zo7SidiXIBsUhraoMz0PTLvs06TOIxmMSepMCoSJGoxgEPBOA5lgO\n41RWWcgA1Mhid+3XZH6jnWyVZvnSpsA8JJT+i8/3/da8ef4mYLivGSIhHjrPsWjU\n/gQVdNoyZ5UaXZXf4mQN0Ee9mP0V43znjq/h0PCelagwuF9Uv9Bw8lD2txCmKH88\nCsFaYo7dk9lKFc3SjarC7IxG9uNFxNOFeFKD2MHxzKJtTVSh2mwjPd8pjNRi7cF/\nbjalijzS0cDrhA++F7CoS6gia9o7ED7XLzEE4LQ0ebxsewUVnimKSzCscB+pV+SA\nlq5hVTbFzoaZW9Lo190n2Lq9Hhp0w3OAxW4h9oW5QYm84uzz4A4x73qa/KEv6+SV\nhbbt2TmX8cT3QJH+sZS3U0fjT+wTB4R4HAiDQx+TD4HZ1NEk2bLJrcxEwm2OB6q9\nQ1F/YbLLAic5TDPapXsticx0pQ3wXDtM6hVjZjReAEKy8+EA4w9eTUILvNZ16RxZ\nYBT2ZImDC0QZyd3/BlD+50Glt5mBeGhkXfMZP8W8kj8pUD2FAQKCAQEA/tIKtEBy\n2VFV2NXeRjzkzH9/XCUwGGBqGH/nvCYxYOj+/8oIIh3DrvQr13rT+x/LO1yV3qph\nKxHlRK8XWhKupHeJn+9kovIZfjnblpTwPBXrOiCAuCTHSkC3X7+i93tkvpA4hU0J\n/1b1gmKDEAaT98+kfL0gQbbscz9GLPZ1uYU06CDngSrUPJGWCu7dv5nJ3J8MafWe\nzZZ0pYbHV5fBL7JwCs7DQK/5gF0QrMKT/Si2dP1rO700yF8Ci+dKREWHyEPeoito\n2N5usgkX8BdLOSUhOZNUJdP7oTgN5yCHszRO6PmAAirZmi04d2+eEBLpPhvsVFwh\n8NtEqvQhcdGOvQKCAQEA+6/CnA60xluGdFHXV8YRratxJ15slx2l7a+f5pfq3kPk\nVjklwQqSR/KLjvhHh2LA+mo1nepk9vNFuAbpp29orkOicR0eoD71KyREpX7Dfei+\nOJdUvsGnXPAfe7Roj6LcBPdW+V1OJl4TvzvbUOi8BgaoOf9Vm51sVSIk80w+zRgB\nJyZikE/xhGda3/8V9/ppkhmvzRGkoWMqvwfgnItWpgAmhWF1wnF9CaAax0LhwTNA\nAnhazpvuQCwFI55b0q21AhI75cpJUYx7j6DIvvGIRQJCp8ySvwCLvJoH3FceWBIN\nLl/UIAt7SRlkOI3ZfhSj0KngS0Dhg39aJYPtKc7WcQKCAQEA93fIiXElmENTGbfp\nm1C76pXPfA9pe+L2ZkChLqnwvmrIamUsLOW3Cot6oFNa1sDzv/yUV6AjqY5Bl8hq\n50DJdlPYxgfZNh3kAB/0T3LpM5Ed1l+GYk7ldAkRjN0xSSL+ncq1+U7t7Jno5+z/\n12pr/PgciD+rueYKD4pdfoEDp13kGaMK8PhFEWVZz9hWZiLWVXnotmahCIubUL1p\njnmEVev2v6g5GvNLXQwEi6KT0gHd4BPUNjnzrrwGXxQJne/gg+7VoayCsEqkOiZ2\npuYYWbDjaWTZDbum3dTwO4vt/W1JTRww4un2VbKg6ezuFjInbff0NaEcHSr0rwlU\nCZM4CQKCAQB70kJZ6FpDY+/H9iONSSKVYEzw42FlDu78+nQeTAr+gkQprz/Fst+4\nibjjA36dOpZaHDp4kEJPw+s+2BfHieXkJd4a7AqPJ6oSKWukR7MBlKlQyhKlLjya\nWoACqgTu9V5tCwo88Axsj8gDQv1o1rb59/h3YAjL4CzVzVCEabRTzkVy7016Vfop\n+3cX0DUMpKOffwegSdfGljUHemakXWCpllVdNU9r881iGORTt7G9DOumy3NRRiF2\nbLGyjkv6X/83H6VcLaLYfdakGKPqXIV//daxGtHvKeOVS+omGq4RAgB+GiMQCNYE\nZnuJ3y9q+diF5a01GJxZxyOgZUEeWmXhAoIBAQC6ZOt7r5EYGtWBrE38B1MhUT/j\nmJTO3x9wiqGvqJ+5ajCtZ2Zw1DL1qns1bi/cRc8967pS14jELYU7WSvLbJHpYIOj\nRukrcsTYrcyRr/0x4+4GEFHpxgX2tWKsZgnBPNkJzRq7iyo0fK+YuPAqV5Ch/s9X\n++xSuCivIRxxqZYL2ualDhp0cvzxThhJwwXHhEeazoKqkVeYHOQdqyeuqlza7woC\npL8+EyoVkQzoHt7fvkh9oMNFpMNSp0tnEjMvEnjGB9TkCjXTxdKXoyYZgV0I1WPV\njZprwWIO+OxmM3mjz22YTByHROvajfB1iaC2GXhU+tF3674LbgM8FIhp69tO\n-----END RSA PRIVATE KEY-----\n",
            "content_base64": null,
            "directory_permission": "0777",
            "file_permission": "0777",
            "filename": "./ambitious_key.id_rsa",
            "id": "103936a58f47b80a08efac5e62fd88a87d126e17",
            "sensitive_content": null,
            "source": null
          },
          "private": "bnVsbA==",
          "depends_on": [
            "tls_private_key.keygen"
          ]
        }
      ]
    },
    {
      "mode": "managed",
      "type": "local_file",
      "name": "public_key_openssh",
      "provider": "provider.local",
      "instances": [
        {
          "schema_version": 0,
          "attributes": {
            "content": "ssh-rsa AAAAB3NzaC1yc2EAAAADAQABAAACAQD6huPKjyc1+o175FbDYL5beoq9zcM6zEludI2FgUzDmX7+gmy2YxXTqu/JwY3Q5qwSu25Drd4CsFKLoWbljvIhvrf9XPTOF0lJCdM9bRKhmbm0q9gUufGCUvNnahfJEhRw5/m6BuTFUR1PjD/xPegeUCgn9T0zEs01xxqB+Kw3/AJT3VRYaHa3OIBYTDzrDWejjM7L+R0fY9TwF7Z5ISynmbKFtb4TkO2OYsbUsUCZmIjJqWHB5ElVa6pb/Ucfxwzo3ptbexA7E44cuupXDFhXjYl8uiDv80OHGKhIJrUIcywJJ32bSEm66QRDNE1GhZA9PDlTBm7a6IJQCet5ro/zFbq5wX12fywbj7qoFk9aK4NrCtCP0Sg8iIwBOSL6KWuSTtCiONG6udYmQTfBvB88Cry0qdNk7rZZ7PdWKc4X+OUgeVnR2dBcOJCKqtArIk+o20qnV1cqcfgkzP8WblatW9Nn416YcmgteJNA5rVWvhQiOpFtmMjg7YXc8bT+zLl+9KQq4Ry7kK7iH8LR7CjIOXfuu3ghr/YAp3GkpMkv/IA4pDmTu6yw0SEm+GNSa9tWow74sjWOjp7Tqsj1zTezeHXvO1X5cX6tHT7rDTdlJk64zKhpyvghBZgodrEhuznkLoqwD6q3OoSJpDFOvJpD+at24XfrBUm0Crpei+f/bQ==\n",
            "content_base64": null,
            "directory_permission": "0777",
            "file_permission": "0777",
            "filename": "./ambitious_key.id_rsa.pub",
            "id": "211604b51aea2a3cade28176a5092c0d2fe02774",
            "sensitive_content": null,
            "source": null
          },
          "private": "bnVsbA==",
          "depends_on": [
            "tls_private_key.keygen"
          ]
        }
      ]
    },
    {
      "mode": "managed",
      "type": "tls_private_key",
      "name": "keygen",
      "provider": "provider.tls",
      "instances": [
        {
          "schema_version": 0,
          "attributes": {
            "algorithm": "RSA",
            "ecdsa_curve": "P224",
            "id": "bb0c201aac722cebaa22ac8f7d45909be02978ae",
            "private_key_pem": "-----BEGIN RSA PRIVATE KEY-----\nMIIJKQIBAAKCAgEA+objyo8nNfqNe+RWw2C+W3qKvc3DOsxJbnSNhYFMw5l+/oJs\ntmMV06rvycGN0OasErtuQ63eArBSi6Fm5Y7yIb63/Vz0zhdJSQnTPW0SoZm5tKvY\nFLnxglLzZ2oXyRIUcOf5ugbkxVEdT4w/8T3oHlAoJ/U9MxLNNccagfisN/wCU91U\nWGh2tziAWEw86w1no4zOy/kdH2PU8Be2eSEsp5myhbW+E5DtjmLG1LFAmZiIyalh\nweRJVWuqW/1HH8cM6N6bW3sQOxOOHLrqVwxYV42JfLog7/NDhxioSCa1CHMsCSd9\nm0hJuukEQzRNRoWQPTw5UwZu2uiCUAnrea6P8xW6ucF9dn8sG4+6qBZPWiuDawrQ\nj9EoPIiMATki+ilrkk7QojjRurnWJkE3wbwfPAq8tKnTZO62Wez3VinOF/jlIHlZ\n0dnQXDiQiqrQKyJPqNtKp1dXKnH4JMz/Fm5WrVvTZ+NemHJoLXiTQOa1Vr4UIjqR\nbZjI4O2F3PG0/sy5fvSkKuEcu5Cu4h/C0ewoyDl37rt4Ia/2AKdxpKTJL/yAOKQ5\nk7ussNEhJvhjUmvbVqMO+LI1jo6e06rI9c03s3h17ztV+XF+rR0+6w03ZSZOuMyo\nacr4IQWYKHaxIbs55C6KsA+qtzqEiaQxTryaQ/mrduF36wVJtAq6Xovn/20CAwEA\nAQKCAgBNQ5S1P/kj2KYR85Yeo5ORuvVXHEJ9u8tZ2XBcIEiAerKD482LYnu00B8r\n5hnKt5mSHWQgU1sJEUAj+B835SIf7iXoaebGOMBNWk5fv2fjlvmDEwyNN9uYCeUv\nm7TCOmU7fQ+zo7SidiXIBsUhraoMz0PTLvs06TOIxmMSepMCoSJGoxgEPBOA5lgO\n41RWWcgA1Mhid+3XZH6jnWyVZvnSpsA8JJT+i8/3/da8ef4mYLivGSIhHjrPsWjU\n/gQVdNoyZ5UaXZXf4mQN0Ee9mP0V43znjq/h0PCelagwuF9Uv9Bw8lD2txCmKH88\nCsFaYo7dk9lKFc3SjarC7IxG9uNFxNOFeFKD2MHxzKJtTVSh2mwjPd8pjNRi7cF/\nbjalijzS0cDrhA++F7CoS6gia9o7ED7XLzEE4LQ0ebxsewUVnimKSzCscB+pV+SA\nlq5hVTbFzoaZW9Lo190n2Lq9Hhp0w3OAxW4h9oW5QYm84uzz4A4x73qa/KEv6+SV\nhbbt2TmX8cT3QJH+sZS3U0fjT+wTB4R4HAiDQx+TD4HZ1NEk2bLJrcxEwm2OB6q9\nQ1F/YbLLAic5TDPapXsticx0pQ3wXDtM6hVjZjReAEKy8+EA4w9eTUILvNZ16RxZ\nYBT2ZImDC0QZyd3/BlD+50Glt5mBeGhkXfMZP8W8kj8pUD2FAQKCAQEA/tIKtEBy\n2VFV2NXeRjzkzH9/XCUwGGBqGH/nvCYxYOj+/8oIIh3DrvQr13rT+x/LO1yV3qph\nKxHlRK8XWhKupHeJn+9kovIZfjnblpTwPBXrOiCAuCTHSkC3X7+i93tkvpA4hU0J\n/1b1gmKDEAaT98+kfL0gQbbscz9GLPZ1uYU06CDngSrUPJGWCu7dv5nJ3J8MafWe\nzZZ0pYbHV5fBL7JwCs7DQK/5gF0QrMKT/Si2dP1rO700yF8Ci+dKREWHyEPeoito\n2N5usgkX8BdLOSUhOZNUJdP7oTgN5yCHszRO6PmAAirZmi04d2+eEBLpPhvsVFwh\n8NtEqvQhcdGOvQKCAQEA+6/CnA60xluGdFHXV8YRratxJ15slx2l7a+f5pfq3kPk\nVjklwQqSR/KLjvhHh2LA+mo1nepk9vNFuAbpp29orkOicR0eoD71KyREpX7Dfei+\nOJdUvsGnXPAfe7Roj6LcBPdW+V1OJl4TvzvbUOi8BgaoOf9Vm51sVSIk80w+zRgB\nJyZikE/xhGda3/8V9/ppkhmvzRGkoWMqvwfgnItWpgAmhWF1wnF9CaAax0LhwTNA\nAnhazpvuQCwFI55b0q21AhI75cpJUYx7j6DIvvGIRQJCp8ySvwCLvJoH3FceWBIN\nLl/UIAt7SRlkOI3ZfhSj0KngS0Dhg39aJYPtKc7WcQKCAQEA93fIiXElmENTGbfp\nm1C76pXPfA9pe+L2ZkChLqnwvmrIamUsLOW3Cot6oFNa1sDzv/yUV6AjqY5Bl8hq\n50DJdlPYxgfZNh3kAB/0T3LpM5Ed1l+GYk7ldAkRjN0xSSL+ncq1+U7t7Jno5+z/\n12pr/PgciD+rueYKD4pdfoEDp13kGaMK8PhFEWVZz9hWZiLWVXnotmahCIubUL1p\njnmEVev2v6g5GvNLXQwEi6KT0gHd4BPUNjnzrrwGXxQJne/gg+7VoayCsEqkOiZ2\npuYYWbDjaWTZDbum3dTwO4vt/W1JTRww4un2VbKg6ezuFjInbff0NaEcHSr0rwlU\nCZM4CQKCAQB70kJZ6FpDY+/H9iONSSKVYEzw42FlDu78+nQeTAr+gkQprz/Fst+4\nibjjA36dOpZaHDp4kEJPw+s+2BfHieXkJd4a7AqPJ6oSKWukR7MBlKlQyhKlLjya\nWoACqgTu9V5tCwo88Axsj8gDQv1o1rb59/h3YAjL4CzVzVCEabRTzkVy7016Vfop\n+3cX0DUMpKOffwegSdfGljUHemakXWCpllVdNU9r881iGORTt7G9DOumy3NRRiF2\nbLGyjkv6X/83H6VcLaLYfdakGKPqXIV//daxGtHvKeOVS+omGq4RAgB+GiMQCNYE\nZnuJ3y9q+diF5a01GJxZxyOgZUEeWmXhAoIBAQC6ZOt7r5EYGtWBrE38B1MhUT/j\nmJTO3x9wiqGvqJ+5ajCtZ2Zw1DL1qns1bi/cRc8967pS14jELYU7WSvLbJHpYIOj\nRukrcsTYrcyRr/0x4+4GEFHpxgX2tWKsZgnBPNkJzRq7iyo0fK+YuPAqV5Ch/s9X\n++xSuCivIRxxqZYL2ualDhp0cvzxThhJwwXHhEeazoKqkVeYHOQdqyeuqlza7woC\npL8+EyoVkQzoHt7fvkh9oMNFpMNSp0tnEjMvEnjGB9TkCjXTxdKXoyYZgV0I1WPV\njZprwWIO+OxmM3mjz22YTByHROvajfB1iaC2GXhU+tF3674LbgM8FIhp69tO\n-----END RSA PRIVATE KEY-----\n",
            "public_key_fingerprint_md5": "6d:53:06:a7:2f:14:3c:98:16:2d:60:c1:e2:6a:e4:81",
            "public_key_openssh": "ssh-rsa AAAAB3NzaC1yc2EAAAADAQABAAACAQD6huPKjyc1+o175FbDYL5beoq9zcM6zEludI2FgUzDmX7+gmy2YxXTqu/JwY3Q5qwSu25Drd4CsFKLoWbljvIhvrf9XPTOF0lJCdM9bRKhmbm0q9gUufGCUvNnahfJEhRw5/m6BuTFUR1PjD/xPegeUCgn9T0zEs01xxqB+Kw3/AJT3VRYaHa3OIBYTDzrDWejjM7L+R0fY9TwF7Z5ISynmbKFtb4TkO2OYsbUsUCZmIjJqWHB5ElVa6pb/Ucfxwzo3ptbexA7E44cuupXDFhXjYl8uiDv80OHGKhIJrUIcywJJ32bSEm66QRDNE1GhZA9PDlTBm7a6IJQCet5ro/zFbq5wX12fywbj7qoFk9aK4NrCtCP0Sg8iIwBOSL6KWuSTtCiONG6udYmQTfBvB88Cry0qdNk7rZZ7PdWKc4X+OUgeVnR2dBcOJCKqtArIk+o20qnV1cqcfgkzP8WblatW9Nn416YcmgteJNA5rVWvhQiOpFtmMjg7YXc8bT+zLl+9KQq4Ry7kK7iH8LR7CjIOXfuu3ghr/YAp3GkpMkv/IA4pDmTu6yw0SEm+GNSa9tWow74sjWOjp7Tqsj1zTezeHXvO1X5cX6tHT7rDTdlJk64zKhpyvghBZgodrEhuznkLoqwD6q3OoSJpDFOvJpD+at24XfrBUm0Crpei+f/bQ==\n",
            "public_key_pem": "-----BEGIN PUBLIC KEY-----\nMIICIjANBgkqhkiG9w0BAQEFAAOCAg8AMIICCgKCAgEA+objyo8nNfqNe+RWw2C+\nW3qKvc3DOsxJbnSNhYFMw5l+/oJstmMV06rvycGN0OasErtuQ63eArBSi6Fm5Y7y\nIb63/Vz0zhdJSQnTPW0SoZm5tKvYFLnxglLzZ2oXyRIUcOf5ugbkxVEdT4w/8T3o\nHlAoJ/U9MxLNNccagfisN/wCU91UWGh2tziAWEw86w1no4zOy/kdH2PU8Be2eSEs\np5myhbW+E5DtjmLG1LFAmZiIyalhweRJVWuqW/1HH8cM6N6bW3sQOxOOHLrqVwxY\nV42JfLog7/NDhxioSCa1CHMsCSd9m0hJuukEQzRNRoWQPTw5UwZu2uiCUAnrea6P\n8xW6ucF9dn8sG4+6qBZPWiuDawrQj9EoPIiMATki+ilrkk7QojjRurnWJkE3wbwf\nPAq8tKnTZO62Wez3VinOF/jlIHlZ0dnQXDiQiqrQKyJPqNtKp1dXKnH4JMz/Fm5W\nrVvTZ+NemHJoLXiTQOa1Vr4UIjqRbZjI4O2F3PG0/sy5fvSkKuEcu5Cu4h/C0ewo\nyDl37rt4Ia/2AKdxpKTJL/yAOKQ5k7ussNEhJvhjUmvbVqMO+LI1jo6e06rI9c03\ns3h17ztV+XF+rR0+6w03ZSZOuMyoacr4IQWYKHaxIbs55C6KsA+qtzqEiaQxTrya\nQ/mrduF36wVJtAq6Xovn/20CAwEAAQ==\n-----END PUBLIC KEY-----\n",
            "rsa_bits": 4096
          },
          "private": "bnVsbA=="
        }
      ]
    }
  ]
}
