{
  "version": 4,
  "terraform_version": "0.12.9",
  "serial": 759,
  "lineage": "306f0634-59bf-9f1e-2bd1-9d78ba6f5a47",
  "outputs": {
    "ConfigMap": {
      "value": "apiVersion: v1\nkind: ConfigMap\nmetadata:\n  name: aws-auth\n  namespace: kube-system\ndata:\n  mapRoles: |\n    - rolearn: arn:aws:iam::536969602909:role/eks-node-role\n      username: system:node:{{EC2PrivateDNSName}}\n      groups:\n        - system:bootstrappers\n        - system:nodes\n",
      "type": "string"
    },
    "key_name": {
      "value": "ambitious_key",
      "type": "string"
    },
    "kubectl_config": {
      "value": "apiVersion: v1\nclusters:\n- cluster:\n    server: https://29D6F937397F7D7AD831C64FFC2C84C0.yl4.us-east-1.eks.amazonaws.com\n    certificate-authority-data: LS0tLS1CRUdJTiBDRVJUSUZJQ0FURS0tLS0tCk1JSUN5RENDQWJDZ0F3SUJBZ0lCQURBTkJna3Foa2lHOXcwQkFRc0ZBREFWTVJNd0VRWURWUVFERXdwcmRXSmwKY201bGRHVnpNQjRYRFRJd01USXhNekE0TWpnME1sb1hEVE13TVRJeE1UQTRNamcwTWxvd0ZURVRNQkVHQTFVRQpBeE1LYTNWaVpYSnVaWFJsY3pDQ0FTSXdEUVlKS29aSWh2Y05BUUVCQlFBRGdnRVBBRENDQVFvQ2dnRUJBTEpqCk83WTJVVUlYOXdzSUJ0T3R4TGF6NXZUZDRpSWdqRUpZSFJuYWR6bWhpMEtDd3hDNkFxTmE5TFd5NGZzQm4rWmUKZE10b2t5Nml0anhPc1lnYmpXek5aSFE0MG04YndmbjdRZXRrUUZwWEpJRk5Jc3BNMkNueVBFeVNKeGhCU1lXNwpNcFhZREUrNnZiejhLdzdhS1JiUDV3ak9pSnNJUlY5cjNkOVB0TkVCQ0pkNFMvVFFzaERuVUtOQUhqMWlpUWw1Ci9wcWtLL0x4d1BmMkwvV0plak1DT0pqbWJqVGZEelNDcUZzckN2Y1VobS8yOGRDY1NKQWlhWitqa1I1Vlpmd08Kc1V3MEdXYWJINXNzdGYyZnpJVFV2MkpqMzJWVmpDa2lRQmI2cGwvUFZEVlgzcWR2TzdFRHF3UDJ6bVNxTlhhTApMaS9wSFJjaThyQWJ1SXM1akYwQ0F3RUFBYU1qTUNFd0RnWURWUjBQQVFIL0JBUURBZ0trTUE4R0ExVWRFd0VCCi93UUZNQU1CQWY4d0RRWUpLb1pJaHZjTkFRRUxCUUFEZ2dFQkFHTjVNSGJNMC9JcEtJbG8rZ1IvZU9OUkhpSnAKeHBqUTJIK25SQ1E4N0NiR2UvTko5WmRMNlcyaWFkb3dXTFdLdHhZNVZjVmc1d2tjcHVXNWFhais4NFR2Nkg2cQpoY1VwaWJOdUlDak9xRlNVaUhhczZocW9vS1pMVWNmREpSTGpVYUxFSHB5UHhxd0ppOHMvQlV3VmZUc3hlUms3CloxV0lDL3ZlcTRhdVVNUnNybVlmd3dnZDVTdzRVZldmRDFONkhVZzNzbWxKTlJIOWhjYjFFYmgzdEJiOTFadkQKZm1vUjIvVm5PcFdhTHdKZ3Nic3VDdTJBL0dhZWxScUR6dXFIZDlvcmEybWhUWkpFemJiZVlySXJERjNFcUVWeApSMUVUTHMyZnV1RVNxQVVPRkcvcDlLVFlpNW5hNlFZcHpzcVozNnRYYXA1bXljMFRIckhiMTNJSUdKOD0KLS0tLS1FTkQgQ0VSVElGSUNBVEUtLS0tLQo=\n  name: kubernetes\ncontexts:\n- context:\n    cluster: kubernetes\n    user: aws\n  name: aws\ncurrent-context: aws\nkind: Config\npreferences: {}\nusers:\n- name: aws\n  user:\n    exec:\n      apiVersion: client.authentication.k8s.io/v1alpha1\n      command: aws-iam-authenticator\n      args:\n        - \"token\"\n        - \"-i\"\n        - \"eks-dev-amb-cluster\"\n",
      "type": "string"
    },
    "private_key_file": {
      "value": "./ambitious_key.id_rsa",
      "type": "string"
    },
    "private_key_pem": {
      "value": "-----BEGIN RSA PRIVATE KEY-----\nMIIJKQIBAAKCAgEAv7ItvEwnQu1KTMJIb9ISgbTjPol93iZTxCHjyakmX0HGxBNF\nycGb+GivXORQcXbyno/ElpjCkltsJ7rmy6+4R+5TN+jYxd3VDafTKVNAEgQmFuXU\nPvBHDhcBusDZ/SepWTToeiSHtlIWI6ODPkHlP7pRXyvHHnJZnkW1r74CZy4xs7sQ\nraOIVsT76b0G2g3B99pEhgJ6aRykbdylzLxRxF4KyYrMgwy8GRhoBUvomCp7KQU5\nCjPyIYisKv7axWfOTJtWfHu9JgEtbgUb8qUqBLU4MoeuVlPEFLc8Yv1t4OkSQQbk\nrsYfqOnnGNfG8LsVfPC8PAAdc5CiQUGImHFAd2/2LwokpK4mxFQd7hBk+Yeq3rv8\nV6qCpiLx4Dl4rJsSXVkXXVAxpHVg8iJ5Ob206NBwQqM0izBLdyDb+25Cns6NXxEX\n9iykop+Z5gKziLgbkKpJv5rwQ3Rxuf5tXSIBOIG15RgTW1Tg2zUGUURFTIdY9yPD\nUckw1KPXgSZyw1uHCCr7HSoEB8YGtYG/WNVFRMM8tpDEJckGUIVRihl8y023g5Mz\nkYf17NoJzL1xFloyAbWA7Rrp1skdZvP7t/Z1QgZlUJb6p5OcJxe3WIg7cbSktlts\nYynN0EnXUzBw3rZjgnRZptKK+SnRqkt8PmHY6Nu3+gvGg6VJ9TatvbbvSxMCAwEA\nAQKCAgEAuKrPQFwkXmb1cqie24oF5gn5+F6/cGh/vavgIn7exlk5P95JFql6tX0z\noksX65Zo97ML8P/MQO3tbQCyIXpwDmtao7ueSE8BVZxc4ayfRjvU7a4OH2udJ8em\nFOB/n06754H+itvyGQNO7JoybqFQVWoJxaMIuR3zk3MYKerjqb5ohvoogP3O87fj\n7jH5Dcq/FyOfa3GrtuKuzF8JIggwxPjLb4hUp9J2yb4nRyLvONeDueqcHmYYVZGy\nOeE1o4HyzP2//T++4YO03g3x9HiD1/Ez6AmpOuSLOmGivMHjPg2JVjdryap3CWP7\nCoWj0niHpMrMqwh5VsD4beDR0/kV3cz9QI75uEm/ZDQNOjMkxNTUT/t1WAymGXTx\n6/J048/OVtfKzIOKSq32kmDXccyGhLvihpuOAu/A/7Ni8bbZUr/BUdZ/LsXYM+HW\n/BfYBrNnpWE+xW/2L0dD51sTNuMzEql/53iMW9whd7Lp01SOYS8hNtLuzs4XVQn1\nx1DjV+8l+BQQqqgth7KGbhK/AVFvAQb54g6VT/W1kI2peZL+cE2kuIkMUDNk9lj6\n9jyjfPKbNFWPJcyNyCGewmwLjm2gOk8VNDDQYE4xD0UyK2RDG1tZlToGxi6KPvo6\n3S25vJJPpF8s/u2u2C2lLq3DqWTSfpAqGHXS2Ux8zdFFrdXiF+ECggEBAPHEn8I6\n4xpUtFQkSxPreNUvXpBvTl/8agjOSXRyovUS/3Pgi3ZAanCISvxA6B4jBm69nRZ+\nss3C23gtGwgcjwO4e5OHBkWqWubLTbi2qnJtoeA03/5jnC3vud+LFASgmIxQH0lT\nyyvX7bLeUPcMwVQwvAikgRPfbKfYrj4m6+p8Rrbqu1BUjJ0G7E9YiMny0tvUG0wQ\nByJ74oNqoirJ5BW6i5YRXz3zIPGTh8fmzVbM46QJa3R1za/sU2w2Y00gMI5OBWsv\n6bGmnMMlTXXpOyYyc9wPU5jE79JAo5LZb1Zd4OB/iOIesuZktWc350c+A2EHS1er\npRLZ2+tx5D1SDlsCggEBAMr6+6Z+7fr6SXe99MNnCXYd9a5dGgWCiUtgMHrhiOEV\nngS89ixoK9V/INBc6ly4U9O7WK9s8/V9ilv6hx6qTws7EJj7JSmvM4tyHJqljn/A\nd+vfyuFMFCSKGX31zDs0iGOt9iwXj2mGtd/E04Sk28F9T2+7EQwZholefT3X2lGL\nUHfpwKyN1ZVeeQcCmbUMpIArAka936ArHWyTyttsBNO3GkUDy8ypgmbSk9ot1f4V\nHoTvcaSOqkYRPtMxAoVxrf1icxIljMzcNS1WfbeWYIGYwRu4HbZzhZRUhWTYEYVb\nvNCYtBJpaYv+fhrDU22iCyeHwASlQetBWmHevsmmQ6kCggEAR0aZdtCXjXa1Zyz/\n+VJtYCRD877s0z1+ITR30V3OjwPXzdjAJM+e0ahMuwuDowbeaZ17B1u46RJuU4Kw\nunZ47zbfL8IZ5kXv4KTFOBSaMXwCwi+0bbH+JEjNeortDuQttQgWAS8z8awKBram\nFf9rq59mgAHHkA1JYj5uOCKPYKTc0CZprKgQgGa/GjFWunrdETP6DDWZdOAjCm1Q\ne97jYEiLyGU8t+3Ko43D9PolRVbIMd8ZD89/IUNB4OAz7FP2HK4ByPTqJ5agFqQT\nrxRgfMVZBOJ72ckNjuXBk5SIz2SD3Iuc1lUIlwXPuStxAr7UjjFxU9ployYZQNNl\n33ImiwKCAQEAqLNi1iVmm5LL3uaU+Ja5iV8rI0kj6HJus6P1hxvNzO1PkTaQD6Zg\n0CfB2QtwibF1kmOCOQL/3AgEJ6AYD0eTPI1RpSQO5g9EcuBbn7h7r/gCc5tjnk7B\n6wCQYV0Z6hcmSFp8YHcQba9Vl+6ZsgPm1XDVxdIfQAQzChbrVqwBOobkUVWJGqEj\nY+rKAiaKI6ynSBL26F7E7vUGlohbMHUdqezju3qFNsunotffpJU15uAcpnXv6Mne\nATAyHAr+wnQSHKdnZiypUlavJ8hb4mrsOKoBzYz/vPVUj0yUNZVTMphlXKWd/DN6\nUq0omAvBWjw0sx0jXXkQSXvep7serLAwSQKCAQAUKH1D1z8mNO/C2V49EWayMsxg\nu59hQu1XYiXPCU4ND7RLRcDfnYuzVEGL4kZ4X0jkF4pypArnUuaNqBJQuyALBW+v\n8YYbuuFGqd5HTrIUcjx11GE1oOFJaDQr7Y0xopPTQLcZALpvrBJLyIqpQNdJLpfU\n9jD5v+SH12pD5VVJ6Pe+TleAFkKVmzoDhQ+WsZv17bF3f/729LkS/Bf7e5+RHEJn\nINGTYnfffdZKfavP77K4KBFn15QSk8GVd1nUTYJ+5GuoSintZLKJg0O+kGuOGKVK\nAP5AOrHf/AOjXoADnl0SpM0swJPAVfOPWLUKVPZB0VoWrlLvk6xQ7mvP2Zeb\n-----END RSA PRIVATE KEY-----\n",
      "type": "string"
    },
    "public_key_file": {
      "value": "./ambitious_key.id_rsa.pub",
      "type": "string"
    },
    "public_key_openssh": {
      "value": "ssh-rsa AAAAB3NzaC1yc2EAAAADAQABAAACAQC/si28TCdC7UpMwkhv0hKBtOM+iX3eJlPEIePJqSZfQcbEE0XJwZv4aK9c5FBxdvKej8SWmMKSW2wnuubLr7hH7lM36NjF3dUNp9MpU0ASBCYW5dQ+8EcOFwG6wNn9J6lZNOh6JIe2UhYjo4M+QeU/ulFfK8ceclmeRbWvvgJnLjGzuxCto4hWxPvpvQbaDcH32kSGAnppHKRt3KXMvFHEXgrJisyDDLwZGGgFS+iYKnspBTkKM/IhiKwq/trFZ85Mm1Z8e70mAS1uBRvypSoEtTgyh65WU8QUtzxi/W3g6RJBBuSuxh+o6ecY18bwuxV88Lw8AB1zkKJBQYiYcUB3b/YvCiSkribEVB3uEGT5h6reu/xXqoKmIvHgOXismxJdWRddUDGkdWDyInk5vbTo0HBCozSLMEt3INv7bkKezo1fERf2LKSin5nmArOIuBuQqkm/mvBDdHG5/m1dIgE4gbXlGBNbVODbNQZRREVMh1j3I8NRyTDUo9eBJnLDW4cIKvsdKgQHxga1gb9Y1UVEwzy2kMQlyQZQhVGKGXzLTbeDkzORh/Xs2gnMvXEWWjIBtYDtGunWyR1m8/u39nVCBmVQlvqnk5wnF7dYiDtxtKS2W2xjKc3QSddTMHDetmOCdFmm0or5KdGqS3w+Ydjo27f6C8aDpUn1Nq29tu9LEw==\n",
      "type": "string"
    }
  },
  "resources": [
    {
      "mode": "data",
      "type": "aws_ami",
      "name": "eks-gpu-node",
      "provider": "provider.aws",
      "instances": [
        {
          "schema_version": 0,
          "attributes": {
            "architecture": "x86_64",
            "arn": "arn:aws:ec2:us-east-1::image/ami-0aafbe0b3165f511f",
            "block_device_mappings": [
              {
                "device_name": "/dev/xvda",
                "ebs": {
                  "delete_on_termination": "true",
                  "encrypted": "false",
                  "iops": "0",
                  "snapshot_id": "snap-0e76d38c580ad0edd",
                  "volume_size": "20",
                  "volume_type": "gp2"
                },
                "no_device": "",
                "virtual_name": ""
              }
            ],
            "creation_date": "2020-11-26T05:22:29.000Z",
            "description": "EKS Kubernetes Worker AMI for Machine Learning Accelerated Workloads on AmazonLinux2 image (k8s: 1.18.9, docker:19.03.6ce-4.amzn2)",
            "executable_users": null,
            "filter": [
              {
                "name": "name",
                "values": [
                  "amazon-eks-gpu-node-1.18-*"
                ]
              }
            ],
            "hypervisor": "xen",
            "id": "ami-0aafbe0b3165f511f",
            "image_id": "ami-0aafbe0b3165f511f",
            "image_location": "amazon/amazon-eks-gpu-node-1.18-v20201126",
            "image_owner_alias": "amazon",
            "image_type": "machine",
            "kernel_id": null,
            "most_recent": true,
            "name": "amazon-eks-gpu-node-1.18-v20201126",
            "name_regex": null,
            "owner_id": "602401143452",
            "owners": [
              "amazon"
            ],
            "platform": null,
            "product_codes": [],
            "public": true,
            "ramdisk_id": null,
            "root_device_name": "/dev/xvda",
            "root_device_type": "ebs",
            "root_snapshot_id": "snap-0e76d38c580ad0edd",
            "sriov_net_support": "simple",
            "state": "available",
            "state_reason": {
              "code": "UNSET",
              "message": "UNSET"
            },
            "tags": {},
            "virtualization_type": "hvm"
          }
        }
      ]
    },
    {
      "mode": "data",
      "type": "aws_ami",
      "name": "eks-node",
      "provider": "provider.aws",
      "instances": [
        {
          "schema_version": 0,
          "attributes": {
            "architecture": "x86_64",
            "arn": "arn:aws:ec2:us-east-1::image/ami-0f4cae6ae56be18ee",
            "block_device_mappings": [
              {
                "device_name": "/dev/xvda",
                "ebs": {
                  "delete_on_termination": "true",
                  "encrypted": "false",
                  "iops": "0",
                  "snapshot_id": "snap-08b4bb5a910383605",
                  "volume_size": "20",
                  "volume_type": "gp2"
                },
                "no_device": "",
                "virtual_name": ""
              }
            ],
            "creation_date": "2020-11-26T05:11:52.000Z",
            "description": "EKS Kubernetes Worker AMI with AmazonLinux2 image, (k8s: 1.18.9, docker:19.03.6ce-4.amzn2)",
            "executable_users": null,
            "filter": [
              {
                "name": "name",
                "values": [
                  "amazon-eks-node-1.18-*"
                ]
              }
            ],
            "hypervisor": "xen",
            "id": "ami-0f4cae6ae56be18ee",
            "image_id": "ami-0f4cae6ae56be18ee",
            "image_location": "amazon/amazon-eks-node-1.18-v20201126",
            "image_owner_alias": "amazon",
            "image_type": "machine",
            "kernel_id": null,
            "most_recent": true,
            "name": "amazon-eks-node-1.18-v20201126",
            "name_regex": null,
            "owner_id": "602401143452",
            "owners": [
              "amazon"
            ],
            "platform": null,
            "product_codes": [],
            "public": true,
            "ramdisk_id": null,
            "root_device_name": "/dev/xvda",
            "root_device_type": "ebs",
            "root_snapshot_id": "snap-08b4bb5a910383605",
            "sriov_net_support": "simple",
            "state": "available",
            "state_reason": {
              "code": "UNSET",
              "message": "UNSET"
            },
            "tags": {},
            "virtualization_type": "hvm"
          }
        }
      ]
    },
    {
      "mode": "data",
      "type": "aws_availability_zones",
      "name": "available",
      "provider": "provider.aws",
      "instances": [
        {
          "schema_version": 0,
          "attributes": {
            "all_availability_zones": null,
            "exclude_names": null,
            "exclude_zone_ids": null,
            "filter": null,
            "group_names": [
              "us-east-1"
            ],
            "id": "2020-12-13 08:19:08.910432 +0000 UTC",
            "names": [
              "us-east-1a",
              "us-east-1b",
              "us-east-1c",
              "us-east-1d",
              "us-east-1e",
              "us-east-1f"
            ],
            "state": null,
            "zone_ids": [
              "use1-az4",
              "use1-az6",
              "use1-az1",
              "use1-az2",
              "use1-az3",
              "use1-az5"
            ]
          }
        }
      ]
    },
    {
      "mode": "data",
      "type": "aws_iam_policy_document",
      "name": "ingress-alb-policy",
      "provider": "provider.aws",
      "instances": [
        {
          "schema_version": 0,
          "attributes": {
            "id": "2808993827",
            "json": "{\n  \"Version\": \"2012-10-17\",\n  \"Statement\": [\n    {\n      \"Sid\": \"\",\n      \"Effect\": \"Allow\",\n      \"Action\": \"sts:AssumeRole\",\n      \"Principal\": {\n        \"Service\": \"ec2.amazonaws.com\"\n      }\n    },\n    {\n      \"Sid\": \"\",\n      \"Effect\": \"Allow\",\n      \"Action\": \"sts:AssumeRole\",\n      \"Principal\": {\n        \"AWS\": \"arn:aws:iam::536969602909:role/eks-node-role\"\n      }\n    }\n  ]\n}",
            "override_json": null,
            "policy_id": null,
            "source_json": null,
            "statement": [
              {
                "actions": [
                  "sts:AssumeRole"
                ],
                "condition": [],
                "effect": "Allow",
                "not_actions": [],
                "not_principals": [],
                "not_resources": [],
                "principals": [
                  {
                    "identifiers": [
                      "ec2.amazonaws.com"
                    ],
                    "type": "Service"
                  }
                ],
                "resources": [],
                "sid": ""
              },
              {
                "actions": [
                  "sts:AssumeRole"
                ],
                "condition": [],
                "effect": "Allow",
                "not_actions": [],
                "not_principals": [],
                "not_resources": [],
                "principals": [
                  {
                    "identifiers": [
                      "arn:aws:iam::536969602909:role/eks-node-role"
                    ],
                    "type": "AWS"
                  }
                ],
                "resources": [],
                "sid": ""
              }
            ],
            "version": "2012-10-17"
          },
          "depends_on": [
            "aws_iam_role.eks-node-role"
          ]
        }
      ]
    },
    {
      "mode": "data",
      "type": "aws_iam_policy_document",
      "name": "route53-externaldns-policy",
      "provider": "provider.aws",
      "instances": [
        {
          "schema_version": 0,
          "attributes": {
            "id": "2808993827",
            "json": "{\n  \"Version\": \"2012-10-17\",\n  \"Statement\": [\n    {\n      \"Sid\": \"\",\n      \"Effect\": \"Allow\",\n      \"Action\": \"sts:AssumeRole\",\n      \"Principal\": {\n        \"Service\": \"ec2.amazonaws.com\"\n      }\n    },\n    {\n      \"Sid\": \"\",\n      \"Effect\": \"Allow\",\n      \"Action\": \"sts:AssumeRole\",\n      \"Principal\": {\n        \"AWS\": \"arn:aws:iam::536969602909:role/eks-node-role\"\n      }\n    }\n  ]\n}",
            "override_json": null,
            "policy_id": null,
            "source_json": null,
            "statement": [
              {
                "actions": [
                  "sts:AssumeRole"
                ],
                "condition": [],
                "effect": "Allow",
                "not_actions": [],
                "not_principals": [],
                "not_resources": [],
                "principals": [
                  {
                    "identifiers": [
                      "ec2.amazonaws.com"
                    ],
                    "type": "Service"
                  }
                ],
                "resources": [],
                "sid": ""
              },
              {
                "actions": [
                  "sts:AssumeRole"
                ],
                "condition": [],
                "effect": "Allow",
                "not_actions": [],
                "not_principals": [],
                "not_resources": [],
                "principals": [
                  {
                    "identifiers": [
                      "arn:aws:iam::536969602909:role/eks-node-role"
                    ],
                    "type": "AWS"
                  }
                ],
                "resources": [],
                "sid": ""
              }
            ],
            "version": "2012-10-17"
          },
          "depends_on": [
            "aws_iam_role.eks-node-role"
          ]
        }
      ]
    },
    {
      "mode": "managed",
      "type": "aws_autoscaling_group",
      "name": "eks-asg",
      "provider": "provider.aws",
      "instances": [
        {
          "schema_version": 0,
          "attributes": {
            "arn": "arn:aws:autoscaling:us-east-1:536969602909:autoScalingGroup:dec6e49e-01b9-4077-bfe3-9631aa83d5be:autoScalingGroupName/EKS cluster nodes",
            "availability_zones": [
              "us-east-1a",
              "us-east-1b",
              "us-east-1c"
            ],
            "default_cooldown": 300,
            "desired_capacity": 3,
            "enabled_metrics": null,
            "force_delete": false,
            "health_check_grace_period": 300,
            "health_check_type": "EC2",
            "id": "EKS cluster nodes",
            "initial_lifecycle_hook": [],
            "launch_configuration": "eks-node20201213083350121200000009",
            "launch_template": [],
            "load_balancers": null,
            "max_instance_lifetime": 0,
            "max_size": 3,
            "metrics_granularity": "1Minute",
            "min_elb_capacity": null,
            "min_size": 3,
            "mixed_instances_policy": [],
            "name": "EKS cluster nodes",
            "name_prefix": null,
            "placement_group": "",
            "protect_from_scale_in": false,
            "service_linked_role_arn": "arn:aws:iam::536969602909:role/aws-service-role/autoscaling.amazonaws.com/AWSServiceRoleForAutoScaling",
            "suspended_processes": null,
            "tag": [
              {
                "key": "Environment",
                "propagate_at_launch": true,
                "value": "dev"
              },
              {
                "key": "Name",
                "propagate_at_launch": true,
                "value": "eks-dev-nodes"
              },
              {
                "key": "Project",
                "propagate_at_launch": true,
                "value": "eks"
              },
              {
                "key": "Terraform",
                "propagate_at_launch": true,
                "value": "true"
              },
              {
                "key": "kubernetes.io/cluster/eks-dev-amb-cluster",
                "propagate_at_launch": true,
                "value": "owned"
              }
            ],
            "tags": null,
            "target_group_arns": null,
            "termination_policies": null,
            "timeouts": null,
            "vpc_zone_identifier": [
              "subnet-031fea37434c6d2ba",
              "subnet-05edcdafe639a593c",
              "subnet-08aaaf4aff90aa154"
            ],
            "wait_for_capacity_timeout": "10m",
            "wait_for_elb_capacity": null
          },
          "private": "eyJlMmJmYjczMC1lY2FhLTExZTYtOGY4OC0zNDM2M2JjN2M0YzAiOnsiZGVsZXRlIjo2MDAwMDAwMDAwMDB9fQ==",
          "depends_on": [
            "aws_launch_configuration.eks-lc",
            "aws_subnet.subnet"
          ]
        }
      ]
    },
    {
      "mode": "managed",
      "type": "aws_db_instance",
      "name": "ambitious-db",
      "provider": "provider.aws",
      "instances": [
        {
          "schema_version": 1,
          "attributes": {
            "address": "ambitious-db.cjgaxykqszj0.us-east-1.rds.amazonaws.com",
            "allocated_storage": 20,
            "allow_major_version_upgrade": null,
            "apply_immediately": null,
            "arn": "arn:aws:rds:us-east-1:536969602909:db:ambitious-db",
            "auto_minor_version_upgrade": true,
            "availability_zone": "us-east-1c",
            "backup_retention_period": 0,
            "backup_window": "03:59-04:29",
            "ca_cert_identifier": "rds-ca-2019",
            "character_set_name": null,
            "copy_tags_to_snapshot": false,
            "db_subnet_group_name": "private-db",
            "delete_automated_backups": true,
            "deletion_protection": false,
            "domain": "",
            "domain_iam_role_name": "",
            "enabled_cloudwatch_logs_exports": null,
            "endpoint": "ambitious-db.cjgaxykqszj0.us-east-1.rds.amazonaws.com:3306",
            "engine": "mysql",
            "engine_version": "8.0.21",
            "final_snapshot_identifier": null,
            "hosted_zone_id": "Z2R2ITUGPM61AM",
            "iam_database_authentication_enabled": false,
            "id": "ambitious-db",
            "identifier": "ambitious-db",
            "identifier_prefix": null,
            "instance_class": "db.t3.micro",
            "iops": 0,
            "kms_key_id": "",
            "license_model": "general-public-license",
            "maintenance_window": "wed:09:53-wed:10:23",
            "max_allocated_storage": 0,
            "monitoring_interval": 0,
            "monitoring_role_arn": "",
            "multi_az": false,
            "name": "ambitious",
            "option_group_name": "default:mysql-8-0",
            "parameter_group_name": "default.mysql8.0",
            "password": "base0210",
            "performance_insights_enabled": false,
            "performance_insights_kms_key_id": "",
            "performance_insights_retention_period": 0,
            "port": 3306,
            "publicly_accessible": false,
            "replicas": [],
            "replicate_source_db": "",
            "resource_id": "db-EQ2CIUHRBM2UBNNQAKLZJLKYPU",
            "s3_import": [],
            "security_group_names": null,
            "skip_final_snapshot": true,
            "snapshot_identifier": null,
            "status": "available",
            "storage_encrypted": false,
            "storage_type": "gp2",
            "tags": null,
            "timeouts": null,
            "timezone": "",
            "username": "moizumi",
            "vpc_security_group_ids": [
              "sg-0dc85db1a80174be5"
            ]
          },
          "private": "eyJlMmJmYjczMC1lY2FhLTExZTYtOGY4OC0zNDM2M2JjN2M0YzAiOnsiY3JlYXRlIjoyNDAwMDAwMDAwMDAwLCJkZWxldGUiOjI0MDAwMDAwMDAwMDAsInVwZGF0ZSI6NDgwMDAwMDAwMDAwMH0sInNjaGVtYV92ZXJzaW9uIjoiMSJ9",
          "depends_on": [
            "aws_db_subnet_group.private-db",
            "aws_security_group.private-db-sg"
          ]
        }
      ]
    },
    {
      "mode": "managed",
      "type": "aws_db_parameter_group",
      "name": "default",
      "provider": "provider.aws",
      "instances": [
        {
          "schema_version": 0,
          "attributes": {
            "arn": "arn:aws:rds:us-east-1:536969602909:pg:rds-pg",
            "description": "Managed by Terraform",
            "family": "mysql5.6",
            "id": "rds-pg",
            "name": "rds-pg",
            "name_prefix": null,
            "parameter": [
              {
                "apply_method": "immediate",
                "name": "time_zone",
                "value": "Asia/Tokyo"
              }
            ],
            "tags": null
          },
          "private": "bnVsbA=="
        }
      ]
    },
    {
      "mode": "managed",
      "type": "aws_db_subnet_group",
      "name": "private-db",
      "provider": "provider.aws",
      "instances": [
        {
          "schema_version": 0,
          "attributes": {
            "arn": "arn:aws:rds:us-east-1:536969602909:subgrp:private-db",
            "description": "Managed by Terraform",
            "id": "private-db",
            "name": "private-db",
            "name_prefix": null,
            "subnet_ids": [
              "subnet-031fea37434c6d2ba",
              "subnet-05edcdafe639a593c",
              "subnet-08aaaf4aff90aa154"
            ],
            "tags": {
              "Name": "private-db"
            }
          },
          "private": "bnVsbA==",
          "depends_on": [
            "aws_subnet.subnet"
          ]
        }
      ]
    },
    {
      "mode": "managed",
      "type": "aws_eks_cluster",
      "name": "eks-cluster",
      "provider": "provider.aws",
      "instances": [
        {
          "schema_version": 0,
          "attributes": {
            "arn": "arn:aws:eks:us-east-1:536969602909:cluster/eks-dev-amb-cluster",
            "certificate_authority": [
              {
                "data": "LS0tLS1CRUdJTiBDRVJUSUZJQ0FURS0tLS0tCk1JSUN5RENDQWJDZ0F3SUJBZ0lCQURBTkJna3Foa2lHOXcwQkFRc0ZBREFWTVJNd0VRWURWUVFERXdwcmRXSmwKY201bGRHVnpNQjRYRFRJd01USXhNekE0TWpnME1sb1hEVE13TVRJeE1UQTRNamcwTWxvd0ZURVRNQkVHQTFVRQpBeE1LYTNWaVpYSnVaWFJsY3pDQ0FTSXdEUVlKS29aSWh2Y05BUUVCQlFBRGdnRVBBRENDQVFvQ2dnRUJBTEpqCk83WTJVVUlYOXdzSUJ0T3R4TGF6NXZUZDRpSWdqRUpZSFJuYWR6bWhpMEtDd3hDNkFxTmE5TFd5NGZzQm4rWmUKZE10b2t5Nml0anhPc1lnYmpXek5aSFE0MG04YndmbjdRZXRrUUZwWEpJRk5Jc3BNMkNueVBFeVNKeGhCU1lXNwpNcFhZREUrNnZiejhLdzdhS1JiUDV3ak9pSnNJUlY5cjNkOVB0TkVCQ0pkNFMvVFFzaERuVUtOQUhqMWlpUWw1Ci9wcWtLL0x4d1BmMkwvV0plak1DT0pqbWJqVGZEelNDcUZzckN2Y1VobS8yOGRDY1NKQWlhWitqa1I1Vlpmd08Kc1V3MEdXYWJINXNzdGYyZnpJVFV2MkpqMzJWVmpDa2lRQmI2cGwvUFZEVlgzcWR2TzdFRHF3UDJ6bVNxTlhhTApMaS9wSFJjaThyQWJ1SXM1akYwQ0F3RUFBYU1qTUNFd0RnWURWUjBQQVFIL0JBUURBZ0trTUE4R0ExVWRFd0VCCi93UUZNQU1CQWY4d0RRWUpLb1pJaHZjTkFRRUxCUUFEZ2dFQkFHTjVNSGJNMC9JcEtJbG8rZ1IvZU9OUkhpSnAKeHBqUTJIK25SQ1E4N0NiR2UvTko5WmRMNlcyaWFkb3dXTFdLdHhZNVZjVmc1d2tjcHVXNWFhais4NFR2Nkg2cQpoY1VwaWJOdUlDak9xRlNVaUhhczZocW9vS1pMVWNmREpSTGpVYUxFSHB5UHhxd0ppOHMvQlV3VmZUc3hlUms3CloxV0lDL3ZlcTRhdVVNUnNybVlmd3dnZDVTdzRVZldmRDFONkhVZzNzbWxKTlJIOWhjYjFFYmgzdEJiOTFadkQKZm1vUjIvVm5PcFdhTHdKZ3Nic3VDdTJBL0dhZWxScUR6dXFIZDlvcmEybWhUWkpFemJiZVlySXJERjNFcUVWeApSMUVUTHMyZnV1RVNxQVVPRkcvcDlLVFlpNW5hNlFZcHpzcVozNnRYYXA1bXljMFRIckhiMTNJSUdKOD0KLS0tLS1FTkQgQ0VSVElGSUNBVEUtLS0tLQo="
              }
            ],
            "created_at": "2020-12-13 08:20:01 +0000 UTC",
            "enabled_cluster_log_types": null,
            "encryption_config": [],
            "endpoint": "https://29D6F937397F7D7AD831C64FFC2C84C0.yl4.us-east-1.eks.amazonaws.com",
            "id": "eks-dev-amb-cluster",
            "identity": [
              {
                "oidc": [
                  {
                    "issuer": "https://oidc.eks.us-east-1.amazonaws.com/id/29D6F937397F7D7AD831C64FFC2C84C0"
                  }
                ]
              }
            ],
            "name": "eks-dev-amb-cluster",
            "platform_version": "eks.3",
            "role_arn": "arn:aws:iam::536969602909:role/eks-master-role",
            "status": "ACTIVE",
            "tags": null,
            "timeouts": null,
            "version": "1.18",
            "vpc_config": [
              {
                "cluster_security_group_id": "sg-0eb037d74b0cc8045",
                "endpoint_private_access": false,
                "endpoint_public_access": true,
                "public_access_cidrs": [
                  "0.0.0.0/0"
                ],
                "security_group_ids": [
                  "sg-00ec8d9a053fae30f"
                ],
                "subnet_ids": [
                  "subnet-031fea37434c6d2ba",
                  "subnet-05edcdafe639a593c",
                  "subnet-08aaaf4aff90aa154"
                ],
                "vpc_id": "vpc-0faedc80ecfb6cc18"
              }
            ]
          },
          "private": "eyJlMmJmYjczMC1lY2FhLTExZTYtOGY4OC0zNDM2M2JjN2M0YzAiOnsiY3JlYXRlIjoxODAwMDAwMDAwMDAwLCJkZWxldGUiOjkwMDAwMDAwMDAwMCwidXBkYXRlIjozNjAwMDAwMDAwMDAwfX0=",
          "depends_on": [
            "aws_iam_role.eks-master-role",
            "aws_iam_role_policy_attachment.eks-cluster-policy",
            "aws_iam_role_policy_attachment.eks-service-policy",
            "aws_security_group.cluster-master",
            "aws_subnet.subnet"
          ]
        }
      ]
    },
    {
      "mode": "managed",
      "type": "aws_eks_node_group",
      "name": "eks-cluster-node-group",
      "provider": "provider.aws",
      "instances": [
        {
          "schema_version": 0,
          "attributes": {
            "ami_type": "AL2_x86_64",
            "arn": "arn:aws:eks:us-east-1:536969602909:nodegroup/eks-dev-amb-cluster/eks-cluster-node-group/04bb2d9e-0225-f44f-dd3c-cac06994d957",
            "cluster_name": "eks-dev-amb-cluster",
            "disk_size": 20,
            "force_update_version": null,
            "id": "eks-dev-amb-cluster:eks-cluster-node-group",
            "instance_types": [
              "t3.medium"
            ],
            "labels": null,
            "node_group_name": "eks-cluster-node-group",
            "node_role_arn": "arn:aws:iam::536969602909:role/eks-node-role",
            "release_version": "1.18.9-20201126",
            "remote_access": [],
            "resources": [
              {
                "autoscaling_groups": [
                  {
                    "name": "eks-04bb2d9e-0225-f44f-dd3c-cac06994d957"
                  }
                ],
                "remote_access_security_group_id": ""
              }
            ],
            "scaling_config": [
              {
                "desired_size": 1,
                "max_size": 1,
                "min_size": 1
              }
            ],
            "status": "ACTIVE",
            "subnet_ids": [
              "subnet-031fea37434c6d2ba",
              "subnet-05edcdafe639a593c",
              "subnet-08aaaf4aff90aa154"
            ],
            "tags": null,
            "timeouts": null,
            "version": "1.18"
          },
          "private": "eyJlMmJmYjczMC1lY2FhLTExZTYtOGY4OC0zNDM2M2JjN2M0YzAiOnsiY3JlYXRlIjozNjAwMDAwMDAwMDAwLCJkZWxldGUiOjM2MDAwMDAwMDAwMDAsInVwZGF0ZSI6MzYwMDAwMDAwMDAwMH19",
          "depends_on": [
            "aws_eks_cluster.eks-cluster",
            "aws_iam_role.eks-node-role",
            "aws_subnet.subnet"
          ]
        }
      ]
    },
    {
      "mode": "managed",
      "type": "aws_iam_instance_profile",
      "name": "eks-node-role-profile",
      "provider": "provider.aws",
      "instances": [
        {
          "schema_version": 0,
          "attributes": {
            "arn": "arn:aws:iam::536969602909:instance-profile/eks-node-role-profile",
            "create_date": "2020-12-13T08:19:39Z",
            "id": "eks-node-role-profile",
            "name": "eks-node-role-profile",
            "name_prefix": null,
            "path": "/",
            "role": "eks-node-role",
            "unique_id": "AIPAX2BPB45O6ZUVOAJA2"
          },
          "private": "bnVsbA==",
          "depends_on": [
            "aws_iam_role.eks-node-role"
          ]
        }
      ]
    },
    {
      "mode": "managed",
      "type": "aws_iam_policy",
      "name": "ingress-iam-policy",
      "provider": "provider.aws",
      "instances": [
        {
          "schema_version": 0,
          "attributes": {
            "arn": "arn:aws:iam::536969602909:policy/ingress-iam-policy",
            "description": "",
            "id": "arn:aws:iam::536969602909:policy/ingress-iam-policy",
            "name": "ingress-iam-policy",
            "name_prefix": null,
            "path": "/",
            "policy": "{\n  \"Version\": \"2012-10-17\",\n  \"Statement\": [\n    {\n      \"Effect\": \"Allow\",\n      \"Action\": [\n        \"acm:DescribeCertificate\",\n        \"acm:ListCertificates\",\n        \"acm:GetCertificate\"\n      ],\n      \"Resource\": \"*\"\n    },\n    {\n      \"Effect\": \"Allow\",\n      \"Action\": [\n        \"ec2:AuthorizeSecurityGroupIngress\",\n        \"ec2:CreateSecurityGroup\",\n        \"ec2:CreateTags\",\n        \"ec2:DeleteTags\",\n        \"ec2:DeleteSecurityGroup\",\n        \"ec2:DescribeInstances\",\n        \"ec2:DescribeInstanceStatus\",\n        \"ec2:DescribeSecurityGroups\",\n        \"ec2:DescribeSubnets\",\n        \"ec2:DescribeTags\",\n        \"ec2:DescribeVpcs\",\n        \"ec2:ModifyInstanceAttribute\",\n        \"ec2:ModifyNetworkInterfaceAttribute\",\n        \"ec2:RevokeSecurityGroupIngress\"\n      ],\n      \"Resource\": \"*\"\n    },\n    {\n      \"Effect\": \"Allow\",\n      \"Action\": [\n        \"elasticloadbalancing:AddTags\",\n        \"elasticloadbalancing:CreateListener\",\n        \"elasticloadbalancing:CreateLoadBalancer\",\n        \"elasticloadbalancing:CreateRule\",\n        \"elasticloadbalancing:CreateTargetGroup\",\n        \"elasticloadbalancing:DeleteListener\",\n        \"elasticloadbalancing:DeleteLoadBalancer\",\n        \"elasticloadbalancing:DeleteRule\",\n        \"elasticloadbalancing:DeleteTargetGroup\",\n        \"elasticloadbalancing:DeregisterTargets\",\n        \"elasticloadbalancing:DescribeListeners\",\n        \"elasticloadbalancing:DescribeLoadBalancers\",\n        \"elasticloadbalancing:DescribeLoadBalancerAttributes\",\n        \"elasticloadbalancing:DescribeRules\",\n        \"elasticloadbalancing:DescribeSSLPolicies\",\n        \"elasticloadbalancing:DescribeTags\",\n        \"elasticloadbalancing:DescribeTargetGroups\",\n        \"elasticloadbalancing:DescribeTargetGroupAttributes\",\n        \"elasticloadbalancing:DescribeTargetHealth\",\n        \"elasticloadbalancing:ModifyListener\",\n        \"elasticloadbalancing:ModifyLoadBalancerAttributes\",\n        \"elasticloadbalancing:ModifyRule\",\n        \"elasticloadbalancing:ModifyTargetGroup\",\n        \"elasticloadbalancing:ModifyTargetGroupAttributes\",\n        \"elasticloadbalancing:RegisterTargets\",\n        \"elasticloadbalancing:RemoveTags\",\n        \"elasticloadbalancing:SetIpAddressType\",\n        \"elasticloadbalancing:SetSecurityGroups\",\n        \"elasticloadbalancing:SetSubnets\",\n        \"elasticloadbalancing:SetWebACL\"\n      ],\n      \"Resource\": \"*\"\n    },\n    {\n      \"Effect\": \"Allow\",\n      \"Action\": [\n        \"iam:GetServerCertificate\",\n        \"iam:ListServerCertificates\"\n      ],\n      \"Resource\": \"*\"\n    },\n    {\n      \"Effect\": \"Allow\",\n      \"Action\": [\n        \"waf-regional:GetWebACLForResource\",\n        \"waf-regional:GetWebACL\",\n        \"waf-regional:AssociateWebACL\",\n        \"waf-regional:DisassociateWebACL\"\n      ],\n      \"Resource\": \"*\"\n    },\n    {\n      \"Effect\": \"Allow\",\n      \"Action\": [\n        \"tag:GetResources\",\n        \"tag:TagResources\"\n      ],\n      \"Resource\": \"*\"\n    },\n    {\n      \"Effect\": \"Allow\",\n      \"Action\": [\n        \"waf:GetWebACL\"\n      ],\n      \"Resource\": \"*\"\n    }\n  ]\n}\n"
          },
          "private": "bnVsbA=="
        }
      ]
    },
    {
      "mode": "managed",
      "type": "aws_iam_policy",
      "name": "route53-external-policy",
      "provider": "provider.aws",
      "instances": [
        {
          "schema_version": 0,
          "attributes": {
            "arn": "arn:aws:iam::536969602909:policy/route53-external-policy",
            "description": "",
            "id": "arn:aws:iam::536969602909:policy/route53-external-policy",
            "name": "route53-external-policy",
            "name_prefix": null,
            "path": "/",
            "policy": "{\n  \"Version\": \"2012-10-17\",\n  \"Statement\": [\n    {\n      \"Effect\": \"Allow\",\n      \"Action\": [\n        \"route53:ChangeResourceRecordSets\"\n      ],\n      \"Resource\": [\n        \"arn:aws:route53:::hostedzone/*\"\n      ]\n    },\n    {\n      \"Effect\": \"Allow\",\n      \"Action\": [\n        \"route53:ListHostedZones\",\n        \"route53:ListResourceRecordSets\"\n      ],\n      \"Resource\": [\n        \"*\"\n      ]\n    }\n  ]\n}\n"
          },
          "private": "bnVsbA=="
        }
      ]
    },
    {
      "mode": "managed",
      "type": "aws_iam_role",
      "name": "alb-ingress-controller",
      "provider": "provider.aws",
      "instances": [
        {
          "schema_version": 0,
          "attributes": {
            "arn": "arn:aws:iam::536969602909:role/alb-ingress-controller",
            "assume_role_policy": "{\"Version\":\"2012-10-17\",\"Statement\":[{\"Sid\":\"\",\"Effect\":\"Allow\",\"Principal\":{\"Service\":\"ec2.amazonaws.com\"},\"Action\":\"sts:AssumeRole\"},{\"Sid\":\"\",\"Effect\":\"Allow\",\"Principal\":{\"AWS\":\"arn:aws:iam::536969602909:role/eks-node-role\"},\"Action\":\"sts:AssumeRole\"}]}",
            "create_date": "2020-12-13T08:19:45Z",
            "description": "",
            "force_detach_policies": false,
            "id": "alb-ingress-controller",
            "max_session_duration": 3600,
            "name": "alb-ingress-controller",
            "name_prefix": null,
            "path": "/",
            "permissions_boundary": null,
            "tags": null,
            "unique_id": "AROAX2BPB45O72IQ6NMRW"
          },
          "private": "bnVsbA==",
          "depends_on": [
            "data.aws_iam_policy_document.ingress-alb-policy"
          ]
        }
      ]
    },
    {
      "mode": "managed",
      "type": "aws_iam_role",
      "name": "eks-master-role",
      "provider": "provider.aws",
      "instances": [
        {
          "schema_version": 0,
          "attributes": {
            "arn": "arn:aws:iam::536969602909:role/eks-master-role",
            "assume_role_policy": "{\"Version\":\"2012-10-17\",\"Statement\":[{\"Effect\":\"Allow\",\"Principal\":{\"Service\":\"eks.amazonaws.com\"},\"Action\":\"sts:AssumeRole\"}]}",
            "create_date": "2020-12-13T08:19:37Z",
            "description": "",
            "force_detach_policies": false,
            "id": "eks-master-role",
            "max_session_duration": 3600,
            "name": "eks-master-role",
            "name_prefix": null,
            "path": "/",
            "permissions_boundary": null,
            "tags": null,
            "unique_id": "AROAX2BPB45ORDAXUD2EJ"
          },
          "private": "bnVsbA=="
        }
      ]
    },
    {
      "mode": "managed",
      "type": "aws_iam_role",
      "name": "eks-node-role",
      "provider": "provider.aws",
      "instances": [
        {
          "schema_version": 0,
          "attributes": {
            "arn": "arn:aws:iam::536969602909:role/eks-node-role",
            "assume_role_policy": "{\"Version\":\"2012-10-17\",\"Statement\":[{\"Effect\":\"Allow\",\"Principal\":{\"Service\":\"ec2.amazonaws.com\"},\"Action\":\"sts:AssumeRole\"}]}",
            "create_date": "2020-12-13T08:19:37Z",
            "description": "",
            "force_detach_policies": false,
            "id": "eks-node-role",
            "max_session_duration": 3600,
            "name": "eks-node-role",
            "name_prefix": null,
            "path": "/",
            "permissions_boundary": null,
            "tags": null,
            "unique_id": "AROAX2BPB45O7BOMQZZ6Q"
          },
          "private": "bnVsbA=="
        }
      ]
    },
    {
      "mode": "managed",
      "type": "aws_iam_role",
      "name": "route53-externaldns-controller",
      "provider": "provider.aws",
      "instances": [
        {
          "schema_version": 0,
          "attributes": {
            "arn": "arn:aws:iam::536969602909:role/route53-externaldns-controller",
            "assume_role_policy": "{\"Version\":\"2012-10-17\",\"Statement\":[{\"Sid\":\"\",\"Effect\":\"Allow\",\"Principal\":{\"Service\":\"ec2.amazonaws.com\"},\"Action\":\"sts:AssumeRole\"},{\"Sid\":\"\",\"Effect\":\"Allow\",\"Principal\":{\"AWS\":\"arn:aws:iam::536969602909:role/eks-node-role\"},\"Action\":\"sts:AssumeRole\"}]}",
            "create_date": "2020-12-13T08:19:47Z",
            "description": "",
            "force_detach_policies": false,
            "id": "route53-externaldns-controller",
            "max_session_duration": 3600,
            "name": "route53-externaldns-controller",
            "name_prefix": null,
            "path": "/",
            "permissions_boundary": null,
            "tags": null,
            "unique_id": "AROAX2BPB45OWRBGYM37Y"
          },
          "private": "bnVsbA==",
          "depends_on": [
            "data.aws_iam_policy_document.route53-externaldns-policy"
          ]
        }
      ]
    },
    {
      "mode": "managed",
      "type": "aws_iam_role_policy_attachment",
      "name": "ec2-container-registry-readonly",
      "provider": "provider.aws",
      "instances": [
        {
          "schema_version": 0,
          "attributes": {
            "id": "eks-node-role-20201213081939971900000003",
            "policy_arn": "arn:aws:iam::aws:policy/AmazonEC2ContainerRegistryReadOnly",
            "role": "eks-node-role"
          },
          "private": "bnVsbA==",
          "depends_on": [
            "aws_iam_role.eks-node-role"
          ]
        }
      ]
    },
    {
      "mode": "managed",
      "type": "aws_iam_role_policy_attachment",
      "name": "ec2-role-for-ssm",
      "provider": "provider.aws",
      "instances": [
        {
          "schema_version": 0,
          "attributes": {
            "id": "eks-node-role-20201213081940001900000004",
            "policy_arn": "arn:aws:iam::aws:policy/service-role/AmazonEC2RoleforSSM",
            "role": "eks-node-role"
          },
          "private": "bnVsbA==",
          "depends_on": [
            "aws_iam_role.eks-node-role"
          ]
        }
      ]
    },
    {
      "mode": "managed",
      "type": "aws_iam_role_policy_attachment",
      "name": "eks-cluster-policy",
      "provider": "provider.aws",
      "instances": [
        {
          "schema_version": 0,
          "attributes": {
            "id": "eks-master-role-20201213081940900400000006",
            "policy_arn": "arn:aws:iam::aws:policy/AmazonEKSClusterPolicy",
            "role": "eks-master-role"
          },
          "private": "bnVsbA==",
          "depends_on": [
            "aws_iam_role.eks-master-role"
          ]
        }
      ]
    },
    {
      "mode": "managed",
      "type": "aws_iam_role_policy_attachment",
      "name": "eks-cni-policy",
      "provider": "provider.aws",
      "instances": [
        {
          "schema_version": 0,
          "attributes": {
            "id": "eks-node-role-20201213081940018100000005",
            "policy_arn": "arn:aws:iam::aws:policy/AmazonEKS_CNI_Policy",
            "role": "eks-node-role"
          },
          "private": "bnVsbA==",
          "depends_on": [
            "aws_iam_role.eks-node-role"
          ]
        }
      ]
    },
    {
      "mode": "managed",
      "type": "aws_iam_role_policy_attachment",
      "name": "eks-service-policy",
      "provider": "provider.aws",
      "instances": [
        {
          "schema_version": 0,
          "attributes": {
            "id": "eks-master-role-20201213081939932500000001",
            "policy_arn": "arn:aws:iam::aws:policy/AmazonEKSServicePolicy",
            "role": "eks-master-role"
          },
          "private": "bnVsbA==",
          "depends_on": [
            "aws_iam_role.eks-master-role"
          ]
        }
      ]
    },
    {
      "mode": "managed",
      "type": "aws_iam_role_policy_attachment",
      "name": "eks-worker-node-policy",
      "provider": "provider.aws",
      "instances": [
        {
          "schema_version": 0,
          "attributes": {
            "id": "eks-node-role-20201213081939935900000002",
            "policy_arn": "arn:aws:iam::aws:policy/AmazonEKSWorkerNodePolicy",
            "role": "eks-node-role"
          },
          "private": "bnVsbA==",
          "depends_on": [
            "aws_iam_role.eks-node-role"
          ]
        }
      ]
    },
    {
      "mode": "managed",
      "type": "aws_iam_role_policy_attachment",
      "name": "route53-externaldns-attachment",
      "provider": "provider.aws",
      "instances": [
        {
          "schema_version": 0,
          "attributes": {
            "id": "route53-externaldns-controller-20201213081949959000000007",
            "policy_arn": "arn:aws:iam::536969602909:policy/route53-external-policy",
            "role": "route53-externaldns-controller"
          },
          "private": "bnVsbA==",
          "depends_on": [
            "aws_iam_policy.route53-external-policy",
            "aws_iam_role.route53-externaldns-controller"
          ]
        }
      ]
    },
    {
      "mode": "managed",
      "type": "aws_internet_gateway",
      "name": "igw",
      "provider": "provider.aws",
      "instances": [
        {
          "schema_version": 0,
          "attributes": {
            "arn": "arn:aws:ec2:us-east-1:536969602909:internet-gateway/igw-06507bc51929b68a3",
            "id": "igw-06507bc51929b68a3",
            "owner_id": "536969602909",
            "tags": {
              "Environment": "dev",
              "Name": "eks-dev-igw",
              "Project": "eks",
              "Terraform": "true",
              "kubernetes.io/cluster/eks-dev-amb-cluster": "shared"
            },
            "vpc_id": "vpc-0faedc80ecfb6cc18"
          },
          "private": "bnVsbA==",
          "depends_on": [
            "aws_vpc.vpc"
          ]
        }
      ]
    },
    {
      "mode": "managed",
      "type": "aws_key_pair",
      "name": "key_pair",
      "provider": "provider.aws",
      "instances": [
        {
          "schema_version": 1,
          "attributes": {
            "arn": "arn:aws:ec2:us-east-1:536969602909:key-pair/ambitious_key",
            "fingerprint": "08:90:33:56:cd:27:b7:a3:b4:8f:3c:78:a5:b7:60:4c",
            "id": "ambitious_key",
            "key_name": "ambitious_key",
            "key_name_prefix": null,
            "key_pair_id": "key-05aa11ea3c0348a8b",
            "public_key": "ssh-rsa AAAAB3NzaC1yc2EAAAADAQABAAACAQC/si28TCdC7UpMwkhv0hKBtOM+iX3eJlPEIePJqSZfQcbEE0XJwZv4aK9c5FBxdvKej8SWmMKSW2wnuubLr7hH7lM36NjF3dUNp9MpU0ASBCYW5dQ+8EcOFwG6wNn9J6lZNOh6JIe2UhYjo4M+QeU/ulFfK8ceclmeRbWvvgJnLjGzuxCto4hWxPvpvQbaDcH32kSGAnppHKRt3KXMvFHEXgrJisyDDLwZGGgFS+iYKnspBTkKM/IhiKwq/trFZ85Mm1Z8e70mAS1uBRvypSoEtTgyh65WU8QUtzxi/W3g6RJBBuSuxh+o6ecY18bwuxV88Lw8AB1zkKJBQYiYcUB3b/YvCiSkribEVB3uEGT5h6reu/xXqoKmIvHgOXismxJdWRddUDGkdWDyInk5vbTo0HBCozSLMEt3INv7bkKezo1fERf2LKSin5nmArOIuBuQqkm/mvBDdHG5/m1dIgE4gbXlGBNbVODbNQZRREVMh1j3I8NRyTDUo9eBJnLDW4cIKvsdKgQHxga1gb9Y1UVEwzy2kMQlyQZQhVGKGXzLTbeDkzORh/Xs2gnMvXEWWjIBtYDtGunWyR1m8/u39nVCBmVQlvqnk5wnF7dYiDtxtKS2W2xjKc3QSddTMHDetmOCdFmm0or5KdGqS3w+Ydjo27f6C8aDpUn1Nq29tu9LEw==",
            "tags": null
          },
          "private": "eyJzY2hlbWFfdmVyc2lvbiI6IjEifQ==",
          "depends_on": [
            "tls_private_key.keygen"
          ]
        }
      ]
    },
    {
      "mode": "managed",
      "type": "aws_launch_configuration",
      "name": "eks-lc",
      "provider": "provider.aws",
      "instances": [
        {
          "schema_version": 0,
          "attributes": {
            "arn": "arn:aws:autoscaling:us-east-1:536969602909:launchConfiguration:5d8877f7-6faa-4e55-a7c9-dd3beeeb4a6c:launchConfigurationName/eks-node20201213083350121200000009",
            "associate_public_ip_address": true,
            "ebs_block_device": [],
            "ebs_optimized": false,
            "enable_monitoring": false,
            "ephemeral_block_device": [],
            "iam_instance_profile": "eks-node-role-profile",
            "id": "eks-node20201213083350121200000009",
            "image_id": "ami-0f4cae6ae56be18ee",
            "instance_type": "t3.medium",
            "key_name": "ambitious_key",
            "name": "eks-node20201213083350121200000009",
            "name_prefix": "eks-node",
            "placement_tenancy": null,
            "root_block_device": [
              {
                "delete_on_termination": true,
                "encrypted": false,
                "iops": 0,
                "volume_size": 50,
                "volume_type": "gp2"
              }
            ],
            "security_groups": [
              "sg-0081c1a5a27910596"
            ],
            "spot_price": "",
            "user_data": null,
            "user_data_base64": "IyEvYmluL2Jhc2gKc2V0IC1vIHh0cmFjZQovZXRjL2Vrcy9ib290c3RyYXAuc2ggLS1hcGlzZXJ2ZXItZW5kcG9pbnQgImh0dHBzOi8vMjlENkY5MzczOTdGN0Q3QUQ4MzFDNjRGRkMyQzg0QzAueWw0LnVzLWVhc3QtMS5la3MuYW1hem9uYXdzLmNvbSIgLS1iNjQtY2x1c3Rlci1jYSAiTFMwdExTMUNSVWRKVGlCRFJWSlVTVVpKUTBGVVJTMHRMUzB0Q2sxSlNVTjVSRU5EUVdKRFowRjNTVUpCWjBsQ1FVUkJUa0puYTNGb2EybEhPWGN3UWtGUmMwWkJSRUZXVFZKTmQwVlJXVVJXVVZGRVJYZHdjbVJYU213S1kyMDFiR1JIVm5wTlFqUllSRlJKZDAxVVNYaE5la0UwVFdwbk1FMXNiMWhFVkUxM1RWUkplRTFVUVRSTmFtY3dUV3h2ZDBaVVJWUk5Ra1ZIUVRGVlJRcEJlRTFMWVROV2FWcFlTblZhV0ZKc1kzcERRMEZUU1hkRVVWbEtTMjlhU1doMlkwNUJVVVZDUWxGQlJHZG5SVkJCUkVORFFWRnZRMmRuUlVKQlRFcHFDazgzV1RKVlZVbFlPWGR6U1VKMFQzUjRUR0Y2TlhaVVpEUnBTV2RxUlVwWlNGSnVZV1I2YldocE1FdERkM2hETmtGeFRtRTVURmQ1TkdaelFtNHJXbVVLWkUxMGIydDVObWwwYW5oUGMxbG5ZbXBYZWs1YVNGRTBNRzA0WW5kbWJqZFJaWFJyVVVad1dFcEpSazVKYzNCTk1rTnVlVkJGZVZOS2VHaENVMWxYTndwTmNGaFpSRVVyTm5aaWVqaExkemRoUzFKaVVEVjNhazlwU25OSlVsWTVjak5rT1ZCMFRrVkNRMHBrTkZNdlZGRnphRVJ1VlV0T1FVaHFNV2xwVVd3MUNpOXdjV3RMTDB4NGQxQm1Na3d2VjBwbGFrMURUMHBxYldKcVZHWkVlbE5EY1VaemNrTjJZMVZvYlM4eU9HUkRZMU5LUVdsaFdpdHFhMUkxVmxwbWQwOEtjMVYzTUVkWFlXSklOWE56ZEdZeVpucEpWRlYyTWtwcU16SldWbXBEYTJsUlFtSTJjR3d2VUZaRVZsZ3pjV1IyVHpkRlJIRjNVREo2YlZOeFRsaGhUQXBNYVM5d1NGSmphVGh5UVdKMVNYTTFha1l3UTBGM1JVRkJZVTFxVFVORmQwUm5XVVJXVWpCUVFWRklMMEpCVVVSQlowdHJUVUU0UjBFeFZXUkZkMFZDQ2k5M1VVWk5RVTFDUVdZNGQwUlJXVXBMYjFwSmFIWmpUa0ZSUlV4Q1VVRkVaMmRGUWtGSFRqVk5TR0pOTUM5SmNFdEpiRzhyWjFJdlpVOU9Va2hwU25BS2VIQnFVVEpJSzI1U1ExRTROME5pUjJVdlRrbzVXbVJNTmxjeWFXRmtiM2RYVEZkTGRIaFpOVlpqVm1jMWQydGpjSFZYTldGaGFpczRORlIyTmtnMmNRcG9ZMVZ3YVdKT2RVbERhazl4UmxOVmFVaGhjelpvY1c5dlMxcE1WV05tUkVwU1RHcFZZVXhGU0hCNVVIaHhkMHBwT0hNdlFsVjNWbVpVYzNobFVtczNDbG94VjBsREwzWmxjVFJoZFZWTlVuTnliVmxtZDNkblpEVlRkelJWWmxkbVJERk9Oa2hWWnpOemJXeEtUbEpJT1doallqRkZZbWd6ZEVKaU9URmFka1FLWm0xdlVqSXZWbTVQY0ZkaFRIZEtaM05pYzNWRGRUSkJMMGRoWld4U2NVUjZkWEZJWkRsdmNtRXliV2hVV2twRmVtSmlaVmx5U1hKRVJqTkZjVVZXZUFwU01VVlVUSE15Wm5WMVJWTnhRVlZQUmtjdmNEbExWRmxwTlc1aE5sRlpjSHB6Y1Zvek5uUllZWEExYlhsak1GUklja2hpTVROSlNVZEtPRDBLTFMwdExTMUZUa1FnUTBWU1ZFbEdTVU5CVkVVdExTMHRMUW89IiAiZWtzLWRldi1hbWItY2x1c3RlciIK",
            "vpc_classic_link_id": "",
            "vpc_classic_link_security_groups": null
          },
          "private": "bnVsbA==",
          "depends_on": [
            "aws_iam_instance_profile.eks-node-role-profile",
            "aws_security_group.cluster-nodes",
            "data.aws_ami.eks-node"
          ]
        }
      ]
    },
    {
      "mode": "managed",
      "type": "aws_route_table",
      "name": "rtb",
      "provider": "provider.aws",
      "instances": [
        {
          "schema_version": 0,
          "attributes": {
            "id": "rtb-0ee2f2b759e69a271",
            "owner_id": "536969602909",
            "propagating_vgws": [],
            "route": [
              {
                "cidr_block": "0.0.0.0/0",
                "egress_only_gateway_id": "",
                "gateway_id": "igw-06507bc51929b68a3",
                "instance_id": "",
                "ipv6_cidr_block": "",
                "nat_gateway_id": "",
                "network_interface_id": "",
                "transit_gateway_id": "",
                "vpc_peering_connection_id": ""
              }
            ],
            "tags": {
              "Environment": "dev",
              "Name": "eks-dev-rtb",
              "Project": "eks",
              "Terraform": "true",
              "kubernetes.io/cluster/eks-dev-amb-cluster": "shared"
            },
            "vpc_id": "vpc-0faedc80ecfb6cc18"
          },
          "private": "bnVsbA==",
          "depends_on": [
            "aws_internet_gateway.igw",
            "aws_vpc.vpc"
          ]
        }
      ]
    },
    {
      "mode": "managed",
      "type": "aws_route_table_association",
      "name": "rtba",
      "each": "list",
      "provider": "provider.aws",
      "instances": [
        {
          "index_key": 0,
          "schema_version": 0,
          "attributes": {
            "gateway_id": null,
            "id": "rtbassoc-0bb1e8d09c612c7dc",
            "route_table_id": "rtb-0ee2f2b759e69a271",
            "subnet_id": "subnet-08aaaf4aff90aa154"
          },
          "private": "bnVsbA==",
          "depends_on": [
            "aws_route_table.rtb",
            "aws_subnet.subnet"
          ]
        },
        {
          "index_key": 1,
          "schema_version": 0,
          "attributes": {
            "gateway_id": null,
            "id": "rtbassoc-09d16328c3fd8de99",
            "route_table_id": "rtb-0ee2f2b759e69a271",
            "subnet_id": "subnet-031fea37434c6d2ba"
          },
          "private": "bnVsbA==",
          "depends_on": [
            "aws_route_table.rtb",
            "aws_subnet.subnet"
          ]
        },
        {
          "index_key": 2,
          "schema_version": 0,
          "attributes": {
            "gateway_id": null,
            "id": "rtbassoc-0510e9ea8fedf0040",
            "route_table_id": "rtb-0ee2f2b759e69a271",
            "subnet_id": "subnet-05edcdafe639a593c"
          },
          "private": "bnVsbA==",
          "depends_on": [
            "aws_route_table.rtb",
            "aws_subnet.subnet"
          ]
        }
      ]
    },
    {
      "mode": "managed",
      "type": "aws_security_group",
      "name": "cluster-master",
      "provider": "provider.aws",
      "instances": [
        {
          "schema_version": 1,
          "attributes": {
            "arn": "arn:aws:ec2:us-east-1:536969602909:security-group/sg-00ec8d9a053fae30f",
            "description": "EKS cluster master security group",
            "egress": [
              {
                "cidr_blocks": [
                  "0.0.0.0/0"
                ],
                "description": "",
                "from_port": 0,
                "ipv6_cidr_blocks": [],
                "prefix_list_ids": [],
                "protocol": "-1",
                "security_groups": [],
                "self": false,
                "to_port": 0
              }
            ],
            "id": "sg-00ec8d9a053fae30f",
            "ingress": [
              {
                "cidr_blocks": [
                  "0.0.0.0/0"
                ],
                "description": "",
                "from_port": 443,
                "ipv6_cidr_blocks": [],
                "prefix_list_ids": [],
                "protocol": "tcp",
                "security_groups": [],
                "self": false,
                "to_port": 443
              }
            ],
            "name": "cluster-master",
            "name_prefix": "",
            "owner_id": "536969602909",
            "revoke_rules_on_delete": false,
            "tags": {
              "Environment": "dev",
              "Name": "eks-master-sg",
              "Project": "eks",
              "Terraform": "true",
              "kubernetes.io/cluster/eks-dev-amb-cluster": "shared"
            },
            "timeouts": null,
            "vpc_id": "vpc-0faedc80ecfb6cc18"
          },
          "private": "eyJlMmJmYjczMC1lY2FhLTExZTYtOGY4OC0zNDM2M2JjN2M0YzAiOnsiY3JlYXRlIjo2MDAwMDAwMDAwMDAsImRlbGV0ZSI6NjAwMDAwMDAwMDAwfSwic2NoZW1hX3ZlcnNpb24iOiIxIn0=",
          "depends_on": [
            "aws_vpc.vpc"
          ]
        }
      ]
    },
    {
      "mode": "managed",
      "type": "aws_security_group",
      "name": "cluster-nodes",
      "provider": "provider.aws",
      "instances": [
        {
          "schema_version": 1,
          "attributes": {
            "arn": "arn:aws:ec2:us-east-1:536969602909:security-group/sg-0081c1a5a27910596",
            "description": "EKS cluster nodes security group",
            "egress": [
              {
                "cidr_blocks": [
                  "0.0.0.0/0"
                ],
                "description": "",
                "from_port": 0,
                "ipv6_cidr_blocks": [],
                "prefix_list_ids": [],
                "protocol": "-1",
                "security_groups": [],
                "self": false,
                "to_port": 0
              }
            ],
            "id": "sg-0081c1a5a27910596",
            "ingress": [
              {
                "cidr_blocks": [],
                "description": "Allow cluster master to access cluster nodes",
                "from_port": 1025,
                "ipv6_cidr_blocks": [],
                "prefix_list_ids": [],
                "protocol": "tcp",
                "security_groups": [
                  "sg-00ec8d9a053fae30f"
                ],
                "self": false,
                "to_port": 65535
              },
              {
                "cidr_blocks": [],
                "description": "Allow cluster master to access cluster nodes",
                "from_port": 1025,
                "ipv6_cidr_blocks": [],
                "prefix_list_ids": [],
                "protocol": "udp",
                "security_groups": [
                  "sg-00ec8d9a053fae30f"
                ],
                "self": false,
                "to_port": 65535
              },
              {
                "cidr_blocks": [],
                "description": "Allow inter pods communication",
                "from_port": 0,
                "ipv6_cidr_blocks": [],
                "prefix_list_ids": [],
                "protocol": "-1",
                "security_groups": [],
                "self": true,
                "to_port": 0
              }
            ],
            "name": "cluster-nodes",
            "name_prefix": "",
            "owner_id": "536969602909",
            "revoke_rules_on_delete": false,
            "tags": {
              "Environment": "dev",
              "Name": "eks-nodes-sg",
              "Project": "eks",
              "Terraform": "true",
              "kubernetes.io/cluster/eks-dev-amb-cluster": "shared"
            },
            "timeouts": null,
            "vpc_id": "vpc-0faedc80ecfb6cc18"
          },
          "private": "eyJlMmJmYjczMC1lY2FhLTExZTYtOGY4OC0zNDM2M2JjN2M0YzAiOnsiY3JlYXRlIjo2MDAwMDAwMDAwMDAsImRlbGV0ZSI6NjAwMDAwMDAwMDAwfSwic2NoZW1hX3ZlcnNpb24iOiIxIn0=",
          "depends_on": [
            "aws_security_group.cluster-master",
            "aws_vpc.vpc"
          ]
        }
      ]
    },
    {
      "mode": "managed",
      "type": "aws_security_group",
      "name": "private-db-sg",
      "provider": "provider.aws",
      "instances": [
        {
          "schema_version": 1,
          "attributes": {
            "arn": "arn:aws:ec2:us-east-1:536969602909:security-group/sg-0dc85db1a80174be5",
            "description": "Managed by Terraform",
            "egress": [
              {
                "cidr_blocks": [
                  "0.0.0.0/0"
                ],
                "description": "",
                "from_port": 0,
                "ipv6_cidr_blocks": [],
                "prefix_list_ids": [],
                "protocol": "-1",
                "security_groups": [],
                "self": false,
                "to_port": 0
              }
            ],
            "id": "sg-0dc85db1a80174be5",
            "ingress": [
              {
                "cidr_blocks": [
                  "10.0.1.0/24"
                ],
                "description": "",
                "from_port": 3306,
                "ipv6_cidr_blocks": [],
                "prefix_list_ids": [],
                "protocol": "tcp",
                "security_groups": [],
                "self": false,
                "to_port": 3306
              }
            ],
            "name": "private-db-sg",
            "name_prefix": "",
            "owner_id": "536969602909",
            "revoke_rules_on_delete": false,
            "tags": {
              "Name": "public-db-sg"
            },
            "timeouts": null,
            "vpc_id": "vpc-0faedc80ecfb6cc18"
          },
          "private": "eyJlMmJmYjczMC1lY2FhLTExZTYtOGY4OC0zNDM2M2JjN2M0YzAiOnsiY3JlYXRlIjo2MDAwMDAwMDAwMDAsImRlbGV0ZSI6NjAwMDAwMDAwMDAwfSwic2NoZW1hX3ZlcnNpb24iOiIxIn0=",
          "depends_on": [
            "aws_vpc.vpc"
          ]
        }
      ]
    },
    {
      "mode": "managed",
      "type": "aws_subnet",
      "name": "subnet",
      "each": "list",
      "provider": "provider.aws",
      "instances": [
        {
          "index_key": 0,
          "schema_version": 1,
          "attributes": {
            "arn": "arn:aws:ec2:us-east-1:536969602909:subnet/subnet-08aaaf4aff90aa154",
            "assign_ipv6_address_on_creation": false,
            "availability_zone": "us-east-1a",
            "availability_zone_id": "use1-az4",
            "cidr_block": "10.0.0.0/24",
            "id": "subnet-08aaaf4aff90aa154",
            "ipv6_cidr_block": "",
            "ipv6_cidr_block_association_id": "",
            "map_public_ip_on_launch": true,
            "outpost_arn": "",
            "owner_id": "536969602909",
            "tags": {
              "Environment": "dev",
              "Name": "eks-dev-subnet-1",
              "Project": "eks",
              "Terraform": "true",
              "kubernetes.io/cluster/eks-dev-amb-cluster": "shared",
              "kubernetes.io/role/elb": ""
            },
            "timeouts": null,
            "vpc_id": "vpc-0faedc80ecfb6cc18"
          },
          "private": "eyJlMmJmYjczMC1lY2FhLTExZTYtOGY4OC0zNDM2M2JjN2M0YzAiOnsiY3JlYXRlIjo2MDAwMDAwMDAwMDAsImRlbGV0ZSI6MTIwMDAwMDAwMDAwMH0sInNjaGVtYV92ZXJzaW9uIjoiMSJ9",
          "depends_on": [
            "aws_vpc.vpc",
            "data.aws_availability_zones.available"
          ]
        },
        {
          "index_key": 1,
          "schema_version": 1,
          "attributes": {
            "arn": "arn:aws:ec2:us-east-1:536969602909:subnet/subnet-031fea37434c6d2ba",
            "assign_ipv6_address_on_creation": false,
            "availability_zone": "us-east-1b",
            "availability_zone_id": "use1-az6",
            "cidr_block": "10.0.1.0/24",
            "id": "subnet-031fea37434c6d2ba",
            "ipv6_cidr_block": "",
            "ipv6_cidr_block_association_id": "",
            "map_public_ip_on_launch": true,
            "outpost_arn": "",
            "owner_id": "536969602909",
            "tags": {
              "Environment": "dev",
              "Name": "eks-dev-subnet-2",
              "Project": "eks",
              "Terraform": "true",
              "kubernetes.io/cluster/eks-dev-amb-cluster": "shared",
              "kubernetes.io/role/elb": ""
            },
            "timeouts": null,
            "vpc_id": "vpc-0faedc80ecfb6cc18"
          },
          "private": "eyJlMmJmYjczMC1lY2FhLTExZTYtOGY4OC0zNDM2M2JjN2M0YzAiOnsiY3JlYXRlIjo2MDAwMDAwMDAwMDAsImRlbGV0ZSI6MTIwMDAwMDAwMDAwMH0sInNjaGVtYV92ZXJzaW9uIjoiMSJ9",
          "depends_on": [
            "aws_vpc.vpc",
            "data.aws_availability_zones.available"
          ]
        },
        {
          "index_key": 2,
          "schema_version": 1,
          "attributes": {
            "arn": "arn:aws:ec2:us-east-1:536969602909:subnet/subnet-05edcdafe639a593c",
            "assign_ipv6_address_on_creation": false,
            "availability_zone": "us-east-1c",
            "availability_zone_id": "use1-az1",
            "cidr_block": "10.0.2.0/24",
            "id": "subnet-05edcdafe639a593c",
            "ipv6_cidr_block": "",
            "ipv6_cidr_block_association_id": "",
            "map_public_ip_on_launch": true,
            "outpost_arn": "",
            "owner_id": "536969602909",
            "tags": {
              "Environment": "dev",
              "Name": "eks-dev-subnet-3",
              "Project": "eks",
              "Terraform": "true",
              "kubernetes.io/cluster/eks-dev-amb-cluster": "shared",
              "kubernetes.io/role/elb": ""
            },
            "timeouts": null,
            "vpc_id": "vpc-0faedc80ecfb6cc18"
          },
          "private": "eyJlMmJmYjczMC1lY2FhLTExZTYtOGY4OC0zNDM2M2JjN2M0YzAiOnsiY3JlYXRlIjo2MDAwMDAwMDAwMDAsImRlbGV0ZSI6MTIwMDAwMDAwMDAwMH0sInNjaGVtYV92ZXJzaW9uIjoiMSJ9",
          "depends_on": [
            "aws_vpc.vpc",
            "data.aws_availability_zones.available"
          ]
        }
      ]
    },
    {
      "mode": "managed",
      "type": "aws_vpc",
      "name": "vpc",
      "provider": "provider.aws",
      "instances": [
        {
          "schema_version": 1,
          "attributes": {
            "arn": "arn:aws:ec2:us-east-1:536969602909:vpc/vpc-0faedc80ecfb6cc18",
            "assign_generated_ipv6_cidr_block": false,
            "cidr_block": "10.0.0.0/16",
            "default_network_acl_id": "acl-073cf74071f9831c1",
            "default_route_table_id": "rtb-019a9e754f970960c",
            "default_security_group_id": "sg-03e4fc29fdbe184fa",
            "dhcp_options_id": "dopt-bd0105c6",
            "enable_classiclink": false,
            "enable_classiclink_dns_support": false,
            "enable_dns_hostnames": true,
            "enable_dns_support": true,
            "id": "vpc-0faedc80ecfb6cc18",
            "instance_tenancy": "default",
            "ipv6_association_id": "",
            "ipv6_cidr_block": "",
            "main_route_table_id": "rtb-019a9e754f970960c",
            "owner_id": "536969602909",
            "tags": {
              "Environment": "dev",
              "Name": "eks-dev-vpc",
              "Project": "eks",
              "Terraform": "true",
              "kubernetes.io/cluster/eks-dev-amb-cluster": "shared"
            }
          },
          "private": "eyJzY2hlbWFfdmVyc2lvbiI6IjEifQ=="
        }
      ]
    },
    {
      "mode": "managed",
      "type": "local_file",
      "name": "private_key_pem",
      "provider": "provider.local",
      "instances": [
        {
          "schema_version": 0,
          "attributes": {
            "content": "-----BEGIN RSA PRIVATE KEY-----\nMIIJKQIBAAKCAgEAv7ItvEwnQu1KTMJIb9ISgbTjPol93iZTxCHjyakmX0HGxBNF\nycGb+GivXORQcXbyno/ElpjCkltsJ7rmy6+4R+5TN+jYxd3VDafTKVNAEgQmFuXU\nPvBHDhcBusDZ/SepWTToeiSHtlIWI6ODPkHlP7pRXyvHHnJZnkW1r74CZy4xs7sQ\nraOIVsT76b0G2g3B99pEhgJ6aRykbdylzLxRxF4KyYrMgwy8GRhoBUvomCp7KQU5\nCjPyIYisKv7axWfOTJtWfHu9JgEtbgUb8qUqBLU4MoeuVlPEFLc8Yv1t4OkSQQbk\nrsYfqOnnGNfG8LsVfPC8PAAdc5CiQUGImHFAd2/2LwokpK4mxFQd7hBk+Yeq3rv8\nV6qCpiLx4Dl4rJsSXVkXXVAxpHVg8iJ5Ob206NBwQqM0izBLdyDb+25Cns6NXxEX\n9iykop+Z5gKziLgbkKpJv5rwQ3Rxuf5tXSIBOIG15RgTW1Tg2zUGUURFTIdY9yPD\nUckw1KPXgSZyw1uHCCr7HSoEB8YGtYG/WNVFRMM8tpDEJckGUIVRihl8y023g5Mz\nkYf17NoJzL1xFloyAbWA7Rrp1skdZvP7t/Z1QgZlUJb6p5OcJxe3WIg7cbSktlts\nYynN0EnXUzBw3rZjgnRZptKK+SnRqkt8PmHY6Nu3+gvGg6VJ9TatvbbvSxMCAwEA\nAQKCAgEAuKrPQFwkXmb1cqie24oF5gn5+F6/cGh/vavgIn7exlk5P95JFql6tX0z\noksX65Zo97ML8P/MQO3tbQCyIXpwDmtao7ueSE8BVZxc4ayfRjvU7a4OH2udJ8em\nFOB/n06754H+itvyGQNO7JoybqFQVWoJxaMIuR3zk3MYKerjqb5ohvoogP3O87fj\n7jH5Dcq/FyOfa3GrtuKuzF8JIggwxPjLb4hUp9J2yb4nRyLvONeDueqcHmYYVZGy\nOeE1o4HyzP2//T++4YO03g3x9HiD1/Ez6AmpOuSLOmGivMHjPg2JVjdryap3CWP7\nCoWj0niHpMrMqwh5VsD4beDR0/kV3cz9QI75uEm/ZDQNOjMkxNTUT/t1WAymGXTx\n6/J048/OVtfKzIOKSq32kmDXccyGhLvihpuOAu/A/7Ni8bbZUr/BUdZ/LsXYM+HW\n/BfYBrNnpWE+xW/2L0dD51sTNuMzEql/53iMW9whd7Lp01SOYS8hNtLuzs4XVQn1\nx1DjV+8l+BQQqqgth7KGbhK/AVFvAQb54g6VT/W1kI2peZL+cE2kuIkMUDNk9lj6\n9jyjfPKbNFWPJcyNyCGewmwLjm2gOk8VNDDQYE4xD0UyK2RDG1tZlToGxi6KPvo6\n3S25vJJPpF8s/u2u2C2lLq3DqWTSfpAqGHXS2Ux8zdFFrdXiF+ECggEBAPHEn8I6\n4xpUtFQkSxPreNUvXpBvTl/8agjOSXRyovUS/3Pgi3ZAanCISvxA6B4jBm69nRZ+\nss3C23gtGwgcjwO4e5OHBkWqWubLTbi2qnJtoeA03/5jnC3vud+LFASgmIxQH0lT\nyyvX7bLeUPcMwVQwvAikgRPfbKfYrj4m6+p8Rrbqu1BUjJ0G7E9YiMny0tvUG0wQ\nByJ74oNqoirJ5BW6i5YRXz3zIPGTh8fmzVbM46QJa3R1za/sU2w2Y00gMI5OBWsv\n6bGmnMMlTXXpOyYyc9wPU5jE79JAo5LZb1Zd4OB/iOIesuZktWc350c+A2EHS1er\npRLZ2+tx5D1SDlsCggEBAMr6+6Z+7fr6SXe99MNnCXYd9a5dGgWCiUtgMHrhiOEV\nngS89ixoK9V/INBc6ly4U9O7WK9s8/V9ilv6hx6qTws7EJj7JSmvM4tyHJqljn/A\nd+vfyuFMFCSKGX31zDs0iGOt9iwXj2mGtd/E04Sk28F9T2+7EQwZholefT3X2lGL\nUHfpwKyN1ZVeeQcCmbUMpIArAka936ArHWyTyttsBNO3GkUDy8ypgmbSk9ot1f4V\nHoTvcaSOqkYRPtMxAoVxrf1icxIljMzcNS1WfbeWYIGYwRu4HbZzhZRUhWTYEYVb\nvNCYtBJpaYv+fhrDU22iCyeHwASlQetBWmHevsmmQ6kCggEAR0aZdtCXjXa1Zyz/\n+VJtYCRD877s0z1+ITR30V3OjwPXzdjAJM+e0ahMuwuDowbeaZ17B1u46RJuU4Kw\nunZ47zbfL8IZ5kXv4KTFOBSaMXwCwi+0bbH+JEjNeortDuQttQgWAS8z8awKBram\nFf9rq59mgAHHkA1JYj5uOCKPYKTc0CZprKgQgGa/GjFWunrdETP6DDWZdOAjCm1Q\ne97jYEiLyGU8t+3Ko43D9PolRVbIMd8ZD89/IUNB4OAz7FP2HK4ByPTqJ5agFqQT\nrxRgfMVZBOJ72ckNjuXBk5SIz2SD3Iuc1lUIlwXPuStxAr7UjjFxU9ployYZQNNl\n33ImiwKCAQEAqLNi1iVmm5LL3uaU+Ja5iV8rI0kj6HJus6P1hxvNzO1PkTaQD6Zg\n0CfB2QtwibF1kmOCOQL/3AgEJ6AYD0eTPI1RpSQO5g9EcuBbn7h7r/gCc5tjnk7B\n6wCQYV0Z6hcmSFp8YHcQba9Vl+6ZsgPm1XDVxdIfQAQzChbrVqwBOobkUVWJGqEj\nY+rKAiaKI6ynSBL26F7E7vUGlohbMHUdqezju3qFNsunotffpJU15uAcpnXv6Mne\nATAyHAr+wnQSHKdnZiypUlavJ8hb4mrsOKoBzYz/vPVUj0yUNZVTMphlXKWd/DN6\nUq0omAvBWjw0sx0jXXkQSXvep7serLAwSQKCAQAUKH1D1z8mNO/C2V49EWayMsxg\nu59hQu1XYiXPCU4ND7RLRcDfnYuzVEGL4kZ4X0jkF4pypArnUuaNqBJQuyALBW+v\n8YYbuuFGqd5HTrIUcjx11GE1oOFJaDQr7Y0xopPTQLcZALpvrBJLyIqpQNdJLpfU\n9jD5v+SH12pD5VVJ6Pe+TleAFkKVmzoDhQ+WsZv17bF3f/729LkS/Bf7e5+RHEJn\nINGTYnfffdZKfavP77K4KBFn15QSk8GVd1nUTYJ+5GuoSintZLKJg0O+kGuOGKVK\nAP5AOrHf/AOjXoADnl0SpM0swJPAVfOPWLUKVPZB0VoWrlLvk6xQ7mvP2Zeb\n-----END RSA PRIVATE KEY-----\n",
            "content_base64": null,
            "directory_permission": "0777",
            "file_permission": "0777",
            "filename": "./ambitious_key.id_rsa",
            "id": "0d56a3d21e900db5db2699a17034cf9b5d76761e",
            "sensitive_content": null,
            "source": null
          },
          "private": "bnVsbA==",
          "depends_on": [
            "tls_private_key.keygen"
          ]
        }
      ]
    },
    {
      "mode": "managed",
      "type": "local_file",
      "name": "public_key_openssh",
      "provider": "provider.local",
      "instances": [
        {
          "schema_version": 0,
          "attributes": {
            "content": "ssh-rsa AAAAB3NzaC1yc2EAAAADAQABAAACAQC/si28TCdC7UpMwkhv0hKBtOM+iX3eJlPEIePJqSZfQcbEE0XJwZv4aK9c5FBxdvKej8SWmMKSW2wnuubLr7hH7lM36NjF3dUNp9MpU0ASBCYW5dQ+8EcOFwG6wNn9J6lZNOh6JIe2UhYjo4M+QeU/ulFfK8ceclmeRbWvvgJnLjGzuxCto4hWxPvpvQbaDcH32kSGAnppHKRt3KXMvFHEXgrJisyDDLwZGGgFS+iYKnspBTkKM/IhiKwq/trFZ85Mm1Z8e70mAS1uBRvypSoEtTgyh65WU8QUtzxi/W3g6RJBBuSuxh+o6ecY18bwuxV88Lw8AB1zkKJBQYiYcUB3b/YvCiSkribEVB3uEGT5h6reu/xXqoKmIvHgOXismxJdWRddUDGkdWDyInk5vbTo0HBCozSLMEt3INv7bkKezo1fERf2LKSin5nmArOIuBuQqkm/mvBDdHG5/m1dIgE4gbXlGBNbVODbNQZRREVMh1j3I8NRyTDUo9eBJnLDW4cIKvsdKgQHxga1gb9Y1UVEwzy2kMQlyQZQhVGKGXzLTbeDkzORh/Xs2gnMvXEWWjIBtYDtGunWyR1m8/u39nVCBmVQlvqnk5wnF7dYiDtxtKS2W2xjKc3QSddTMHDetmOCdFmm0or5KdGqS3w+Ydjo27f6C8aDpUn1Nq29tu9LEw==\n",
            "content_base64": null,
            "directory_permission": "0777",
            "file_permission": "0777",
            "filename": "./ambitious_key.id_rsa.pub",
            "id": "6ff8b37c89fe84fcaf88b71a461b121e05e75582",
            "sensitive_content": null,
            "source": null
          },
          "private": "bnVsbA==",
          "depends_on": [
            "tls_private_key.keygen"
          ]
        }
      ]
    },
    {
      "mode": "managed",
      "type": "tls_private_key",
      "name": "keygen",
      "provider": "provider.tls",
      "instances": [
        {
          "schema_version": 0,
          "attributes": {
            "algorithm": "RSA",
            "ecdsa_curve": "P224",
            "id": "35eb4d0e6fb249c6f68c9f2eb7e95289abe0bf04",
            "private_key_pem": "-----BEGIN RSA PRIVATE KEY-----\nMIIJKQIBAAKCAgEAv7ItvEwnQu1KTMJIb9ISgbTjPol93iZTxCHjyakmX0HGxBNF\nycGb+GivXORQcXbyno/ElpjCkltsJ7rmy6+4R+5TN+jYxd3VDafTKVNAEgQmFuXU\nPvBHDhcBusDZ/SepWTToeiSHtlIWI6ODPkHlP7pRXyvHHnJZnkW1r74CZy4xs7sQ\nraOIVsT76b0G2g3B99pEhgJ6aRykbdylzLxRxF4KyYrMgwy8GRhoBUvomCp7KQU5\nCjPyIYisKv7axWfOTJtWfHu9JgEtbgUb8qUqBLU4MoeuVlPEFLc8Yv1t4OkSQQbk\nrsYfqOnnGNfG8LsVfPC8PAAdc5CiQUGImHFAd2/2LwokpK4mxFQd7hBk+Yeq3rv8\nV6qCpiLx4Dl4rJsSXVkXXVAxpHVg8iJ5Ob206NBwQqM0izBLdyDb+25Cns6NXxEX\n9iykop+Z5gKziLgbkKpJv5rwQ3Rxuf5tXSIBOIG15RgTW1Tg2zUGUURFTIdY9yPD\nUckw1KPXgSZyw1uHCCr7HSoEB8YGtYG/WNVFRMM8tpDEJckGUIVRihl8y023g5Mz\nkYf17NoJzL1xFloyAbWA7Rrp1skdZvP7t/Z1QgZlUJb6p5OcJxe3WIg7cbSktlts\nYynN0EnXUzBw3rZjgnRZptKK+SnRqkt8PmHY6Nu3+gvGg6VJ9TatvbbvSxMCAwEA\nAQKCAgEAuKrPQFwkXmb1cqie24oF5gn5+F6/cGh/vavgIn7exlk5P95JFql6tX0z\noksX65Zo97ML8P/MQO3tbQCyIXpwDmtao7ueSE8BVZxc4ayfRjvU7a4OH2udJ8em\nFOB/n06754H+itvyGQNO7JoybqFQVWoJxaMIuR3zk3MYKerjqb5ohvoogP3O87fj\n7jH5Dcq/FyOfa3GrtuKuzF8JIggwxPjLb4hUp9J2yb4nRyLvONeDueqcHmYYVZGy\nOeE1o4HyzP2//T++4YO03g3x9HiD1/Ez6AmpOuSLOmGivMHjPg2JVjdryap3CWP7\nCoWj0niHpMrMqwh5VsD4beDR0/kV3cz9QI75uEm/ZDQNOjMkxNTUT/t1WAymGXTx\n6/J048/OVtfKzIOKSq32kmDXccyGhLvihpuOAu/A/7Ni8bbZUr/BUdZ/LsXYM+HW\n/BfYBrNnpWE+xW/2L0dD51sTNuMzEql/53iMW9whd7Lp01SOYS8hNtLuzs4XVQn1\nx1DjV+8l+BQQqqgth7KGbhK/AVFvAQb54g6VT/W1kI2peZL+cE2kuIkMUDNk9lj6\n9jyjfPKbNFWPJcyNyCGewmwLjm2gOk8VNDDQYE4xD0UyK2RDG1tZlToGxi6KPvo6\n3S25vJJPpF8s/u2u2C2lLq3DqWTSfpAqGHXS2Ux8zdFFrdXiF+ECggEBAPHEn8I6\n4xpUtFQkSxPreNUvXpBvTl/8agjOSXRyovUS/3Pgi3ZAanCISvxA6B4jBm69nRZ+\nss3C23gtGwgcjwO4e5OHBkWqWubLTbi2qnJtoeA03/5jnC3vud+LFASgmIxQH0lT\nyyvX7bLeUPcMwVQwvAikgRPfbKfYrj4m6+p8Rrbqu1BUjJ0G7E9YiMny0tvUG0wQ\nByJ74oNqoirJ5BW6i5YRXz3zIPGTh8fmzVbM46QJa3R1za/sU2w2Y00gMI5OBWsv\n6bGmnMMlTXXpOyYyc9wPU5jE79JAo5LZb1Zd4OB/iOIesuZktWc350c+A2EHS1er\npRLZ2+tx5D1SDlsCggEBAMr6+6Z+7fr6SXe99MNnCXYd9a5dGgWCiUtgMHrhiOEV\nngS89ixoK9V/INBc6ly4U9O7WK9s8/V9ilv6hx6qTws7EJj7JSmvM4tyHJqljn/A\nd+vfyuFMFCSKGX31zDs0iGOt9iwXj2mGtd/E04Sk28F9T2+7EQwZholefT3X2lGL\nUHfpwKyN1ZVeeQcCmbUMpIArAka936ArHWyTyttsBNO3GkUDy8ypgmbSk9ot1f4V\nHoTvcaSOqkYRPtMxAoVxrf1icxIljMzcNS1WfbeWYIGYwRu4HbZzhZRUhWTYEYVb\nvNCYtBJpaYv+fhrDU22iCyeHwASlQetBWmHevsmmQ6kCggEAR0aZdtCXjXa1Zyz/\n+VJtYCRD877s0z1+ITR30V3OjwPXzdjAJM+e0ahMuwuDowbeaZ17B1u46RJuU4Kw\nunZ47zbfL8IZ5kXv4KTFOBSaMXwCwi+0bbH+JEjNeortDuQttQgWAS8z8awKBram\nFf9rq59mgAHHkA1JYj5uOCKPYKTc0CZprKgQgGa/GjFWunrdETP6DDWZdOAjCm1Q\ne97jYEiLyGU8t+3Ko43D9PolRVbIMd8ZD89/IUNB4OAz7FP2HK4ByPTqJ5agFqQT\nrxRgfMVZBOJ72ckNjuXBk5SIz2SD3Iuc1lUIlwXPuStxAr7UjjFxU9ployYZQNNl\n33ImiwKCAQEAqLNi1iVmm5LL3uaU+Ja5iV8rI0kj6HJus6P1hxvNzO1PkTaQD6Zg\n0CfB2QtwibF1kmOCOQL/3AgEJ6AYD0eTPI1RpSQO5g9EcuBbn7h7r/gCc5tjnk7B\n6wCQYV0Z6hcmSFp8YHcQba9Vl+6ZsgPm1XDVxdIfQAQzChbrVqwBOobkUVWJGqEj\nY+rKAiaKI6ynSBL26F7E7vUGlohbMHUdqezju3qFNsunotffpJU15uAcpnXv6Mne\nATAyHAr+wnQSHKdnZiypUlavJ8hb4mrsOKoBzYz/vPVUj0yUNZVTMphlXKWd/DN6\nUq0omAvBWjw0sx0jXXkQSXvep7serLAwSQKCAQAUKH1D1z8mNO/C2V49EWayMsxg\nu59hQu1XYiXPCU4ND7RLRcDfnYuzVEGL4kZ4X0jkF4pypArnUuaNqBJQuyALBW+v\n8YYbuuFGqd5HTrIUcjx11GE1oOFJaDQr7Y0xopPTQLcZALpvrBJLyIqpQNdJLpfU\n9jD5v+SH12pD5VVJ6Pe+TleAFkKVmzoDhQ+WsZv17bF3f/729LkS/Bf7e5+RHEJn\nINGTYnfffdZKfavP77K4KBFn15QSk8GVd1nUTYJ+5GuoSintZLKJg0O+kGuOGKVK\nAP5AOrHf/AOjXoADnl0SpM0swJPAVfOPWLUKVPZB0VoWrlLvk6xQ7mvP2Zeb\n-----END RSA PRIVATE KEY-----\n",
            "public_key_fingerprint_md5": "12:66:b6:9b:a7:b7:ca:b3:20:ee:06:d3:e2:72:49:21",
            "public_key_openssh": "ssh-rsa AAAAB3NzaC1yc2EAAAADAQABAAACAQC/si28TCdC7UpMwkhv0hKBtOM+iX3eJlPEIePJqSZfQcbEE0XJwZv4aK9c5FBxdvKej8SWmMKSW2wnuubLr7hH7lM36NjF3dUNp9MpU0ASBCYW5dQ+8EcOFwG6wNn9J6lZNOh6JIe2UhYjo4M+QeU/ulFfK8ceclmeRbWvvgJnLjGzuxCto4hWxPvpvQbaDcH32kSGAnppHKRt3KXMvFHEXgrJisyDDLwZGGgFS+iYKnspBTkKM/IhiKwq/trFZ85Mm1Z8e70mAS1uBRvypSoEtTgyh65WU8QUtzxi/W3g6RJBBuSuxh+o6ecY18bwuxV88Lw8AB1zkKJBQYiYcUB3b/YvCiSkribEVB3uEGT5h6reu/xXqoKmIvHgOXismxJdWRddUDGkdWDyInk5vbTo0HBCozSLMEt3INv7bkKezo1fERf2LKSin5nmArOIuBuQqkm/mvBDdHG5/m1dIgE4gbXlGBNbVODbNQZRREVMh1j3I8NRyTDUo9eBJnLDW4cIKvsdKgQHxga1gb9Y1UVEwzy2kMQlyQZQhVGKGXzLTbeDkzORh/Xs2gnMvXEWWjIBtYDtGunWyR1m8/u39nVCBmVQlvqnk5wnF7dYiDtxtKS2W2xjKc3QSddTMHDetmOCdFmm0or5KdGqS3w+Ydjo27f6C8aDpUn1Nq29tu9LEw==\n",
            "public_key_pem": "-----BEGIN PUBLIC KEY-----\nMIICIjANBgkqhkiG9w0BAQEFAAOCAg8AMIICCgKCAgEAv7ItvEwnQu1KTMJIb9IS\ngbTjPol93iZTxCHjyakmX0HGxBNFycGb+GivXORQcXbyno/ElpjCkltsJ7rmy6+4\nR+5TN+jYxd3VDafTKVNAEgQmFuXUPvBHDhcBusDZ/SepWTToeiSHtlIWI6ODPkHl\nP7pRXyvHHnJZnkW1r74CZy4xs7sQraOIVsT76b0G2g3B99pEhgJ6aRykbdylzLxR\nxF4KyYrMgwy8GRhoBUvomCp7KQU5CjPyIYisKv7axWfOTJtWfHu9JgEtbgUb8qUq\nBLU4MoeuVlPEFLc8Yv1t4OkSQQbkrsYfqOnnGNfG8LsVfPC8PAAdc5CiQUGImHFA\nd2/2LwokpK4mxFQd7hBk+Yeq3rv8V6qCpiLx4Dl4rJsSXVkXXVAxpHVg8iJ5Ob20\n6NBwQqM0izBLdyDb+25Cns6NXxEX9iykop+Z5gKziLgbkKpJv5rwQ3Rxuf5tXSIB\nOIG15RgTW1Tg2zUGUURFTIdY9yPDUckw1KPXgSZyw1uHCCr7HSoEB8YGtYG/WNVF\nRMM8tpDEJckGUIVRihl8y023g5MzkYf17NoJzL1xFloyAbWA7Rrp1skdZvP7t/Z1\nQgZlUJb6p5OcJxe3WIg7cbSktltsYynN0EnXUzBw3rZjgnRZptKK+SnRqkt8PmHY\n6Nu3+gvGg6VJ9TatvbbvSxMCAwEAAQ==\n-----END PUBLIC KEY-----\n",
            "rsa_bits": 4096
          },
          "private": "bnVsbA=="
        }
      ]
    }
  ]
}
